// !$*UTF8*$!
{
	archiveVersion = 1;
	classes = {
	};
	objectVersion = 76;
	objects = {

/* Begin PBXBuildFile section */
		0522C1D92DB67C5900B141FF /* RxSwift in Frameworks */ = {isa = PBXBuildFile; productRef = 0522C1D82DB67C5900B141FF /* RxSwift */; };
		0522C3C62DB67D7800B141FF /* RxGesture in Frameworks */ = {isa = PBXBuildFile; productRef = 0522C3C52DB67D7800B141FF /* RxGesture */; };
		0543C5CD2DF86C740070BB93 /* Data.framework in Frameworks */ = {isa = PBXBuildFile; fileRef = 05C1D6072DB53A4900508FFD /* Data.framework */; };
		0543C5CE2DF86C740070BB93 /* Data.framework in Embed Frameworks */ = {isa = PBXBuildFile; fileRef = 05C1D6072DB53A4900508FFD /* Data.framework */; settings = {ATTRIBUTES = (CodeSignOnCopy, RemoveHeadersOnCopy, ); }; };
		0543C5D02DF86C790070BB93 /* DesignSystem.framework in Frameworks */ = {isa = PBXBuildFile; fileRef = 05CFFC422DCC83290051129F /* DesignSystem.framework */; };
		0543C5D12DF86C790070BB93 /* DesignSystem.framework in Embed Frameworks */ = {isa = PBXBuildFile; fileRef = 05CFFC422DCC83290051129F /* DesignSystem.framework */; settings = {ATTRIBUTES = (CodeSignOnCopy, RemoveHeadersOnCopy, ); }; };
		0543C5D22DF86C7B0070BB93 /* Domain.framework in Frameworks */ = {isa = PBXBuildFile; fileRef = 05C1D6082DB53A4900508FFD /* Domain.framework */; };
		0543C5D32DF86C7B0070BB93 /* Domain.framework in Embed Frameworks */ = {isa = PBXBuildFile; fileRef = 05C1D6082DB53A4900508FFD /* Domain.framework */; settings = {ATTRIBUTES = (CodeSignOnCopy, RemoveHeadersOnCopy, ); }; };
		0543C5D42DF86C7C0070BB93 /* DomainInterface.framework in Frameworks */ = {isa = PBXBuildFile; fileRef = 05BDD3D52DB66E1700C1E192 /* DomainInterface.framework */; };
		0543C5D52DF86C7C0070BB93 /* DomainInterface.framework in Embed Frameworks */ = {isa = PBXBuildFile; fileRef = 05BDD3D52DB66E1700C1E192 /* DomainInterface.framework */; settings = {ATTRIBUTES = (CodeSignOnCopy, RemoveHeadersOnCopy, ); }; };
		0543C5D62DF86C7E0070BB93 /* Infrastructure.framework in Frameworks */ = {isa = PBXBuildFile; fileRef = 05C1D6092DB53A4900508FFD /* Infrastructure.framework */; };
		0543C5D72DF86C7E0070BB93 /* Infrastructure.framework in Embed Frameworks */ = {isa = PBXBuildFile; fileRef = 05C1D6092DB53A4900508FFD /* Infrastructure.framework */; settings = {ATTRIBUTES = (CodeSignOnCopy, RemoveHeadersOnCopy, ); }; };
		0543C5D82DF86C7F0070BB93 /* Presentation.framework in Frameworks */ = {isa = PBXBuildFile; fileRef = 05C1D60A2DB53A4900508FFD /* Presentation.framework */; };
		0543C5D92DF86C7F0070BB93 /* Presentation.framework in Embed Frameworks */ = {isa = PBXBuildFile; fileRef = 05C1D60A2DB53A4900508FFD /* Presentation.framework */; settings = {ATTRIBUTES = (CodeSignOnCopy, RemoveHeadersOnCopy, ); }; };
		0543C5DA2DF86C800070BB93 /* PresentationInterface.framework in Frameworks */ = {isa = PBXBuildFile; fileRef = 05734C5E2DCE04CE0093825D /* PresentationInterface.framework */; };
		0543C5DB2DF86C800070BB93 /* PresentationInterface.framework in Embed Frameworks */ = {isa = PBXBuildFile; fileRef = 05734C5E2DCE04CE0093825D /* PresentationInterface.framework */; settings = {ATTRIBUTES = (CodeSignOnCopy, RemoveHeadersOnCopy, ); }; };
		0543C5DC2DF86C810070BB93 /* SearchFeature.framework in Frameworks */ = {isa = PBXBuildFile; fileRef = 05734C582DCDFAC20093825D /* SearchFeature.framework */; };
		0543C5DD2DF86C810070BB93 /* SearchFeature.framework in Embed Frameworks */ = {isa = PBXBuildFile; fileRef = 05734C582DCDFAC20093825D /* SearchFeature.framework */; settings = {ATTRIBUTES = (CodeSignOnCopy, RemoveHeadersOnCopy, ); }; };
		0543C5DE2DF86C830070BB93 /* SearchFeatureInterface.framework in Frameworks */ = {isa = PBXBuildFile; fileRef = 05734C592DCDFAC20093825D /* SearchFeatureInterface.framework */; };
		0543C5DF2DF86C830070BB93 /* SearchFeatureInterface.framework in Embed Frameworks */ = {isa = PBXBuildFile; fileRef = 05734C592DCDFAC20093825D /* SearchFeatureInterface.framework */; settings = {ATTRIBUTES = (CodeSignOnCopy, RemoveHeadersOnCopy, ); }; };
		05734C632DCE04FA0093825D /* Pageboy in Frameworks */ = {isa = PBXBuildFile; productRef = 05734C622DCE04FA0093825D /* Pageboy */; };
		05734C662DCE05070093825D /* PanModal in Frameworks */ = {isa = PBXBuildFile; productRef = 05734C652DCE05070093825D /* PanModal */; };
		05734C682DCE05240093825D /* SnapKit in Frameworks */ = {isa = PBXBuildFile; productRef = 05734C672DCE05240093825D /* SnapKit */; };
		05734C6B2DCE05550093825D /* ReactorKit in Frameworks */ = {isa = PBXBuildFile; productRef = 05734C6A2DCE05550093825D /* ReactorKit */; };
		05734C6E2DCE05680093825D /* Tabman in Frameworks */ = {isa = PBXBuildFile; productRef = 05734C6D2DCE05680093825D /* Tabman */; };
		05734C712DCE059D0093825D /* Then in Frameworks */ = {isa = PBXBuildFile; productRef = 05734C702DCE059D0093825D /* Then */; };
		05A7CBEB2E27D5FB0010F1CD /* LoginFeature.framework in Frameworks */ = {isa = PBXBuildFile; fileRef = 05A7CBE92E27D5FB0010F1CD /* LoginFeature.framework */; };
		05A7CBEC2E27D5FB0010F1CD /* LoginFeature.framework in Embed Frameworks */ = {isa = PBXBuildFile; fileRef = 05A7CBE92E27D5FB0010F1CD /* LoginFeature.framework */; settings = {ATTRIBUTES = (CodeSignOnCopy, RemoveHeadersOnCopy, ); }; };
		05A7CBED2E27D5FB0010F1CD /* LoginFeatureInterface.framework in Frameworks */ = {isa = PBXBuildFile; fileRef = 05A7CBEA2E27D5FB0010F1CD /* LoginFeatureInterface.framework */; };
		05A7CBEE2E27D5FB0010F1CD /* LoginFeatureInterface.framework in Embed Frameworks */ = {isa = PBXBuildFile; fileRef = 05A7CBEA2E27D5FB0010F1CD /* LoginFeatureInterface.framework */; settings = {ATTRIBUTES = (CodeSignOnCopy, RemoveHeadersOnCopy, ); }; };
		05BBA73E2DB75DA60047A061 /* KakaoSDKUser in Frameworks */ = {isa = PBXBuildFile; productRef = 05BBA73D2DB75DA60047A061 /* KakaoSDKUser */; };
		4E15142A2D99480200DFD08F /* NMapsMap in Frameworks */ = {isa = PBXBuildFile; productRef = 4E1514292D99480200DFD08F /* NMapsMap */; };
		4E15142E2D994A3A00DFD08F /* KakaoSDKAuth in Frameworks */ = {isa = PBXBuildFile; productRef = 4E15142D2D994A3A00DFD08F /* KakaoSDKAuth */; };
		4EE360FD2D91876300D2441D /* NMapsMap in Frameworks */ = {isa = PBXBuildFile; productRef = 4EE360FC2D91876300D2441D /* NMapsMap */; };
/* End PBXBuildFile section */

/* Begin PBXCopyFilesBuildPhase section */
		0543C5CF2DF86C740070BB93 /* Embed Frameworks */ = {
			isa = PBXCopyFilesBuildPhase;
			buildActionMask = 2147483647;
			dstPath = "";
			dstSubfolderSpec = 10;
			files = (
				0543C5D32DF86C7B0070BB93 /* Domain.framework in Embed Frameworks */,
				0543C5CE2DF86C740070BB93 /* Data.framework in Embed Frameworks */,
				0543C5DB2DF86C800070BB93 /* PresentationInterface.framework in Embed Frameworks */,
				0543C5DF2DF86C830070BB93 /* SearchFeatureInterface.framework in Embed Frameworks */,
				0543C5D92DF86C7F0070BB93 /* Presentation.framework in Embed Frameworks */,
				0543C5D72DF86C7E0070BB93 /* Infrastructure.framework in Embed Frameworks */,
				05A7CBEE2E27D5FB0010F1CD /* LoginFeatureInterface.framework in Embed Frameworks */,
				0543C5DD2DF86C810070BB93 /* SearchFeature.framework in Embed Frameworks */,
				0543C5D52DF86C7C0070BB93 /* DomainInterface.framework in Embed Frameworks */,
				0543C5D12DF86C790070BB93 /* DesignSystem.framework in Embed Frameworks */,
				05A7CBEC2E27D5FB0010F1CD /* LoginFeature.framework in Embed Frameworks */,
			);
			name = "Embed Frameworks";
			runOnlyForDeploymentPostprocessing = 0;
		};
/* End PBXCopyFilesBuildPhase section */

/* Begin PBXFileReference section */
		05229DD02D99519200D88E73 /* .swiftlint.yml */ = {isa = PBXFileReference; lastKnownFileType = text.yaml; path = .swiftlint.yml; sourceTree = "<group>"; };
		05734C582DCDFAC20093825D /* SearchFeature.framework */ = {isa = PBXFileReference; explicitFileType = wrapper.framework; path = SearchFeature.framework; sourceTree = BUILT_PRODUCTS_DIR; };
		05734C592DCDFAC20093825D /* SearchFeatureInterface.framework */ = {isa = PBXFileReference; explicitFileType = wrapper.framework; path = SearchFeatureInterface.framework; sourceTree = BUILT_PRODUCTS_DIR; };
		05734C5E2DCE04CE0093825D /* PresentationInterface.framework */ = {isa = PBXFileReference; explicitFileType = wrapper.framework; path = PresentationInterface.framework; sourceTree = BUILT_PRODUCTS_DIR; };
		05A7CBE92E27D5FB0010F1CD /* LoginFeature.framework */ = {isa = PBXFileReference; explicitFileType = wrapper.framework; path = LoginFeature.framework; sourceTree = BUILT_PRODUCTS_DIR; };
		05A7CBEA2E27D5FB0010F1CD /* LoginFeatureInterface.framework */ = {isa = PBXFileReference; explicitFileType = wrapper.framework; path = LoginFeatureInterface.framework; sourceTree = BUILT_PRODUCTS_DIR; };
		05BDD3D52DB66E1700C1E192 /* DomainInterface.framework */ = {isa = PBXFileReference; explicitFileType = wrapper.framework; path = DomainInterface.framework; sourceTree = BUILT_PRODUCTS_DIR; };
		05C1D6072DB53A4900508FFD /* Data.framework */ = {isa = PBXFileReference; explicitFileType = wrapper.framework; path = Data.framework; sourceTree = BUILT_PRODUCTS_DIR; };
		05C1D6082DB53A4900508FFD /* Domain.framework */ = {isa = PBXFileReference; explicitFileType = wrapper.framework; path = Domain.framework; sourceTree = BUILT_PRODUCTS_DIR; };
		05C1D6092DB53A4900508FFD /* Infrastructure.framework */ = {isa = PBXFileReference; explicitFileType = wrapper.framework; path = Infrastructure.framework; sourceTree = BUILT_PRODUCTS_DIR; };
		05C1D60A2DB53A4900508FFD /* Presentation.framework */ = {isa = PBXFileReference; explicitFileType = wrapper.framework; path = Presentation.framework; sourceTree = BUILT_PRODUCTS_DIR; };
		05CFFC422DCC83290051129F /* DesignSystem.framework */ = {isa = PBXFileReference; explicitFileType = wrapper.framework; path = DesignSystem.framework; sourceTree = BUILT_PRODUCTS_DIR; };
		BDCA41BD2CF35AC0005EECF6 /* Poppool.app */ = {isa = PBXFileReference; explicitFileType = wrapper.application; includeInIndex = 0; path = Poppool.app; sourceTree = BUILT_PRODUCTS_DIR; };
/* End PBXFileReference section */

/* Begin PBXFileSystemSynchronizedBuildFileExceptionSet section */
		05878B6F2DAD2E10004F81E2 /* PBXFileSystemSynchronizedBuildFileExceptionSet */ = {
			isa = PBXFileSystemSynchronizedBuildFileExceptionSet;
			membershipExceptions = (
				/Localized/Resource/LaunchScreen.storyboard,
				Resource/Info.plist,
				Resource/Release.xcconfig,
			);
			target = BDCA41BC2CF35AC0005EECF6 /* Poppool */;
		};
/* End PBXFileSystemSynchronizedBuildFileExceptionSet section */

/* Begin PBXFileSystemSynchronizedGroupBuildPhaseMembershipExceptionSet section */
		05878B702DAD2E10004F81E2 /* PBXFileSystemSynchronizedGroupBuildPhaseMembershipExceptionSet */ = {
			isa = PBXFileSystemSynchronizedGroupBuildPhaseMembershipExceptionSet;
			buildPhase = BDCA41BB2CF35AC0005EECF6 /* Resources */;
			membershipExceptions = (
				Resource/Base.lproj/LaunchScreen.storyboard,
			);
		};
/* End PBXFileSystemSynchronizedGroupBuildPhaseMembershipExceptionSet section */

/* Begin PBXFileSystemSynchronizedRootGroup section */
		058789AD2DAD2E10004F81E2 /* Poppool */ = {isa = PBXFileSystemSynchronizedRootGroup; exceptions = (05878B6F2DAD2E10004F81E2 /* PBXFileSystemSynchronizedBuildFileExceptionSet */, 05878B702DAD2E10004F81E2 /* PBXFileSystemSynchronizedGroupBuildPhaseMembershipExceptionSet */, ); explicitFileTypes = {}; explicitFolders = (); path = Poppool; sourceTree = "<group>"; };
/* End PBXFileSystemSynchronizedRootGroup section */

/* Begin PBXFrameworksBuildPhase section */
		BDCA41BA2CF35AC0005EECF6 /* Frameworks */ = {
			isa = PBXFrameworksBuildPhase;
			buildActionMask = 2147483647;
			files = (
				0543C5D02DF86C790070BB93 /* DesignSystem.framework in Frameworks */,
				05A7CBEB2E27D5FB0010F1CD /* LoginFeature.framework in Frameworks */,
				05734C662DCE05070093825D /* PanModal in Frameworks */,
				0543C5D42DF86C7C0070BB93 /* DomainInterface.framework in Frameworks */,
				0543C5D62DF86C7E0070BB93 /* Infrastructure.framework in Frameworks */,
				0522C1D92DB67C5900B141FF /* RxSwift in Frameworks */,
				0543C5D82DF86C7F0070BB93 /* Presentation.framework in Frameworks */,
				0543C5DE2DF86C830070BB93 /* SearchFeatureInterface.framework in Frameworks */,
				4E15142E2D994A3A00DFD08F /* KakaoSDKAuth in Frameworks */,
				0543C5D22DF86C7B0070BB93 /* Domain.framework in Frameworks */,
				05734C6E2DCE05680093825D /* Tabman in Frameworks */,
				05734C712DCE059D0093825D /* Then in Frameworks */,
				05BBA73E2DB75DA60047A061 /* KakaoSDKUser in Frameworks */,
				05734C6B2DCE05550093825D /* ReactorKit in Frameworks */,
				0522C3C62DB67D7800B141FF /* RxGesture in Frameworks */,
				0543C5DC2DF86C810070BB93 /* SearchFeature.framework in Frameworks */,
				4EE360FD2D91876300D2441D /* NMapsMap in Frameworks */,
				0543C5DA2DF86C800070BB93 /* PresentationInterface.framework in Frameworks */,
				05734C682DCE05240093825D /* SnapKit in Frameworks */,
				05A7CBED2E27D5FB0010F1CD /* LoginFeatureInterface.framework in Frameworks */,
				0543C5CD2DF86C740070BB93 /* Data.framework in Frameworks */,
				05734C632DCE04FA0093825D /* Pageboy in Frameworks */,
				4E15142A2D99480200DFD08F /* NMapsMap in Frameworks */,
			);
			runOnlyForDeploymentPostprocessing = 0;
		};
/* End PBXFrameworksBuildPhase section */

/* Begin PBXGroup section */
		05C1D6062DB53A4900508FFD /* Frameworks */ = {
			isa = PBXGroup;
			children = (
				05A7CBE92E27D5FB0010F1CD /* LoginFeature.framework */,
				05A7CBEA2E27D5FB0010F1CD /* LoginFeatureInterface.framework */,
				05734C5E2DCE04CE0093825D /* PresentationInterface.framework */,
				05734C582DCDFAC20093825D /* SearchFeature.framework */,
				05734C592DCDFAC20093825D /* SearchFeatureInterface.framework */,
				05CFFC422DCC83290051129F /* DesignSystem.framework */,
				05BDD3D52DB66E1700C1E192 /* DomainInterface.framework */,
				05C1D6072DB53A4900508FFD /* Data.framework */,
				05C1D6082DB53A4900508FFD /* Domain.framework */,
				05C1D6092DB53A4900508FFD /* Infrastructure.framework */,
				05C1D60A2DB53A4900508FFD /* Presentation.framework */,
			);
			name = Frameworks;
			sourceTree = "<group>";
		};
		BDCA41B42CF35AC0005EECF6 = {
			isa = PBXGroup;
			children = (
				05229DD02D99519200D88E73 /* .swiftlint.yml */,
				058789AD2DAD2E10004F81E2 /* Poppool */,
				05C1D6062DB53A4900508FFD /* Frameworks */,
				BDCA41BE2CF35AC0005EECF6 /* Products */,
			);
			sourceTree = "<group>";
		};
		BDCA41BE2CF35AC0005EECF6 /* Products */ = {
			isa = PBXGroup;
			children = (
				BDCA41BD2CF35AC0005EECF6 /* Poppool.app */,
			);
			name = Products;
			sourceTree = "<group>";
		};
/* End PBXGroup section */

/* Begin PBXNativeTarget section */
		BDCA41BC2CF35AC0005EECF6 /* Poppool */ = {
			isa = PBXNativeTarget;
			buildConfigurationList = BDCA41E72CF35AC2005EECF6 /* Build configuration list for PBXNativeTarget "Poppool" */;
			buildPhases = (
				05229DCF2D99507C00D88E73 /* Run SwiftLint */,
				BDCA41B92CF35AC0005EECF6 /* Sources */,
				BDCA41BA2CF35AC0005EECF6 /* Frameworks */,
				BDCA41BB2CF35AC0005EECF6 /* Resources */,
				0543C5CF2DF86C740070BB93 /* Embed Frameworks */,
			);
			buildRules = (
			);
			dependencies = (
			);
			fileSystemSynchronizedGroups = (
				058789AD2DAD2E10004F81E2 /* Poppool */,
			);
			name = Poppool;
			packageProductDependencies = (
				4E1514292D99480200DFD08F /* NMapsMap */,
				4E15142D2D994A3A00DFD08F /* KakaoSDKAuth */,
				0522C1D82DB67C5900B141FF /* RxSwift */,
				0522C3C52DB67D7800B141FF /* RxGesture */,
				05BBA73D2DB75DA60047A061 /* KakaoSDKUser */,
				05734C622DCE04FA0093825D /* Pageboy */,
				05734C652DCE05070093825D /* PanModal */,
				05734C672DCE05240093825D /* SnapKit */,
				05734C6A2DCE05550093825D /* ReactorKit */,
				05734C6D2DCE05680093825D /* Tabman */,
				05734C702DCE059D0093825D /* Then */,
			);
			productName = Poppool;
			productReference = BDCA41BD2CF35AC0005EECF6 /* Poppool.app */;
			productType = "com.apple.product-type.application";
		};
/* End PBXNativeTarget section */

/* Begin PBXProject section */
		BDCA41B52CF35AC0005EECF6 /* Project object */ = {
			isa = PBXProject;
			attributes = {
				BuildIndependentTargetsInParallel = 1;
				LastSwiftUpdateCheck = 1640;
				LastUpgradeCheck = 1640;
				TargetAttributes = {
					BDCA41BC2CF35AC0005EECF6 = {
						CreatedOnToolsVersion = 15.4;
					};
				};
			};
			buildConfigurationList = BDCA41B82CF35AC0005EECF6 /* Build configuration list for PBXProject "Poppool" */;
			developmentRegion = ko;
			hasScannedForEncodings = 0;
			knownRegions = (
				Base,
				ko,
			);
			mainGroup = BDCA41B42CF35AC0005EECF6;
			packageReferences = (
				08F403312D884F4D00BFA61A /* XCRemoteSwiftPackageReference "kakao-ios-sdk" */,
				4E1514282D99480200DFD08F /* XCRemoteSwiftPackageReference "SPM-NMapsMap" */,
				05BDD5C32DB674E500C1E192 /* XCRemoteSwiftPackageReference "SnapKit" */,
				05BDD5D62DB6783C00C1E192 /* XCRemoteSwiftPackageReference "RxSwift" */,
				0522C3C42DB67D7800B141FF /* XCRemoteSwiftPackageReference "RxGesture" */,
				05734C612DCE04FA0093825D /* XCRemoteSwiftPackageReference "Pageboy" */,
				05734C642DCE05070093825D /* XCRemoteSwiftPackageReference "PanModal" */,
				05734C692DCE05550093825D /* XCRemoteSwiftPackageReference "ReactorKit" */,
				05734C6C2DCE05680093825D /* XCRemoteSwiftPackageReference "Tabman" */,
				05734C6F2DCE059D0093825D /* XCRemoteSwiftPackageReference "Then" */,
			);
			preferredProjectObjectVersion = 56;
			productRefGroup = BDCA41BE2CF35AC0005EECF6 /* Products */;
			projectDirPath = "";
			projectRoot = "";
			targets = (
				BDCA41BC2CF35AC0005EECF6 /* Poppool */,
			);
		};
/* End PBXProject section */

/* Begin PBXResourcesBuildPhase section */
		BDCA41BB2CF35AC0005EECF6 /* Resources */ = {
			isa = PBXResourcesBuildPhase;
			buildActionMask = 2147483647;
			files = (
			);
			runOnlyForDeploymentPostprocessing = 0;
		};
/* End PBXResourcesBuildPhase section */

/* Begin PBXShellScriptBuildPhase section */
		05229DCF2D99507C00D88E73 /* Run SwiftLint */ = {
			isa = PBXShellScriptBuildPhase;
			alwaysOutOfDate = 1;
			buildActionMask = 2147483647;
			files = (
			);
			inputFileListPaths = (
			);
			inputPaths = (
			);
			name = "Run SwiftLint";
			outputFileListPaths = (
			);
			outputPaths = (
			);
			runOnlyForDeploymentPostprocessing = 0;
			shellPath = /bin/sh;
			shellScript = "if [[ \"$(uname -m)\" == arm64 ]]; then\n    export PATH=\"/opt/homebrew/bin:$PATH\"\nfi\n\nif which swiftlint > /dev/null; then\n  swiftlint\nelse\n  echo \"warning: SwiftLint not installed, download from https://github.com/realm/SwiftLint\"\nfi\n";
		};
/* End PBXShellScriptBuildPhase section */

/* Begin PBXSourcesBuildPhase section */
		BDCA41B92CF35AC0005EECF6 /* Sources */ = {
			isa = PBXSourcesBuildPhase;
			buildActionMask = 2147483647;
			files = (
			);
			runOnlyForDeploymentPostprocessing = 0;
		};
/* End PBXSourcesBuildPhase section */

/* Begin XCBuildConfiguration section */
		BDCA41E52CF35AC2005EECF6 /* Debug */ = {
			isa = XCBuildConfiguration;
			baseConfigurationReferenceAnchor = 058789AD2DAD2E10004F81E2 /* Poppool */;
			baseConfigurationReferenceRelativePath = Resource/Release.xcconfig;
			buildSettings = {
				ALWAYS_SEARCH_USER_PATHS = NO;
				ASSETCATALOG_COMPILER_GENERATE_SWIFT_ASSET_SYMBOL_EXTENSIONS = YES;
				CLANG_ANALYZER_LOCALIZABILITY_NONLOCALIZED = YES;
				CLANG_ANALYZER_NONNULL = YES;
				CLANG_ANALYZER_NUMBER_OBJECT_CONVERSION = YES_AGGRESSIVE;
				CLANG_CXX_LANGUAGE_STANDARD = "gnu++20";
				CLANG_ENABLE_MODULES = YES;
				CLANG_ENABLE_OBJC_ARC = YES;
				CLANG_ENABLE_OBJC_WEAK = YES;
				CLANG_WARN_BLOCK_CAPTURE_AUTORELEASING = YES;
				CLANG_WARN_BOOL_CONVERSION = YES;
				CLANG_WARN_COMMA = YES;
				CLANG_WARN_CONSTANT_CONVERSION = YES;
				CLANG_WARN_DEPRECATED_OBJC_IMPLEMENTATIONS = YES;
				CLANG_WARN_DIRECT_OBJC_ISA_USAGE = YES_ERROR;
				CLANG_WARN_DOCUMENTATION_COMMENTS = YES;
				CLANG_WARN_EMPTY_BODY = YES;
				CLANG_WARN_ENUM_CONVERSION = YES;
				CLANG_WARN_INFINITE_RECURSION = YES;
				CLANG_WARN_INT_CONVERSION = YES;
				CLANG_WARN_NON_LITERAL_NULL_CONVERSION = YES;
				CLANG_WARN_OBJC_IMPLICIT_RETAIN_SELF = YES;
				CLANG_WARN_OBJC_LITERAL_CONVERSION = YES;
				CLANG_WARN_OBJC_ROOT_CLASS = YES_ERROR;
				CLANG_WARN_QUOTED_INCLUDE_IN_FRAMEWORK_HEADER = YES;
				CLANG_WARN_RANGE_LOOP_ANALYSIS = YES;
				CLANG_WARN_STRICT_PROTOTYPES = YES;
				CLANG_WARN_SUSPICIOUS_MOVE = YES;
				CLANG_WARN_UNGUARDED_AVAILABILITY = YES_AGGRESSIVE;
				CLANG_WARN_UNREACHABLE_CODE = YES;
				CLANG_WARN__DUPLICATE_METHOD_MATCH = YES;
				COPY_PHASE_STRIP = NO;
				DEBUG_INFORMATION_FORMAT = dwarf;
				ENABLE_STRICT_OBJC_MSGSEND = YES;
				ENABLE_TESTABILITY = YES;
				ENABLE_USER_SCRIPT_SANDBOXING = YES;
				GCC_C_LANGUAGE_STANDARD = gnu17;
				GCC_DYNAMIC_NO_PIC = NO;
				GCC_NO_COMMON_BLOCKS = YES;
				GCC_OPTIMIZATION_LEVEL = 0;
				GCC_PREPROCESSOR_DEFINITIONS = (
					"DEBUG=1",
					"$(inherited)",
				);
				GCC_WARN_64_TO_32_BIT_CONVERSION = YES;
				GCC_WARN_ABOUT_RETURN_TYPE = YES_ERROR;
				GCC_WARN_UNDECLARED_SELECTOR = YES;
				GCC_WARN_UNINITIALIZED_AUTOS = YES_AGGRESSIVE;
				GCC_WARN_UNUSED_FUNCTION = YES;
				GCC_WARN_UNUSED_VARIABLE = YES;
				IPHONEOS_DEPLOYMENT_TARGET = 15.0;
				LOCALIZATION_PREFERS_STRING_CATALOGS = YES;
				MTL_ENABLE_DEBUG_INFO = INCLUDE_SOURCE;
				MTL_FAST_MATH = YES;
				ONLY_ACTIVE_ARCH = YES;
				SDKROOT = iphoneos;
				SWIFT_ACTIVE_COMPILATION_CONDITIONS = "DEBUG $(inherited)";
				SWIFT_OPTIMIZATION_LEVEL = "-Onone";
			};
			name = Debug;
		};
		BDCA41E62CF35AC2005EECF6 /* Release */ = {
			isa = XCBuildConfiguration;
			baseConfigurationReferenceAnchor = 058789AD2DAD2E10004F81E2 /* Poppool */;
			baseConfigurationReferenceRelativePath = Resource/Release.xcconfig;
			buildSettings = {
				ALWAYS_SEARCH_USER_PATHS = NO;
				ASSETCATALOG_COMPILER_GENERATE_SWIFT_ASSET_SYMBOL_EXTENSIONS = YES;
				CLANG_ANALYZER_LOCALIZABILITY_NONLOCALIZED = YES;
				CLANG_ANALYZER_NONNULL = YES;
				CLANG_ANALYZER_NUMBER_OBJECT_CONVERSION = YES_AGGRESSIVE;
				CLANG_CXX_LANGUAGE_STANDARD = "gnu++20";
				CLANG_ENABLE_MODULES = YES;
				CLANG_ENABLE_OBJC_ARC = YES;
				CLANG_ENABLE_OBJC_WEAK = YES;
				CLANG_WARN_BLOCK_CAPTURE_AUTORELEASING = YES;
				CLANG_WARN_BOOL_CONVERSION = YES;
				CLANG_WARN_COMMA = YES;
				CLANG_WARN_CONSTANT_CONVERSION = YES;
				CLANG_WARN_DEPRECATED_OBJC_IMPLEMENTATIONS = YES;
				CLANG_WARN_DIRECT_OBJC_ISA_USAGE = YES_ERROR;
				CLANG_WARN_DOCUMENTATION_COMMENTS = YES;
				CLANG_WARN_EMPTY_BODY = YES;
				CLANG_WARN_ENUM_CONVERSION = YES;
				CLANG_WARN_INFINITE_RECURSION = YES;
				CLANG_WARN_INT_CONVERSION = YES;
				CLANG_WARN_NON_LITERAL_NULL_CONVERSION = YES;
				CLANG_WARN_OBJC_IMPLICIT_RETAIN_SELF = YES;
				CLANG_WARN_OBJC_LITERAL_CONVERSION = YES;
				CLANG_WARN_OBJC_ROOT_CLASS = YES_ERROR;
				CLANG_WARN_QUOTED_INCLUDE_IN_FRAMEWORK_HEADER = YES;
				CLANG_WARN_RANGE_LOOP_ANALYSIS = YES;
				CLANG_WARN_STRICT_PROTOTYPES = YES;
				CLANG_WARN_SUSPICIOUS_MOVE = YES;
				CLANG_WARN_UNGUARDED_AVAILABILITY = YES_AGGRESSIVE;
				CLANG_WARN_UNREACHABLE_CODE = YES;
				CLANG_WARN__DUPLICATE_METHOD_MATCH = YES;
				CODE_SIGN_IDENTITY = "Apple Distribution";
				COPY_PHASE_STRIP = NO;
				DEBUG_INFORMATION_FORMAT = "dwarf-with-dsym";
				ENABLE_NS_ASSERTIONS = NO;
				ENABLE_STRICT_OBJC_MSGSEND = YES;
				ENABLE_USER_SCRIPT_SANDBOXING = YES;
				GCC_C_LANGUAGE_STANDARD = gnu17;
				GCC_NO_COMMON_BLOCKS = YES;
				GCC_WARN_64_TO_32_BIT_CONVERSION = YES;
				GCC_WARN_ABOUT_RETURN_TYPE = YES_ERROR;
				GCC_WARN_UNDECLARED_SELECTOR = YES;
				GCC_WARN_UNINITIALIZED_AUTOS = YES_AGGRESSIVE;
				GCC_WARN_UNUSED_FUNCTION = YES;
				GCC_WARN_UNUSED_VARIABLE = YES;
				IPHONEOS_DEPLOYMENT_TARGET = 15.0;
				LOCALIZATION_PREFERS_STRING_CATALOGS = YES;
				MTL_ENABLE_DEBUG_INFO = NO;
				MTL_FAST_MATH = YES;
				SDKROOT = iphoneos;
				SWIFT_COMPILATION_MODE = wholemodule;
				VALIDATE_PRODUCT = YES;
			};
			name = Release;
		};
		BDCA41E82CF35AC2005EECF6 /* Debug */ = {
			isa = XCBuildConfiguration;
			baseConfigurationReferenceAnchor = 058789AD2DAD2E10004F81E2 /* Poppool */;
			baseConfigurationReferenceRelativePath = Resource/Debug.xcconfig;
			buildSettings = {
				ASSETCATALOG_COMPILER_APPICON_NAME = AppIcon;
				ASSETCATALOG_COMPILER_GLOBAL_ACCENT_COLOR_NAME = AccentColor;
				CODE_SIGN_ENTITLEMENTS = Poppool/Resource/Poppool.entitlements;
				CODE_SIGN_IDENTITY = "Apple Development";
				"CODE_SIGN_IDENTITY[sdk=iphoneos*]" = "iPhone Developer";
				CODE_SIGN_STYLE = Manual;
				CURRENT_PROJECT_VERSION = 251112.2212;
				DEVELOPMENT_TEAM = "";
				"DEVELOPMENT_TEAM[sdk=iphoneos*]" = 9JZYRP3D46;
				ENABLE_USER_SCRIPT_SANDBOXING = NO;
				GENERATE_INFOPLIST_FILE = YES;
				INFOPLIST_FILE = Poppool/Resource/Info.plist;
				INFOPLIST_KEY_ITSAppUsesNonExemptEncryption = NO;
				INFOPLIST_KEY_NSCameraUsageDescription = "사용자가 프로필 사진을 업로드하거나 댓글에 사진을 추가할 수 있도록 카메라를 사용합니다.";
				INFOPLIST_KEY_NSLocationWhenInUseUsageDescription = "사용자의 현재 위치를 기반으로 주변 게시글을 추천하는 데 사용됩니다.";
				INFOPLIST_KEY_NSPhotoLibraryUsageDescription = "사용자가 프로필 사진을 업로드하거나 댓글에 사진을 추가할 수 있도록 사진라이브러리에 접근합니다.";
				INFOPLIST_KEY_UIApplicationSupportsIndirectInputEvents = YES;
				INFOPLIST_KEY_UILaunchStoryboardName = LaunchScreen;
				INFOPLIST_KEY_UIStatusBarStyle = "";
				INFOPLIST_KEY_UISupportedInterfaceOrientations = UIInterfaceOrientationPortrait;
				INFOPLIST_KEY_UISupportedInterfaceOrientations_iPad = "UIInterfaceOrientationLandscapeRight UIInterfaceOrientationPortrait";
				INFOPLIST_KEY_UIUserInterfaceStyle = Light;
				IPHONEOS_DEPLOYMENT_TARGET = 26.0;
				LD_RUNPATH_SEARCH_PATHS = (
					"$(inherited)",
					"@executable_path/Frameworks",
				);
				MARKETING_VERSION = 1.1.4;
				PRODUCT_BUNDLE_IDENTIFIER = com.poppoolIOS.poppool;
				PRODUCT_NAME = "$(TARGET_NAME)";
				PROVISIONING_PROFILE_SPECIFIER = "";
				"PROVISIONING_PROFILE_SPECIFIER[sdk=iphoneos*]" = "match Development com.poppoolIOS.poppool";
				SUPPORTED_PLATFORMS = "iphoneos iphonesimulator";
				SUPPORTS_MACCATALYST = NO;
				SUPPORTS_MAC_DESIGNED_FOR_IPHONE_IPAD = NO;
				SUPPORTS_XR_DESIGNED_FOR_IPHONE_IPAD = NO;
				SWIFT_EMIT_LOC_STRINGS = YES;
				SWIFT_VERSION = 5.0;
				TARGETED_DEVICE_FAMILY = 1;
				VERSIONING_SYSTEM = "apple-generic";
			};
			name = Debug;
		};
		BDCA41E92CF35AC2005EECF6 /* Release */ = {
			isa = XCBuildConfiguration;
			baseConfigurationReferenceAnchor = 058789AD2DAD2E10004F81E2 /* Poppool */;
			baseConfigurationReferenceRelativePath = Resource/Release.xcconfig;
			buildSettings = {
				ASSETCATALOG_COMPILER_APPICON_NAME = AppIcon;
				ASSETCATALOG_COMPILER_GLOBAL_ACCENT_COLOR_NAME = AccentColor;
				CODE_SIGN_ENTITLEMENTS = Poppool/Resource/Poppool.entitlements;
				CODE_SIGN_IDENTITY = "Apple Development";
				"CODE_SIGN_IDENTITY[sdk=iphoneos*]" = "iPhone Distribution";
				CODE_SIGN_STYLE = Manual;
				CURRENT_PROJECT_VERSION = 251112.2212;
				DEVELOPMENT_TEAM = "";
				"DEVELOPMENT_TEAM[sdk=iphoneos*]" = 9JZYRP3D46;
				ENABLE_USER_SCRIPT_SANDBOXING = NO;
				GENERATE_INFOPLIST_FILE = YES;
				INFOPLIST_FILE = Poppool/Resource/Info.plist;
				INFOPLIST_KEY_ITSAppUsesNonExemptEncryption = NO;
				INFOPLIST_KEY_NSCameraUsageDescription = "사용자가 프로필 사진을 업로드하거나 댓글에 사진을 추가할 수 있도록 카메라를 사용합니다.";
				INFOPLIST_KEY_NSLocationWhenInUseUsageDescription = "사용자의 현재 위치를 기반으로 주변 게시글을 추천하는 데 사용됩니다.";
				INFOPLIST_KEY_NSPhotoLibraryUsageDescription = "사용자가 프로필 사진을 업로드하거나 댓글에 사진을 추가할 수 있도록 사진라이브러리에 접근합니다.";
				INFOPLIST_KEY_UIApplicationSupportsIndirectInputEvents = YES;
				INFOPLIST_KEY_UILaunchStoryboardName = LaunchScreen;
				INFOPLIST_KEY_UIStatusBarStyle = "";
				INFOPLIST_KEY_UISupportedInterfaceOrientations = UIInterfaceOrientationPortrait;
				INFOPLIST_KEY_UISupportedInterfaceOrientations_iPad = "UIInterfaceOrientationLandscapeRight UIInterfaceOrientationPortrait";
				INFOPLIST_KEY_UIUserInterfaceStyle = Light;
				IPHONEOS_DEPLOYMENT_TARGET = 26.0;
				LD_RUNPATH_SEARCH_PATHS = (
					"$(inherited)",
					"@executable_path/Frameworks",
				);
				MARKETING_VERSION = 1.1.4;
				PRODUCT_BUNDLE_IDENTIFIER = com.poppoolIOS.poppool;
				PRODUCT_NAME = "$(TARGET_NAME)";
				PROVISIONING_PROFILE_SPECIFIER = "";
				"PROVISIONING_PROFILE_SPECIFIER[sdk=iphoneos*]" = "match AppStore com.poppoolIOS.poppool";
				SUPPORTED_PLATFORMS = "iphoneos iphonesimulator";
				SUPPORTS_MACCATALYST = NO;
				SUPPORTS_MAC_DESIGNED_FOR_IPHONE_IPAD = NO;
				SUPPORTS_XR_DESIGNED_FOR_IPHONE_IPAD = NO;
				SWIFT_EMIT_LOC_STRINGS = YES;
				SWIFT_VERSION = 5.0;
				TARGETED_DEVICE_FAMILY = 1;
				VERSIONING_SYSTEM = "apple-generic";
			};
			name = Release;
		};
/* End XCBuildConfiguration section */

/* Begin XCConfigurationList section */
		BDCA41B82CF35AC0005EECF6 /* Build configuration list for PBXProject "Poppool" */ = {
			isa = XCConfigurationList;
			buildConfigurations = (
				BDCA41E52CF35AC2005EECF6 /* Debug */,
				BDCA41E62CF35AC2005EECF6 /* Release */,
			);
			defaultConfigurationIsVisible = 0;
			defaultConfigurationName = Release;
		};
		BDCA41E72CF35AC2005EECF6 /* Build configuration list for PBXNativeTarget "Poppool" */ = {
			isa = XCConfigurationList;
			buildConfigurations = (
				BDCA41E82CF35AC2005EECF6 /* Debug */,
				BDCA41E92CF35AC2005EECF6 /* Release */,
			);
			defaultConfigurationIsVisible = 0;
			defaultConfigurationName = Release;
		};
/* End XCConfigurationList section */

/* Begin XCRemoteSwiftPackageReference section */
		0522C3C42DB67D7800B141FF /* XCRemoteSwiftPackageReference "RxGesture" */ = {
			isa = XCRemoteSwiftPackageReference;
			repositoryURL = "https://github.com/RxSwiftCommunity/RxGesture";
			requirement = {
				kind = upToNextMajorVersion;
				minimumVersion = 4.0.4;
			};
		};
		05734C612DCE04FA0093825D /* XCRemoteSwiftPackageReference "Pageboy" */ = {
			isa = XCRemoteSwiftPackageReference;
			repositoryURL = "https://github.com/uias/Pageboy";
			requirement = {
				kind = upToNextMajorVersion;
				minimumVersion = 4.2.0;
			};
		};
		05734C642DCE05070093825D /* XCRemoteSwiftPackageReference "PanModal" */ = {
			isa = XCRemoteSwiftPackageReference;
			repositoryURL = "https://github.com/slackhq/PanModal";
			requirement = {
				kind = upToNextMajorVersion;
				minimumVersion = 1.2.7;
			};
		};
		05734C692DCE05550093825D /* XCRemoteSwiftPackageReference "ReactorKit" */ = {
			isa = XCRemoteSwiftPackageReference;
			repositoryURL = "https://github.com/ReactorKit/ReactorKit";
			requirement = {
				kind = upToNextMajorVersion;
				minimumVersion = 3.2.0;
			};
		};
		05734C6C2DCE05680093825D /* XCRemoteSwiftPackageReference "Tabman" */ = {
			isa = XCRemoteSwiftPackageReference;
			repositoryURL = "https://github.com/uias/Tabman";
			requirement = {
				kind = upToNextMajorVersion;
				minimumVersion = 3.2.0;
			};
		};
		05734C6F2DCE059D0093825D /* XCRemoteSwiftPackageReference "Then" */ = {
			isa = XCRemoteSwiftPackageReference;
			repositoryURL = "https://github.com/devxoul/Then";
			requirement = {
				kind = upToNextMajorVersion;
				minimumVersion = 3.0.0;
			};
		};
		05BDD5C32DB674E500C1E192 /* XCRemoteSwiftPackageReference "SnapKit" */ = {
			isa = XCRemoteSwiftPackageReference;
			repositoryURL = "https://github.com/SnapKit/SnapKit";
			requirement = {
				kind = upToNextMajorVersion;
				minimumVersion = 5.7.1;
			};
		};
		05BDD5D62DB6783C00C1E192 /* XCRemoteSwiftPackageReference "RxSwift" */ = {
			isa = XCRemoteSwiftPackageReference;
			repositoryURL = "https://github.com/ReactiveX/RxSwift";
			requirement = {
				kind = upToNextMajorVersion;
				minimumVersion = 6.9.0;
			};
		};
		08F403312D884F4D00BFA61A /* XCRemoteSwiftPackageReference "kakao-ios-sdk" */ = {
			isa = XCRemoteSwiftPackageReference;
			repositoryURL = "https://github.com/kakao/kakao-ios-sdk.git";
			requirement = {
				kind = upToNextMajorVersion;
				minimumVersion = 2.24.0;
			};
		};
		4E1514282D99480200DFD08F /* XCRemoteSwiftPackageReference "SPM-NMapsMap" */ = {
			isa = XCRemoteSwiftPackageReference;
			repositoryURL = "https://github.com/navermaps/SPM-NMapsMap";
			requirement = {
				kind = upToNextMajorVersion;
				minimumVersion = 3.21.0;
			};
		};
		4EE360FB2D91876300D2441D /* XCRemoteSwiftPackageReference "SPM-NMapsMap" */ = {
			isa = XCRemoteSwiftPackageReference;
			repositoryURL = "https://github.com/navermaps/SPM-NMapsMap";
			requirement = {
				kind = upToNextMajorVersion;
				minimumVersion = 3.21.0;
			};
		};
/* End XCRemoteSwiftPackageReference section */

/* Begin XCSwiftPackageProductDependency section */
		0522C1D82DB67C5900B141FF /* RxSwift */ = {
			isa = XCSwiftPackageProductDependency;
			package = 05BDD5D62DB6783C00C1E192 /* XCRemoteSwiftPackageReference "RxSwift" */;
			productName = RxSwift;
		};
		0522C3C52DB67D7800B141FF /* RxGesture */ = {
			isa = XCSwiftPackageProductDependency;
			package = 0522C3C42DB67D7800B141FF /* XCRemoteSwiftPackageReference "RxGesture" */;
			productName = RxGesture;
		};
		05734C622DCE04FA0093825D /* Pageboy */ = {
			isa = XCSwiftPackageProductDependency;
			package = 05734C612DCE04FA0093825D /* XCRemoteSwiftPackageReference "Pageboy" */;
			productName = Pageboy;
		};
		05734C652DCE05070093825D /* PanModal */ = {
			isa = XCSwiftPackageProductDependency;
			package = 05734C642DCE05070093825D /* XCRemoteSwiftPackageReference "PanModal" */;
			productName = PanModal;
		};
		05734C672DCE05240093825D /* SnapKit */ = {
			isa = XCSwiftPackageProductDependency;
			package = 05BDD5C32DB674E500C1E192 /* XCRemoteSwiftPackageReference "SnapKit" */;
			productName = SnapKit;
		};
		05734C6A2DCE05550093825D /* ReactorKit */ = {
			isa = XCSwiftPackageProductDependency;
			package = 05734C692DCE05550093825D /* XCRemoteSwiftPackageReference "ReactorKit" */;
			productName = ReactorKit;
		};
		05734C6D2DCE05680093825D /* Tabman */ = {
			isa = XCSwiftPackageProductDependency;
			package = 05734C6C2DCE05680093825D /* XCRemoteSwiftPackageReference "Tabman" */;
			productName = Tabman;
		};
		05734C702DCE059D0093825D /* Then */ = {
			isa = XCSwiftPackageProductDependency;
			package = 05734C6F2DCE059D0093825D /* XCRemoteSwiftPackageReference "Then" */;
			productName = Then;
		};
		05BBA73D2DB75DA60047A061 /* KakaoSDKUser */ = {
			isa = XCSwiftPackageProductDependency;
			package = 08F403312D884F4D00BFA61A /* XCRemoteSwiftPackageReference "kakao-ios-sdk" */;
			productName = KakaoSDKUser;
		};
		4E1514292D99480200DFD08F /* NMapsMap */ = {
			isa = XCSwiftPackageProductDependency;
			package = 4E1514282D99480200DFD08F /* XCRemoteSwiftPackageReference "SPM-NMapsMap" */;
			productName = NMapsMap;
		};
		4E15142D2D994A3A00DFD08F /* KakaoSDKAuth */ = {
			isa = XCSwiftPackageProductDependency;
			productName = KakaoSDKAuth;
		};
		4EE360FC2D91876300D2441D /* NMapsMap */ = {
			isa = XCSwiftPackageProductDependency;
			package = 4EE360FB2D91876300D2441D /* XCRemoteSwiftPackageReference "SPM-NMapsMap" */;
			productName = NMapsMap;
		};
/* End XCSwiftPackageProductDependency section */
	};
	rootObject = BDCA41B52CF35AC0005EECF6 /* Project object */;
}
