// !$*UTF8*$!
{
	archiveVersion = 1;
	classes = {
	};
	objectVersion = 56;
	objects = {

/* Begin PBXBuildFile section */
		085105762C0EC13800ED7DBB /* RxAlamofire in Frameworks */ = {isa = PBXBuildFile; productRef = 085105752C0EC13800ED7DBB /* RxAlamofire */; };
		085105822C102F8000ED7DBB /* KakaoAuthServiceImpl.swift in Sources */ = {isa = PBXBuildFile; fileRef = 085105812C102F8000ED7DBB /* KakaoAuthServiceImpl.swift */; };
		0851058D2C1033E600ED7DBB /* RxKakaoSDK in Frameworks */ = {isa = PBXBuildFile; productRef = 0851058C2C1033E600ED7DBB /* RxKakaoSDK */; };
		0851058F2C1033E600ED7DBB /* RxKakaoSDKAuth in Frameworks */ = {isa = PBXBuildFile; productRef = 0851058E2C1033E600ED7DBB /* RxKakaoSDKAuth */; };
		085105912C1033E600ED7DBB /* RxKakaoSDKCert in Frameworks */ = {isa = PBXBuildFile; productRef = 085105902C1033E600ED7DBB /* RxKakaoSDKCert */; };
		085105932C1033E600ED7DBB /* RxKakaoSDKCommon in Frameworks */ = {isa = PBXBuildFile; productRef = 085105922C1033E600ED7DBB /* RxKakaoSDKCommon */; };
		085105952C1033E600ED7DBB /* RxKakaoSDKFriend in Frameworks */ = {isa = PBXBuildFile; productRef = 085105942C1033E600ED7DBB /* RxKakaoSDKFriend */; };
		085105972C1033E600ED7DBB /* RxKakaoSDKShare in Frameworks */ = {isa = PBXBuildFile; productRef = 085105962C1033E600ED7DBB /* RxKakaoSDKShare */; };
		085105992C1033E600ED7DBB /* RxKakaoSDKTalk in Frameworks */ = {isa = PBXBuildFile; productRef = 085105982C1033E600ED7DBB /* RxKakaoSDKTalk */; };
		0851059B2C1033E600ED7DBB /* RxKakaoSDKUser in Frameworks */ = {isa = PBXBuildFile; productRef = 0851059A2C1033E600ED7DBB /* RxKakaoSDKUser */; };
		085105A02C1038EB00ED7DBB /* AuthError.swift in Sources */ = {isa = PBXBuildFile; fileRef = 0851059F2C1038EB00ED7DBB /* AuthError.swift */; };
		087346112C0AAD2900534FFA /* AppDelegate.swift in Sources */ = {isa = PBXBuildFile; fileRef = 087346102C0AAD2900534FFA /* AppDelegate.swift */; };
		087346132C0AAD2900534FFA /* SceneDelegate.swift in Sources */ = {isa = PBXBuildFile; fileRef = 087346122C0AAD2900534FFA /* SceneDelegate.swift */; };
		087346152C0AAD2900534FFA /* ViewController.swift in Sources */ = {isa = PBXBuildFile; fileRef = 087346142C0AAD2900534FFA /* ViewController.swift */; };
		0873461A2C0AAD2B00534FFA /* Assets.xcassets in Resources */ = {isa = PBXBuildFile; fileRef = 087346192C0AAD2B00534FFA /* Assets.xcassets */; };
		0873461D2C0AAD2B00534FFA /* LaunchScreen.storyboard in Resources */ = {isa = PBXBuildFile; fileRef = 0873461B2C0AAD2B00534FFA /* LaunchScreen.storyboard */; };
		087346322C0AAD2B00534FFA /* PopPoolUITests.swift in Sources */ = {isa = PBXBuildFile; fileRef = 087346312C0AAD2B00534FFA /* PopPoolUITests.swift */; };
		087346342C0AAD2B00534FFA /* PopPoolUITestsLaunchTests.swift in Sources */ = {isa = PBXBuildFile; fileRef = 087346332C0AAD2B00534FFA /* PopPoolUITestsLaunchTests.swift */; };
		087346452C0AAF1F00534FFA /* SnapKit in Frameworks */ = {isa = PBXBuildFile; productRef = 087346442C0AAF1F00534FFA /* SnapKit */; };
		087346482C0AAF7000534FFA /* RxCocoa in Frameworks */ = {isa = PBXBuildFile; productRef = 087346472C0AAF7000534FFA /* RxCocoa */; };
		0873464A2C0AAF7000534FFA /* RxRelay in Frameworks */ = {isa = PBXBuildFile; productRef = 087346492C0AAF7000534FFA /* RxRelay */; };
		0873464C2C0AAF7000534FFA /* RxSwift in Frameworks */ = {isa = PBXBuildFile; productRef = 0873464B2C0AAF7000534FFA /* RxSwift */; };
		0873464E2C0AB1CA00534FFA /* ViewControllerViewModel.swift in Sources */ = {isa = PBXBuildFile; fileRef = 0873464D2C0AB1CA00534FFA /* ViewControllerViewModel.swift */; };
		087346522C0ABC4B00534FFA /* ViewModelable.swift in Sources */ = {isa = PBXBuildFile; fileRef = 087346512C0ABC4B00534FFA /* ViewModelable.swift */; };
		087346562C0AEBD900534FFA /* AppDIContainer.swift in Sources */ = {isa = PBXBuildFile; fileRef = 087346552C0AEBD900534FFA /* AppDIContainer.swift */; };
		087346572C0AED3400534FFA /* AppDIContainer.swift in Sources */ = {isa = PBXBuildFile; fileRef = 087346552C0AEBD900534FFA /* AppDIContainer.swift */; };
		0873465A2C0AED6C00534FFA /* AppDIContainerTest.swift in Sources */ = {isa = PBXBuildFile; fileRef = 087346592C0AED6C00534FFA /* AppDIContainerTest.swift */; };
		0873465B2C0AEFCF00534FFA /* AppDelegate.swift in Sources */ = {isa = PBXBuildFile; fileRef = 087346102C0AAD2900534FFA /* AppDelegate.swift */; };
		087A68B12C1ECEBC00CF3631 /* LocalDBUseCase.swift in Sources */ = {isa = PBXBuildFile; fileRef = 087A68B02C1ECEBC00CF3631 /* LocalDBUseCase.swift */; };
		089D19002C30307A000435D9 /* ValidationTextFieldCPNT.swift in Sources */ = {isa = PBXBuildFile; fileRef = 089D18FF2C30307A000435D9 /* ValidationTextFieldCPNT.swift */; };
		089D19022C3032EC000435D9 /* SignUpStep2View.swift in Sources */ = {isa = PBXBuildFile; fileRef = 089D19012C3032EC000435D9 /* SignUpStep2View.swift */; };
		089D19062C31A620000435D9 /* IQKeyboardManagerSwift in Frameworks */ = {isa = PBXBuildFile; productRef = 089D19052C31A620000435D9 /* IQKeyboardManagerSwift */; };
		08A28CAA2C27E16F00DF7A90 /* SignUpVC.swift in Sources */ = {isa = PBXBuildFile; fileRef = 08A28CA92C27E16F00DF7A90 /* SignUpVC.swift */; };
		08A28CAC2C27E5FB00DF7A90 /* ProgressIndicatorCPNT.swift in Sources */ = {isa = PBXBuildFile; fileRef = 08A28CAB2C27E5FB00DF7A90 /* ProgressIndicatorCPNT.swift */; };
		08A28CB42C280F9600DF7A90 /* ProgressViewCPNT.swift in Sources */ = {isa = PBXBuildFile; fileRef = 08A28CB32C280F9600DF7A90 /* ProgressViewCPNT.swift */; };
		08A28CB62C2A97E300DF7A90 /* ContentTitleCPNT.swift in Sources */ = {isa = PBXBuildFile; fileRef = 08A28CB52C2A97E300DF7A90 /* ContentTitleCPNT.swift */; };
		08A28CBA2C2AC44300DF7A90 /* SignUpVM.swift in Sources */ = {isa = PBXBuildFile; fileRef = 08A28CB92C2AC44300DF7A90 /* SignUpVM.swift */; };
		08A28CBE2C2AEAF600DF7A90 /* CheckBoxCPNT.swift in Sources */ = {isa = PBXBuildFile; fileRef = 08A28CBD2C2AEAF600DF7A90 /* CheckBoxCPNT.swift */; };
		08A28CC22C2AF2DD00DF7A90 /* SignUpStep1View.swift in Sources */ = {isa = PBXBuildFile; fileRef = 08A28CC12C2AF2DD00DF7A90 /* SignUpStep1View.swift */; };
		08A28CC42C2B00B700DF7A90 /* TermsViewCPNT.swift in Sources */ = {isa = PBXBuildFile; fileRef = 08A28CC32C2B00B700DF7A90 /* TermsViewCPNT.swift */; };
		08A28CC62C2BE1EA00DF7A90 /* Inputable.swift in Sources */ = {isa = PBXBuildFile; fileRef = 08A28CC52C2BE1EA00DF7A90 /* Inputable.swift */; };
		08A28CC82C2BE1F300DF7A90 /* Outputable.swift in Sources */ = {isa = PBXBuildFile; fileRef = 08A28CC72C2BE1F300DF7A90 /* Outputable.swift */; };
		08B965602C1441C100BF95AA /* AppleAuthServiceImpl.swift in Sources */ = {isa = PBXBuildFile; fileRef = 08B9655F2C1441C100BF95AA /* AppleAuthServiceImpl.swift */; };
		08B9658A2C15FEBF00BF95AA /* FetchSocialCredentialUseCaseImpl.swift in Sources */ = {isa = PBXBuildFile; fileRef = 08B965892C15FEBF00BF95AA /* FetchSocialCredentialUseCaseImpl.swift */; };
		08B9658C2C15FF0600BF95AA /* FetchSocialCredentialUseCase.swift in Sources */ = {isa = PBXBuildFile; fileRef = 08B9658B2C15FF0600BF95AA /* FetchSocialCredentialUseCase.swift */; };
		08B9658F2C16004D00BF95AA /* PopPoolAPIEndPoint.swift in Sources */ = {isa = PBXBuildFile; fileRef = 08B9658E2C16004D00BF95AA /* PopPoolAPIEndPoint.swift */; };
		08C813D52C2D1F5E009239FE /* SignUpStep3View.swift in Sources */ = {isa = PBXBuildFile; fileRef = 08C813D42C2D1F5E009239FE /* SignUpStep3View.swift */; };
		08C813D72C2D2934009239FE /* UITableViewCell+.swift in Sources */ = {isa = PBXBuildFile; fileRef = 08C813D62C2D2934009239FE /* UITableViewCell+.swift */; };
		08C813D92C2D294D009239FE /* UICollectionViewCell+.swift in Sources */ = {isa = PBXBuildFile; fileRef = 08C813D82C2D294D009239FE /* UICollectionViewCell+.swift */; };
		08C813DB2C2D3A58009239FE /* LargeChipCell.swift in Sources */ = {isa = PBXBuildFile; fileRef = 08C813DA2C2D3A58009239FE /* LargeChipCell.swift */; };
		08C813DE2C2D50BC009239FE /* TagsLayout.swift in Sources */ = {isa = PBXBuildFile; fileRef = 08C813DD2C2D50BC009239FE /* TagsLayout.swift */; };
		08C813E02C2D82EF009239FE /* SegmentedControlCPNT.swift in Sources */ = {isa = PBXBuildFile; fileRef = 08C813DF2C2D82EF009239FE /* SegmentedControlCPNT.swift */; };
		08C813E22C2D8AA2009239FE /* SignUpStep4View.swift in Sources */ = {isa = PBXBuildFile; fileRef = 08C813E12C2D8AA2009239FE /* SignUpStep4View.swift */; };
		08C813E42C2E9FB0009239FE /* SignUpAgeSelectedButton.swift in Sources */ = {isa = PBXBuildFile; fileRef = 08C813E32C2E9FB0009239FE /* SignUpAgeSelectedButton.swift */; };
		08C813F12C2EF60B009239FE /* CheckNickNameRequestDTO.swift in Sources */ = {isa = PBXBuildFile; fileRef = 08C813F02C2EF60B009239FE /* CheckNickNameRequestDTO.swift */; };
		08C813F32C2EF7D8009239FE /* MyAuthenticationCredential.swift in Sources */ = {isa = PBXBuildFile; fileRef = 08C813F22C2EF7D8009239FE /* MyAuthenticationCredential.swift */; };
		08C813F52C2EFA3D009239FE /* SignUpRepositoryImpl.swift in Sources */ = {isa = PBXBuildFile; fileRef = 08C813F42C2EFA3D009239FE /* SignUpRepositoryImpl.swift */; };
		08C813F72C2F15DC009239FE /* FetchInterestListResponseDTO.swift in Sources */ = {isa = PBXBuildFile; fileRef = 08C813F62C2F15DC009239FE /* FetchInterestListResponseDTO.swift */; };
		08C813F92C2F267D009239FE /* FetchGendersResponseDTO.swift in Sources */ = {isa = PBXBuildFile; fileRef = 08C813F82C2F267D009239FE /* FetchGendersResponseDTO.swift */; };
		08C813FB2C2F2809009239FE /* TrySignUpRequestDTO.swift in Sources */ = {isa = PBXBuildFile; fileRef = 08C813FA2C2F2809009239FE /* TrySignUpRequestDTO.swift */; };
		08C813FD2C2F2C14009239FE /* SignUpRepository.swift in Sources */ = {isa = PBXBuildFile; fileRef = 08C813FC2C2F2C13009239FE /* SignUpRepository.swift */; };
		08F49DDB2C200528002D5202 /* AuthService.swift in Sources */ = {isa = PBXBuildFile; fileRef = 08F49DDA2C200528002D5202 /* AuthService.swift */; };
		08F49DE82C231C40002D5202 /* SocialTYPE.swift in Sources */ = {isa = PBXBuildFile; fileRef = 08F49DE72C231C40002D5202 /* SocialTYPE.swift */; };
		08F49DEA2C231CFC002D5202 /* LoginResponse.swift in Sources */ = {isa = PBXBuildFile; fileRef = 08F49DE92C231CFC002D5202 /* LoginResponse.swift */; };
		08F49DEC2C231D13002D5202 /* LoginResponseDTO.swift in Sources */ = {isa = PBXBuildFile; fileRef = 08F49DEB2C231D13002D5202 /* LoginResponseDTO.swift */; };
		08F49DF02C2321B8002D5202 /* AuthRepositoryImpl.swift in Sources */ = {isa = PBXBuildFile; fileRef = 08F49DEF2C2321B8002D5202 /* AuthRepositoryImpl.swift */; };
		08F49DF22C23230C002D5202 /* AuthRepository.swift in Sources */ = {isa = PBXBuildFile; fileRef = 08F49DF12C23230C002D5202 /* AuthRepository.swift */; };
		08F49DF42C232364002D5202 /* TryLoginUseCase.swift in Sources */ = {isa = PBXBuildFile; fileRef = 08F49DF32C232364002D5202 /* TryLoginUseCase.swift */; };
		08F49DF62C2323C2002D5202 /* TryLoginUseCaseImpl.swift in Sources */ = {isa = PBXBuildFile; fileRef = 08F49DF52C2323C2002D5202 /* TryLoginUseCaseImpl.swift */; };
		08F49DF92C24006F002D5202 /* ToastMSGManager.swift in Sources */ = {isa = PBXBuildFile; fileRef = 08F49DF82C24006F002D5202 /* ToastMSGManager.swift */; };
		08F49DFD2C2400FC002D5202 /* ButtonCPNT.swift in Sources */ = {isa = PBXBuildFile; fileRef = 08F49DFC2C2400FC002D5202 /* ButtonCPNT.swift */; };
		08F49E092C240335002D5202 /* LoginVC.swift in Sources */ = {isa = PBXBuildFile; fileRef = 08F49E082C240335002D5202 /* LoginVC.swift */; };
		08F49E0B2C240345002D5202 /* _@_@_.swift in Sources */ = {isa = PBXBuildFile; fileRef = 08F49E0A2C240345002D5202 /* _@_@_.swift */; };
		08F49E0F2C240A64002D5202 /* LocalFetchUseCaseImpl.swift in Sources */ = {isa = PBXBuildFile; fileRef = 08F49E0E2C240A64002D5202 /* LocalFetchUseCaseImpl.swift */; };
		BD2E90F52C1B17C200BB0313 /* KeyChainRepositoryImpl.swift in Sources */ = {isa = PBXBuildFile; fileRef = BD2E90F42C1B17C200BB0313 /* KeyChainRepositoryImpl.swift */; };
		BD353B452C2BE42C0004659D /* Secrets.swift in Sources */ = {isa = PBXBuildFile; fileRef = BD353B442C2BE42C0004659D /* Secrets.swift */; };
		BD353B472C2C13460004659D /* HeaderViewCPNT.swift in Sources */ = {isa = PBXBuildFile; fileRef = BD353B462C2C13460004659D /* HeaderViewCPNT.swift */; };
		BD353B4B2C2D3D7D0004659D /* LoginVM.swift in Sources */ = {isa = PBXBuildFile; fileRef = BD353B4A2C2D3D7D0004659D /* LoginVM.swift */; };
		BD3C4C6A2C30C8880087917B /* CMPTInfoBoxView.swift in Sources */ = {isa = PBXBuildFile; fileRef = BD3C4C682C30C8880087917B /* CMPTInfoBoxView.swift */; };
		BD3C4C6B2C30C8880087917B /* CMPTToolTipView.swift in Sources */ = {isa = PBXBuildFile; fileRef = BD3C4C692C30C8880087917B /* CMPTToolTipView.swift */; };
		BD3C4C6D2C30C8AE0087917B /* HeaderViewCPNT.swift in Sources */ = {isa = PBXBuildFile; fileRef = BD3C4C6C2C30C8AE0087917B /* HeaderViewCPNT.swift */; };
		BD3C4C6F2C313D6C0087917B /* LoginBottomSheetVM.swift in Sources */ = {isa = PBXBuildFile; fileRef = BD3C4C6E2C313D6C0087917B /* LoginBottomSheetVM.swift */; };
		BD3C4C7E2C31BD7A0087917B /* AgeSelectionBottomSheet.swift in Sources */ = {isa = PBXBuildFile; fileRef = BD3C4C7D2C31BD7A0087917B /* AgeSelectionBottomSheet.swift */; };
		BD57D4E82C30C63A0036E874 /* LoginBottomSheetVC.swift in Sources */ = {isa = PBXBuildFile; fileRef = BD57D4E72C30C63A0036E874 /* LoginBottomSheetVC.swift */; };
		BD6368082C0CBEFE00891A1B /* PopPoolTests.swift in Sources */ = {isa = PBXBuildFile; fileRef = BD6368072C0CBEFE00891A1B /* PopPoolTests.swift */; };
		BD8607972C23418800726692 /* LocalDeleteUseCaseImpl.swift in Sources */ = {isa = PBXBuildFile; fileRef = BD8607962C23418800726692 /* LocalDeleteUseCaseImpl.swift */; };
		BD86079B2C23429D00726692 /* DatabaseTYPE.swift in Sources */ = {isa = PBXBuildFile; fileRef = BD86079A2C23429D00726692 /* DatabaseTYPE.swift */; };
		BD9901CD2C2877BF0024F30D /* ToastMSGCPNT.swift in Sources */ = {isa = PBXBuildFile; fileRef = BD9901CC2C2877BF0024F30D /* ToastMSGCPNT.swift */; };
		BDA0B1342C2DD102007BDCA4 /* Factory.swift in Sources */ = {isa = PBXBuildFile; fileRef = BDA0B1332C2DD102007BDCA4 /* Factory.swift */; };
		BDA0B1372C2E622B007BDCA4 /* ModalViewController.swift in Sources */ = {isa = PBXBuildFile; fileRef = BDA0B1362C2E622B007BDCA4 /* ModalViewController.swift */; };
		BDB682552C1C316000560E7B /* LocalDBRepository.swift in Sources */ = {isa = PBXBuildFile; fileRef = BDB682542C1C316000560E7B /* LocalDBRepository.swift */; };
		BDC622B12C225817009411AE /* DatabaseError.swift in Sources */ = {isa = PBXBuildFile; fileRef = BDC622B02C225817009411AE /* DatabaseError.swift */; };
		BDC622B52C2294D4009411AE /* LocalSaveUseCaseImpl.swift in Sources */ = {isa = PBXBuildFile; fileRef = BDC622B42C2294D4009411AE /* LocalSaveUseCaseImpl.swift */; };
		BDC622B72C229517009411AE /* UserdefaultRepositoryImpl.swift in Sources */ = {isa = PBXBuildFile; fileRef = BDC622B62C229517009411AE /* UserdefaultRepositoryImpl.swift */; };
		BDD3351A2C0B3AF1002C2295 /* NetworkError.swift in Sources */ = {isa = PBXBuildFile; fileRef = BDD335192C0B3AF1002C2295 /* NetworkError.swift */; };
		BDD335202C0B6ACA002C2295 /* EndPoint.swift in Sources */ = {isa = PBXBuildFile; fileRef = BDD3351F2C0B6ACA002C2295 /* EndPoint.swift */; };
		BDF3B2AA2C0BE23D00B079C5 /* Requestable.swift in Sources */ = {isa = PBXBuildFile; fileRef = BDF3B2A92C0BE23D00B079C5 /* Requestable.swift */; };
		BDF3B2AE2C0BE69700B079C5 /* Provider.swift in Sources */ = {isa = PBXBuildFile; fileRef = BDF3B2AD2C0BE69700B079C5 /* Provider.swift */; };
		BDF3B2C12C0C318E00B079C5 /* Responsable.swift in Sources */ = {isa = PBXBuildFile; fileRef = BDF3B2C02C0C318E00B079C5 /* Responsable.swift */; };
		BDF4F2962C240B95002F4F03 /* UIColor+.swift in Sources */ = {isa = PBXBuildFile; fileRef = BDF4F2952C240B95002F4F03 /* UIColor+.swift */; };
		BDF4F2982C240BA6002F4F03 /* Constants.swift in Sources */ = {isa = PBXBuildFile; fileRef = BDF4F2972C240BA6002F4F03 /* Constants.swift */; };
		BDF4F29C2C2422DF002F4F03 /* UIFont+.swift in Sources */ = {isa = PBXBuildFile; fileRef = BDF4F29B2C2422DF002F4F03 /* UIFont+.swift */; };
		BDF4F2A22C243035002F4F03 /* Poppins-Regular.ttf in Resources */ = {isa = PBXBuildFile; fileRef = BDF4F29E2C243035002F4F03 /* Poppins-Regular.ttf */; };
		BDF4F2A32C243035002F4F03 /* Poppins-Bold.ttf in Resources */ = {isa = PBXBuildFile; fileRef = BDF4F29F2C243035002F4F03 /* Poppins-Bold.ttf */; };
		BDF4F2A42C243035002F4F03 /* Poppins-Light.ttf in Resources */ = {isa = PBXBuildFile; fileRef = BDF4F2A02C243035002F4F03 /* Poppins-Light.ttf */; };
		BDF4F2A52C243035002F4F03 /* Poppins-Medium.ttf in Resources */ = {isa = PBXBuildFile; fileRef = BDF4F2A12C243035002F4F03 /* Poppins-Medium.ttf */; };
		BDF4F2AA2C24304F002F4F03 /* GothicA1-Regular.ttf in Resources */ = {isa = PBXBuildFile; fileRef = BDF4F2A62C24304F002F4F03 /* GothicA1-Regular.ttf */; };
		BDF4F2AB2C24304F002F4F03 /* GothicA1-Medium.ttf in Resources */ = {isa = PBXBuildFile; fileRef = BDF4F2A72C24304F002F4F03 /* GothicA1-Medium.ttf */; };
		BDF4F2AC2C24304F002F4F03 /* GothicA1-Light.ttf in Resources */ = {isa = PBXBuildFile; fileRef = BDF4F2A82C24304F002F4F03 /* GothicA1-Light.ttf */; };
		BDF4F2AD2C24304F002F4F03 /* GothicA1-Bold.ttf in Resources */ = {isa = PBXBuildFile; fileRef = BDF4F2A92C24304F002F4F03 /* GothicA1-Bold.ttf */; };
/* End PBXBuildFile section */

/* Begin PBXContainerItemProxy section */
		087346242C0AAD2B00534FFA /* PBXContainerItemProxy */ = {
			isa = PBXContainerItemProxy;
			containerPortal = 087346052C0AAD2800534FFA /* Project object */;
			proxyType = 1;
			remoteGlobalIDString = 0873460C2C0AAD2900534FFA;
			remoteInfo = PopPool;
		};
		0873462E2C0AAD2B00534FFA /* PBXContainerItemProxy */ = {
			isa = PBXContainerItemProxy;
			containerPortal = 087346052C0AAD2800534FFA /* Project object */;
			proxyType = 1;
			remoteGlobalIDString = 0873460C2C0AAD2900534FFA;
			remoteInfo = PopPool;
		};
/* End PBXContainerItemProxy section */

/* Begin PBXFileReference section */
		085105812C102F8000ED7DBB /* KakaoAuthServiceImpl.swift */ = {isa = PBXFileReference; lastKnownFileType = sourcecode.swift; path = KakaoAuthServiceImpl.swift; sourceTree = "<group>"; };
		0851059F2C1038EB00ED7DBB /* AuthError.swift */ = {isa = PBXFileReference; lastKnownFileType = sourcecode.swift; path = AuthError.swift; sourceTree = "<group>"; };
		0873460D2C0AAD2900534FFA /* PopPool.app */ = {isa = PBXFileReference; explicitFileType = wrapper.application; includeInIndex = 0; path = PopPool.app; sourceTree = BUILT_PRODUCTS_DIR; };
		087346102C0AAD2900534FFA /* AppDelegate.swift */ = {isa = PBXFileReference; lastKnownFileType = sourcecode.swift; path = AppDelegate.swift; sourceTree = "<group>"; };
		087346122C0AAD2900534FFA /* SceneDelegate.swift */ = {isa = PBXFileReference; lastKnownFileType = sourcecode.swift; path = SceneDelegate.swift; sourceTree = "<group>"; };
		087346142C0AAD2900534FFA /* ViewController.swift */ = {isa = PBXFileReference; lastKnownFileType = sourcecode.swift; path = ViewController.swift; sourceTree = "<group>"; };
		087346192C0AAD2B00534FFA /* Assets.xcassets */ = {isa = PBXFileReference; lastKnownFileType = folder.assetcatalog; path = Assets.xcassets; sourceTree = "<group>"; };
		0873461C2C0AAD2B00534FFA /* Base */ = {isa = PBXFileReference; lastKnownFileType = file.storyboard; name = Base; path = Base.lproj/LaunchScreen.storyboard; sourceTree = "<group>"; };
		0873461E2C0AAD2B00534FFA /* Info.plist */ = {isa = PBXFileReference; lastKnownFileType = text.plist.xml; path = Info.plist; sourceTree = "<group>"; };
		087346232C0AAD2B00534FFA /* PopPoolTests.xctest */ = {isa = PBXFileReference; explicitFileType = wrapper.cfbundle; includeInIndex = 0; path = PopPoolTests.xctest; sourceTree = BUILT_PRODUCTS_DIR; };
		0873462D2C0AAD2B00534FFA /* PopPoolUITests.xctest */ = {isa = PBXFileReference; explicitFileType = wrapper.cfbundle; includeInIndex = 0; path = PopPoolUITests.xctest; sourceTree = BUILT_PRODUCTS_DIR; };
		087346312C0AAD2B00534FFA /* PopPoolUITests.swift */ = {isa = PBXFileReference; lastKnownFileType = sourcecode.swift; path = PopPoolUITests.swift; sourceTree = "<group>"; };
		087346332C0AAD2B00534FFA /* PopPoolUITestsLaunchTests.swift */ = {isa = PBXFileReference; lastKnownFileType = sourcecode.swift; path = PopPoolUITestsLaunchTests.swift; sourceTree = "<group>"; };
		0873464D2C0AB1CA00534FFA /* ViewControllerViewModel.swift */ = {isa = PBXFileReference; lastKnownFileType = sourcecode.swift; path = ViewControllerViewModel.swift; sourceTree = "<group>"; };
		087346512C0ABC4B00534FFA /* ViewModelable.swift */ = {isa = PBXFileReference; lastKnownFileType = sourcecode.swift; path = ViewModelable.swift; sourceTree = "<group>"; };
		087346552C0AEBD900534FFA /* AppDIContainer.swift */ = {isa = PBXFileReference; lastKnownFileType = sourcecode.swift; path = AppDIContainer.swift; sourceTree = "<group>"; };
		087346592C0AED6C00534FFA /* AppDIContainerTest.swift */ = {isa = PBXFileReference; lastKnownFileType = sourcecode.swift; path = AppDIContainerTest.swift; sourceTree = "<group>"; };
		087A68B02C1ECEBC00CF3631 /* LocalDBUseCase.swift */ = {isa = PBXFileReference; lastKnownFileType = sourcecode.swift; path = LocalDBUseCase.swift; sourceTree = "<group>"; };
		089D18FF2C30307A000435D9 /* ValidationTextFieldCPNT.swift */ = {isa = PBXFileReference; lastKnownFileType = sourcecode.swift; path = ValidationTextFieldCPNT.swift; sourceTree = "<group>"; };
		089D19012C3032EC000435D9 /* SignUpStep2View.swift */ = {isa = PBXFileReference; lastKnownFileType = sourcecode.swift; path = SignUpStep2View.swift; sourceTree = "<group>"; };
		08A28CA92C27E16F00DF7A90 /* SignUpVC.swift */ = {isa = PBXFileReference; lastKnownFileType = sourcecode.swift; path = SignUpVC.swift; sourceTree = "<group>"; };
		08A28CAB2C27E5FB00DF7A90 /* ProgressIndicatorCPNT.swift */ = {isa = PBXFileReference; lastKnownFileType = sourcecode.swift; path = ProgressIndicatorCPNT.swift; sourceTree = "<group>"; };
		08A28CB32C280F9600DF7A90 /* ProgressViewCPNT.swift */ = {isa = PBXFileReference; lastKnownFileType = sourcecode.swift; path = ProgressViewCPNT.swift; sourceTree = "<group>"; };
		08A28CB52C2A97E300DF7A90 /* ContentTitleCPNT.swift */ = {isa = PBXFileReference; lastKnownFileType = sourcecode.swift; path = ContentTitleCPNT.swift; sourceTree = "<group>"; };
		08A28CB92C2AC44300DF7A90 /* SignUpVM.swift */ = {isa = PBXFileReference; lastKnownFileType = sourcecode.swift; path = SignUpVM.swift; sourceTree = "<group>"; };
		08A28CBD2C2AEAF600DF7A90 /* CheckBoxCPNT.swift */ = {isa = PBXFileReference; lastKnownFileType = sourcecode.swift; path = CheckBoxCPNT.swift; sourceTree = "<group>"; };
		08A28CC12C2AF2DD00DF7A90 /* SignUpStep1View.swift */ = {isa = PBXFileReference; lastKnownFileType = sourcecode.swift; path = SignUpStep1View.swift; sourceTree = "<group>"; };
		08A28CC32C2B00B700DF7A90 /* TermsViewCPNT.swift */ = {isa = PBXFileReference; lastKnownFileType = sourcecode.swift; path = TermsViewCPNT.swift; sourceTree = "<group>"; };
		08A28CC52C2BE1EA00DF7A90 /* Inputable.swift */ = {isa = PBXFileReference; lastKnownFileType = sourcecode.swift; path = Inputable.swift; sourceTree = "<group>"; };
		08A28CC72C2BE1F300DF7A90 /* Outputable.swift */ = {isa = PBXFileReference; lastKnownFileType = sourcecode.swift; path = Outputable.swift; sourceTree = "<group>"; };
		08B9655E2C14410700BF95AA /* PopPool.entitlements */ = {isa = PBXFileReference; lastKnownFileType = text.plist.entitlements; path = PopPool.entitlements; sourceTree = "<group>"; };
		08B9655F2C1441C100BF95AA /* AppleAuthServiceImpl.swift */ = {isa = PBXFileReference; lastKnownFileType = sourcecode.swift; path = AppleAuthServiceImpl.swift; sourceTree = "<group>"; };
		08B965892C15FEBF00BF95AA /* FetchSocialCredentialUseCaseImpl.swift */ = {isa = PBXFileReference; lastKnownFileType = sourcecode.swift; path = FetchSocialCredentialUseCaseImpl.swift; sourceTree = "<group>"; };
		08B9658B2C15FF0600BF95AA /* FetchSocialCredentialUseCase.swift */ = {isa = PBXFileReference; lastKnownFileType = sourcecode.swift; path = FetchSocialCredentialUseCase.swift; sourceTree = "<group>"; };
		08B9658E2C16004D00BF95AA /* PopPoolAPIEndPoint.swift */ = {isa = PBXFileReference; lastKnownFileType = sourcecode.swift; path = PopPoolAPIEndPoint.swift; sourceTree = "<group>"; };
		08C813D42C2D1F5E009239FE /* SignUpStep3View.swift */ = {isa = PBXFileReference; lastKnownFileType = sourcecode.swift; path = SignUpStep3View.swift; sourceTree = "<group>"; };
		08C813D62C2D2934009239FE /* UITableViewCell+.swift */ = {isa = PBXFileReference; lastKnownFileType = sourcecode.swift; path = "UITableViewCell+.swift"; sourceTree = "<group>"; };
		08C813D82C2D294D009239FE /* UICollectionViewCell+.swift */ = {isa = PBXFileReference; lastKnownFileType = sourcecode.swift; path = "UICollectionViewCell+.swift"; sourceTree = "<group>"; };
		08C813DA2C2D3A58009239FE /* LargeChipCell.swift */ = {isa = PBXFileReference; lastKnownFileType = sourcecode.swift; path = LargeChipCell.swift; sourceTree = "<group>"; };
		08C813DD2C2D50BC009239FE /* TagsLayout.swift */ = {isa = PBXFileReference; lastKnownFileType = sourcecode.swift; path = TagsLayout.swift; sourceTree = "<group>"; };
		08C813DF2C2D82EF009239FE /* SegmentedControlCPNT.swift */ = {isa = PBXFileReference; lastKnownFileType = sourcecode.swift; path = SegmentedControlCPNT.swift; sourceTree = "<group>"; };
		08C813E12C2D8AA2009239FE /* SignUpStep4View.swift */ = {isa = PBXFileReference; lastKnownFileType = sourcecode.swift; path = SignUpStep4View.swift; sourceTree = "<group>"; };
		08C813E32C2E9FB0009239FE /* SignUpAgeSelectedButton.swift */ = {isa = PBXFileReference; lastKnownFileType = sourcecode.swift; path = SignUpAgeSelectedButton.swift; sourceTree = "<group>"; };
		08C813F02C2EF60B009239FE /* CheckNickNameRequestDTO.swift */ = {isa = PBXFileReference; lastKnownFileType = sourcecode.swift; path = CheckNickNameRequestDTO.swift; sourceTree = "<group>"; };
		08C813F22C2EF7D8009239FE /* MyAuthenticationCredential.swift */ = {isa = PBXFileReference; lastKnownFileType = sourcecode.swift; path = MyAuthenticationCredential.swift; sourceTree = "<group>"; };
		08C813F42C2EFA3D009239FE /* SignUpRepositoryImpl.swift */ = {isa = PBXFileReference; lastKnownFileType = sourcecode.swift; path = SignUpRepositoryImpl.swift; sourceTree = "<group>"; };
		08C813F62C2F15DC009239FE /* FetchInterestListResponseDTO.swift */ = {isa = PBXFileReference; lastKnownFileType = sourcecode.swift; path = FetchInterestListResponseDTO.swift; sourceTree = "<group>"; };
		08C813F82C2F267D009239FE /* FetchGendersResponseDTO.swift */ = {isa = PBXFileReference; lastKnownFileType = sourcecode.swift; path = FetchGendersResponseDTO.swift; sourceTree = "<group>"; };
		08C813FA2C2F2809009239FE /* TrySignUpRequestDTO.swift */ = {isa = PBXFileReference; lastKnownFileType = sourcecode.swift; path = TrySignUpRequestDTO.swift; sourceTree = "<group>"; };
		08C813FC2C2F2C13009239FE /* SignUpRepository.swift */ = {isa = PBXFileReference; lastKnownFileType = sourcecode.swift; path = SignUpRepository.swift; sourceTree = "<group>"; };
		08F49DDA2C200528002D5202 /* AuthService.swift */ = {isa = PBXFileReference; lastKnownFileType = sourcecode.swift; path = AuthService.swift; sourceTree = "<group>"; };
		08F49DE72C231C40002D5202 /* SocialTYPE.swift */ = {isa = PBXFileReference; lastKnownFileType = sourcecode.swift; path = SocialTYPE.swift; sourceTree = "<group>"; };
		08F49DE92C231CFC002D5202 /* LoginResponse.swift */ = {isa = PBXFileReference; lastKnownFileType = sourcecode.swift; path = LoginResponse.swift; sourceTree = "<group>"; };
		08F49DEB2C231D13002D5202 /* LoginResponseDTO.swift */ = {isa = PBXFileReference; lastKnownFileType = sourcecode.swift; path = LoginResponseDTO.swift; sourceTree = "<group>"; };
		08F49DEF2C2321B8002D5202 /* AuthRepositoryImpl.swift */ = {isa = PBXFileReference; lastKnownFileType = sourcecode.swift; path = AuthRepositoryImpl.swift; sourceTree = "<group>"; };
		08F49DF12C23230C002D5202 /* AuthRepository.swift */ = {isa = PBXFileReference; lastKnownFileType = sourcecode.swift; path = AuthRepository.swift; sourceTree = "<group>"; };
		08F49DF32C232364002D5202 /* TryLoginUseCase.swift */ = {isa = PBXFileReference; lastKnownFileType = sourcecode.swift; path = TryLoginUseCase.swift; sourceTree = "<group>"; };
		08F49DF52C2323C2002D5202 /* TryLoginUseCaseImpl.swift */ = {isa = PBXFileReference; lastKnownFileType = sourcecode.swift; path = TryLoginUseCaseImpl.swift; sourceTree = "<group>"; };
		08F49DF82C24006F002D5202 /* ToastMSGManager.swift */ = {isa = PBXFileReference; lastKnownFileType = sourcecode.swift; path = ToastMSGManager.swift; sourceTree = "<group>"; };
		08F49DFC2C2400FC002D5202 /* ButtonCPNT.swift */ = {isa = PBXFileReference; lastKnownFileType = sourcecode.swift; path = ButtonCPNT.swift; sourceTree = "<group>"; };
		08F49E082C240335002D5202 /* LoginVC.swift */ = {isa = PBXFileReference; lastKnownFileType = sourcecode.swift; path = LoginVC.swift; sourceTree = "<group>"; };
		08F49E0A2C240345002D5202 /* _@_@_.swift */ = {isa = PBXFileReference; lastKnownFileType = sourcecode.swift; path = "_@_@_.swift"; sourceTree = "<group>"; };
		08F49E0E2C240A64002D5202 /* LocalFetchUseCaseImpl.swift */ = {isa = PBXFileReference; lastKnownFileType = sourcecode.swift; path = LocalFetchUseCaseImpl.swift; sourceTree = "<group>"; };
		BD2E90F42C1B17C200BB0313 /* KeyChainRepositoryImpl.swift */ = {isa = PBXFileReference; lastKnownFileType = sourcecode.swift; path = KeyChainRepositoryImpl.swift; sourceTree = "<group>"; };
		BD353B442C2BE42C0004659D /* Secrets.swift */ = {isa = PBXFileReference; fileEncoding = 4; lastKnownFileType = sourcecode.swift; path = Secrets.swift; sourceTree = "<group>"; };
		BD353B462C2C13460004659D /* HeaderViewCPNT.swift */ = {isa = PBXFileReference; lastKnownFileType = sourcecode.swift; path = HeaderViewCPNT.swift; sourceTree = "<group>"; };
		BD353B4A2C2D3D7D0004659D /* LoginVM.swift */ = {isa = PBXFileReference; lastKnownFileType = sourcecode.swift; path = LoginVM.swift; sourceTree = "<group>"; };
		BD3C4C682C30C8880087917B /* CMPTInfoBoxView.swift */ = {isa = PBXFileReference; fileEncoding = 4; lastKnownFileType = sourcecode.swift; path = CMPTInfoBoxView.swift; sourceTree = "<group>"; };
		BD3C4C692C30C8880087917B /* CMPTToolTipView.swift */ = {isa = PBXFileReference; fileEncoding = 4; lastKnownFileType = sourcecode.swift; path = CMPTToolTipView.swift; sourceTree = "<group>"; };
		BD3C4C6C2C30C8AE0087917B /* HeaderViewCPNT.swift */ = {isa = PBXFileReference; fileEncoding = 4; lastKnownFileType = sourcecode.swift; path = HeaderViewCPNT.swift; sourceTree = "<group>"; };
		BD3C4C6E2C313D6C0087917B /* LoginBottomSheetVM.swift */ = {isa = PBXFileReference; lastKnownFileType = sourcecode.swift; path = LoginBottomSheetVM.swift; sourceTree = "<group>"; };
		BD3C4C7D2C31BD7A0087917B /* AgeSelectionBottomSheet.swift */ = {isa = PBXFileReference; lastKnownFileType = sourcecode.swift; path = AgeSelectionBottomSheet.swift; sourceTree = "<group>"; };
		BD57D4E72C30C63A0036E874 /* LoginBottomSheetVC.swift */ = {isa = PBXFileReference; lastKnownFileType = sourcecode.swift; path = LoginBottomSheetVC.swift; sourceTree = "<group>"; };
		BD6368072C0CBEFE00891A1B /* PopPoolTests.swift */ = {isa = PBXFileReference; lastKnownFileType = sourcecode.swift; path = PopPoolTests.swift; sourceTree = "<group>"; };
		BD8607962C23418800726692 /* LocalDeleteUseCaseImpl.swift */ = {isa = PBXFileReference; lastKnownFileType = sourcecode.swift; path = LocalDeleteUseCaseImpl.swift; sourceTree = "<group>"; };
		BD86079A2C23429D00726692 /* DatabaseTYPE.swift */ = {isa = PBXFileReference; lastKnownFileType = sourcecode.swift; path = DatabaseTYPE.swift; sourceTree = "<group>"; };
		BD9901CC2C2877BF0024F30D /* ToastMSGCPNT.swift */ = {isa = PBXFileReference; lastKnownFileType = sourcecode.swift; path = ToastMSGCPNT.swift; sourceTree = "<group>"; };
		BDA0B1332C2DD102007BDCA4 /* Factory.swift */ = {isa = PBXFileReference; lastKnownFileType = sourcecode.swift; path = Factory.swift; sourceTree = "<group>"; };
		BDA0B1362C2E622B007BDCA4 /* ModalViewController.swift */ = {isa = PBXFileReference; lastKnownFileType = sourcecode.swift; path = ModalViewController.swift; sourceTree = "<group>"; };
		BDB682542C1C316000560E7B /* LocalDBRepository.swift */ = {isa = PBXFileReference; lastKnownFileType = sourcecode.swift; path = LocalDBRepository.swift; sourceTree = "<group>"; };
		BDC622B02C225817009411AE /* DatabaseError.swift */ = {isa = PBXFileReference; lastKnownFileType = sourcecode.swift; path = DatabaseError.swift; sourceTree = "<group>"; };
		BDC622B42C2294D4009411AE /* LocalSaveUseCaseImpl.swift */ = {isa = PBXFileReference; lastKnownFileType = sourcecode.swift; path = LocalSaveUseCaseImpl.swift; sourceTree = "<group>"; };
		BDC622B62C229517009411AE /* UserdefaultRepositoryImpl.swift */ = {isa = PBXFileReference; lastKnownFileType = sourcecode.swift; path = UserdefaultRepositoryImpl.swift; sourceTree = "<group>"; };
		BDD335192C0B3AF1002C2295 /* NetworkError.swift */ = {isa = PBXFileReference; lastKnownFileType = sourcecode.swift; path = NetworkError.swift; sourceTree = "<group>"; };
		BDD3351F2C0B6ACA002C2295 /* EndPoint.swift */ = {isa = PBXFileReference; lastKnownFileType = sourcecode.swift; path = EndPoint.swift; sourceTree = "<group>"; };
		BDF3B2A92C0BE23D00B079C5 /* Requestable.swift */ = {isa = PBXFileReference; lastKnownFileType = sourcecode.swift; path = Requestable.swift; sourceTree = "<group>"; };
		BDF3B2AD2C0BE69700B079C5 /* Provider.swift */ = {isa = PBXFileReference; lastKnownFileType = sourcecode.swift; path = Provider.swift; sourceTree = "<group>"; };
		BDF3B2C02C0C318E00B079C5 /* Responsable.swift */ = {isa = PBXFileReference; lastKnownFileType = sourcecode.swift; path = Responsable.swift; sourceTree = "<group>"; };
		BDF4F2952C240B95002F4F03 /* UIColor+.swift */ = {isa = PBXFileReference; lastKnownFileType = sourcecode.swift; path = "UIColor+.swift"; sourceTree = "<group>"; };
		BDF4F2972C240BA6002F4F03 /* Constants.swift */ = {isa = PBXFileReference; lastKnownFileType = sourcecode.swift; path = Constants.swift; sourceTree = "<group>"; };
		BDF4F29B2C2422DF002F4F03 /* UIFont+.swift */ = {isa = PBXFileReference; lastKnownFileType = sourcecode.swift; path = "UIFont+.swift"; sourceTree = "<group>"; };
		BDF4F29E2C243035002F4F03 /* Poppins-Regular.ttf */ = {isa = PBXFileReference; lastKnownFileType = file; path = "Poppins-Regular.ttf"; sourceTree = "<group>"; };
		BDF4F29F2C243035002F4F03 /* Poppins-Bold.ttf */ = {isa = PBXFileReference; lastKnownFileType = file; path = "Poppins-Bold.ttf"; sourceTree = "<group>"; };
		BDF4F2A02C243035002F4F03 /* Poppins-Light.ttf */ = {isa = PBXFileReference; lastKnownFileType = file; path = "Poppins-Light.ttf"; sourceTree = "<group>"; };
		BDF4F2A12C243035002F4F03 /* Poppins-Medium.ttf */ = {isa = PBXFileReference; lastKnownFileType = file; path = "Poppins-Medium.ttf"; sourceTree = "<group>"; };
		BDF4F2A62C24304F002F4F03 /* GothicA1-Regular.ttf */ = {isa = PBXFileReference; lastKnownFileType = file; path = "GothicA1-Regular.ttf"; sourceTree = "<group>"; };
		BDF4F2A72C24304F002F4F03 /* GothicA1-Medium.ttf */ = {isa = PBXFileReference; lastKnownFileType = file; path = "GothicA1-Medium.ttf"; sourceTree = "<group>"; };
		BDF4F2A82C24304F002F4F03 /* GothicA1-Light.ttf */ = {isa = PBXFileReference; lastKnownFileType = file; path = "GothicA1-Light.ttf"; sourceTree = "<group>"; };
		BDF4F2A92C24304F002F4F03 /* GothicA1-Bold.ttf */ = {isa = PBXFileReference; lastKnownFileType = file; path = "GothicA1-Bold.ttf"; sourceTree = "<group>"; };
/* End PBXFileReference section */

/* Begin PBXFrameworksBuildPhase section */
		0873460A2C0AAD2900534FFA /* Frameworks */ = {
			isa = PBXFrameworksBuildPhase;
			buildActionMask = 2147483647;
			files = (
				0851059B2C1033E600ED7DBB /* RxKakaoSDKUser in Frameworks */,
				0873464A2C0AAF7000534FFA /* RxRelay in Frameworks */,
				085105992C1033E600ED7DBB /* RxKakaoSDKTalk in Frameworks */,
				0851058F2C1033E600ED7DBB /* RxKakaoSDKAuth in Frameworks */,
				087346482C0AAF7000534FFA /* RxCocoa in Frameworks */,
				085105972C1033E600ED7DBB /* RxKakaoSDKShare in Frameworks */,
				085105932C1033E600ED7DBB /* RxKakaoSDKCommon in Frameworks */,
				089D19062C31A620000435D9 /* IQKeyboardManagerSwift in Frameworks */,
				0873464C2C0AAF7000534FFA /* RxSwift in Frameworks */,
				085105762C0EC13800ED7DBB /* RxAlamofire in Frameworks */,
				087346452C0AAF1F00534FFA /* SnapKit in Frameworks */,
				0851058D2C1033E600ED7DBB /* RxKakaoSDK in Frameworks */,
				085105912C1033E600ED7DBB /* RxKakaoSDKCert in Frameworks */,
				085105952C1033E600ED7DBB /* RxKakaoSDKFriend in Frameworks */,
			);
			runOnlyForDeploymentPostprocessing = 0;
		};
		087346202C0AAD2B00534FFA /* Frameworks */ = {
			isa = PBXFrameworksBuildPhase;
			buildActionMask = 2147483647;
			files = (
			);
			runOnlyForDeploymentPostprocessing = 0;
		};
		0873462A2C0AAD2B00534FFA /* Frameworks */ = {
			isa = PBXFrameworksBuildPhase;
			buildActionMask = 2147483647;
			files = (
			);
			runOnlyForDeploymentPostprocessing = 0;
		};
/* End PBXFrameworksBuildPhase section */

/* Begin PBXGroup section */
		082E43DC2C19A11700975B62 /* Services */ = {
			isa = PBXGroup;
			children = (
				08F49DDA2C200528002D5202 /* AuthService.swift */,
			);
			name = Services;
			sourceTree = "<group>";
		};
		0851057A2C102E2B00ED7DBB /* Infrastructure */ = {
			isa = PBXGroup;
			children = (
				0851057B2C102E6800ED7DBB /* Network */,
				08B965652C147E4C00BF95AA /* Service */,
			);
			path = Infrastructure;
			sourceTree = "<group>";
		};
		0851057B2C102E6800ED7DBB /* Network */ = {
			isa = PBXGroup;
			children = (
				BDF3B2BB2C0BFC3300B079C5 /* Common */,
				BDF3B2BC2C0BFC9900B079C5 /* EndPoint */,
				BDF3B2BA2C0BFA0C00B079C5 /* Provider */,
			);
			path = Network;
			sourceTree = "<group>";
		};
		0851057C2C102EAB00ED7DBB /* AuthService */ = {
			isa = PBXGroup;
			children = (
				0851059F2C1038EB00ED7DBB /* AuthError.swift */,
				085105802C102F4600ED7DBB /* Services */,
			);
			path = AuthService;
			sourceTree = "<group>";
		};
		0851057F2C102F3800ED7DBB /* Interfaces */ = {
			isa = PBXGroup;
			children = (
				082E43DC2C19A11700975B62 /* Services */,
				08B965992C1604DC00BF95AA /* Repositories */,
				08B965712C148A3600BF95AA /* UseCase */,
			);
			path = Interfaces;
			sourceTree = "<group>";
		};
		085105802C102F4600ED7DBB /* Services */ = {
			isa = PBXGroup;
			children = (
				085105812C102F8000ED7DBB /* KakaoAuthServiceImpl.swift */,
				08B9655F2C1441C100BF95AA /* AppleAuthServiceImpl.swift */,
			);
			path = Services;
			sourceTree = "<group>";
		};
		087346042C0AAD2800534FFA = {
			isa = PBXGroup;
			children = (
				0873460F2C0AAD2900534FFA /* PopPool */,
				087346262C0AAD2B00534FFA /* PopPoolTests */,
				087346302C0AAD2B00534FFA /* PopPoolUITests */,
				0873460E2C0AAD2900534FFA /* Products */,
			);
			sourceTree = "<group>";
		};
		0873460E2C0AAD2900534FFA /* Products */ = {
			isa = PBXGroup;
			children = (
				0873460D2C0AAD2900534FFA /* PopPool.app */,
				087346232C0AAD2B00534FFA /* PopPoolTests.xctest */,
				0873462D2C0AAD2B00534FFA /* PopPoolUITests.xctest */,
			);
			name = Products;
			sourceTree = "<group>";
		};
		0873460F2C0AAD2900534FFA /* PopPool */ = {
			isa = PBXGroup;
			children = (
				08B9655E2C14410700BF95AA /* PopPool.entitlements */,
				087346402C0AADEC00534FFA /* Application */,
				087346422C0AAE1200534FFA /* Presentation */,
				08B965642C147E1B00BF95AA /* Domain */,
				BDD335092C0B1653002C2295 /* Data */,
				0851057A2C102E2B00ED7DBB /* Infrastructure */,
				087346412C0AADFD00534FFA /* Resource */,
			);
			path = PopPool;
			sourceTree = "<group>";
		};
		087346262C0AAD2B00534FFA /* PopPoolTests */ = {
			isa = PBXGroup;
			children = (
				BD6368072C0CBEFE00891A1B /* PopPoolTests.swift */,
				087346582C0AED5A00534FFA /* Application */,
			);
			path = PopPoolTests;
			sourceTree = "<group>";
		};
		087346302C0AAD2B00534FFA /* PopPoolUITests */ = {
			isa = PBXGroup;
			children = (
				087346312C0AAD2B00534FFA /* PopPoolUITests.swift */,
				087346332C0AAD2B00534FFA /* PopPoolUITestsLaunchTests.swift */,
			);
			path = PopPoolUITests;
			sourceTree = "<group>";
		};
		087346402C0AADEC00534FFA /* Application */ = {
			isa = PBXGroup;
			children = (
				087346102C0AAD2900534FFA /* AppDelegate.swift */,
				087346122C0AAD2900534FFA /* SceneDelegate.swift */,
				087346542C0AEBBA00534FFA /* DIContainer */,
			);
			path = Application;
			sourceTree = "<group>";
		};
		087346412C0AADFD00534FFA /* Resource */ = {
			isa = PBXGroup;
			children = (
				BDF4F29D2C242FE8002F4F03 /* Font */,
				087346192C0AAD2B00534FFA /* Assets.xcassets */,
				0873461B2C0AAD2B00534FFA /* LaunchScreen.storyboard */,
				BD353B442C2BE42C0004659D /* Secrets.swift */,
				0873461E2C0AAD2B00534FFA /* Info.plist */,
			);
			path = Resource;
			sourceTree = "<group>";
		};
		087346422C0AAE1200534FFA /* Presentation */ = {
			isa = PBXGroup;
			children = (
				08F49E012C2402AF002D5202 /* Scene */,
				08F49DF72C23FC5F002D5202 /* Components */,
				087346532C0ABC7200534FFA /* CodeConvention Sample */,
				0873464F2C0ABC2300534FFA /* Common */,
			);
			path = Presentation;
			sourceTree = "<group>";
		};
		0873464F2C0ABC2300534FFA /* Common */ = {
			isa = PBXGroup;
			children = (
				BD3C4C742C31AF550087917B /* ViewController */,
				08C813DC2C2D50AD009239FE /* Layout */,
				BD0B8F512C26D59600FFBC24 /* Manager */,
				BDF4F2942C240B86002F4F03 /* Utility */,
				BDF4F2932C240B70002F4F03 /* Extension */,
				08F49DE62C231C30002D5202 /* Enums */,
				087346502C0ABC2A00534FFA /* Interfaces */,
			);
			path = Common;
			sourceTree = "<group>";
		};
		087346502C0ABC2A00534FFA /* Interfaces */ = {
			isa = PBXGroup;
			children = (
				087346512C0ABC4B00534FFA /* ViewModelable.swift */,
				08A28CC52C2BE1EA00DF7A90 /* Inputable.swift */,
				08A28CC72C2BE1F300DF7A90 /* Outputable.swift */,
			);
			path = Interfaces;
			sourceTree = "<group>";
		};
		087346532C0ABC7200534FFA /* CodeConvention Sample */ = {
			isa = PBXGroup;
			children = (
				087346142C0AAD2900534FFA /* ViewController.swift */,
				0873464D2C0AB1CA00534FFA /* ViewControllerViewModel.swift */,
			);
			path = "CodeConvention Sample";
			sourceTree = "<group>";
		};
		087346542C0AEBBA00534FFA /* DIContainer */ = {
			isa = PBXGroup;
			children = (
				087346552C0AEBD900534FFA /* AppDIContainer.swift */,
			);
			path = DIContainer;
			sourceTree = "<group>";
		};
		087346582C0AED5A00534FFA /* Application */ = {
			isa = PBXGroup;
			children = (
				087346592C0AED6C00534FFA /* AppDIContainerTest.swift */,
			);
			path = Application;
			sourceTree = "<group>";
		};
		08A28CBF2C2AF2B800DF7A90 /* Views */ = {
			isa = PBXGroup;
			children = (
				08C813E32C2E9FB0009239FE /* SignUpAgeSelectedButton.swift */,
				08A28CC12C2AF2DD00DF7A90 /* SignUpStep1View.swift */,
				089D19012C3032EC000435D9 /* SignUpStep2View.swift */,
				08C813D42C2D1F5E009239FE /* SignUpStep3View.swift */,
				08C813E12C2D8AA2009239FE /* SignUpStep4View.swift */,
				08C813DA2C2D3A58009239FE /* LargeChipCell.swift */,
			);
			path = Views;
			sourceTree = "<group>";
		};
		08A28CC02C2AF2C100DF7A90 /* Components */ = {
			isa = PBXGroup;
			children = (
				08A28CBD2C2AEAF600DF7A90 /* CheckBoxCPNT.swift */,
				08A28CC32C2B00B700DF7A90 /* TermsViewCPNT.swift */,
			);
			path = Components;
			sourceTree = "<group>";
		};
		08B965642C147E1B00BF95AA /* Domain */ = {
			isa = PBXGroup;
			children = (
				08B965662C14846100BF95AA /* Entities */,
				0851057F2C102F3800ED7DBB /* Interfaces */,
				08B9656C2C1485C100BF95AA /* UseCase */,
			);
			path = Domain;
			sourceTree = "<group>";
		};
		08B965652C147E4C00BF95AA /* Service */ = {
			isa = PBXGroup;
			children = (
				0851057C2C102EAB00ED7DBB /* AuthService */,
			);
			path = Service;
			sourceTree = "<group>";
		};
		08B965662C14846100BF95AA /* Entities */ = {
			isa = PBXGroup;
			children = (
				08F49DE92C231CFC002D5202 /* LoginResponse.swift */,
				08C813F22C2EF7D8009239FE /* MyAuthenticationCredential.swift */,
			);
			path = Entities;
			sourceTree = "<group>";
		};
		08B9656C2C1485C100BF95AA /* UseCase */ = {
			isa = PBXGroup;
			children = (
				BDC622B42C2294D4009411AE /* LocalSaveUseCaseImpl.swift */,
				BD8607962C23418800726692 /* LocalDeleteUseCaseImpl.swift */,
				08B965892C15FEBF00BF95AA /* FetchSocialCredentialUseCaseImpl.swift */,
				08F49DF52C2323C2002D5202 /* TryLoginUseCaseImpl.swift */,
				08F49E0E2C240A64002D5202 /* LocalFetchUseCaseImpl.swift */,
			);
			path = UseCase;
			sourceTree = "<group>";
		};
		08B965712C148A3600BF95AA /* UseCase */ = {
			isa = PBXGroup;
			children = (
				087A68B02C1ECEBC00CF3631 /* LocalDBUseCase.swift */,
				08B9658B2C15FF0600BF95AA /* FetchSocialCredentialUseCase.swift */,
				08F49DF32C232364002D5202 /* TryLoginUseCase.swift */,
			);
			name = UseCase;
			sourceTree = "<group>";
		};
		08B9658D2C16003300BF95AA /* PopPoolNetwork */ = {
			isa = PBXGroup;
			children = (
				08B9658E2C16004D00BF95AA /* PopPoolAPIEndPoint.swift */,
				08B965902C16005300BF95AA /* LoginDTO */,
				08C813EF2C2EF5F0009239FE /* SignUpDTO */,
			);
			path = PopPoolNetwork;
			sourceTree = "<group>";
		};
		08B965902C16005300BF95AA /* LoginDTO */ = {
			isa = PBXGroup;
			children = (
				08F49DEB2C231D13002D5202 /* LoginResponseDTO.swift */,
			);
			path = LoginDTO;
			sourceTree = "<group>";
		};
		08B965962C16026A00BF95AA /* Repositories */ = {
			isa = PBXGroup;
			children = (
				BD2E90F42C1B17C200BB0313 /* KeyChainRepositoryImpl.swift */,
				BDC622B62C229517009411AE /* UserdefaultRepositoryImpl.swift */,
				08F49DEF2C2321B8002D5202 /* AuthRepositoryImpl.swift */,
				08C813F42C2EFA3D009239FE /* SignUpRepositoryImpl.swift */,
			);
			path = Repositories;
			sourceTree = "<group>";
		};
		08B965992C1604DC00BF95AA /* Repositories */ = {
			isa = PBXGroup;
			children = (
				BDB682542C1C316000560E7B /* LocalDBRepository.swift */,
				08F49DF12C23230C002D5202 /* AuthRepository.swift */,
				08C813FC2C2F2C13009239FE /* SignUpRepository.swift */,
			);
			name = Repositories;
			sourceTree = "<group>";
		};
		08C813DC2C2D50AD009239FE /* Layout */ = {
			isa = PBXGroup;
			children = (
				08C813DD2C2D50BC009239FE /* TagsLayout.swift */,
			);
			path = Layout;
			sourceTree = "<group>";
		};
		08C813EF2C2EF5F0009239FE /* SignUpDTO */ = {
			isa = PBXGroup;
			children = (
				08C813F02C2EF60B009239FE /* CheckNickNameRequestDTO.swift */,
				08C813F62C2F15DC009239FE /* FetchInterestListResponseDTO.swift */,
				08C813F82C2F267D009239FE /* FetchGendersResponseDTO.swift */,
				08C813FA2C2F2809009239FE /* TrySignUpRequestDTO.swift */,
			);
			path = SignUpDTO;
			sourceTree = "<group>";
		};
		08F49DE62C231C30002D5202 /* Enums */ = {
			isa = PBXGroup;
			children = (
				08F49DE72C231C40002D5202 /* SocialTYPE.swift */,
				BD86079A2C23429D00726692 /* DatabaseTYPE.swift */,
			);
			path = Enums;
			sourceTree = "<group>";
		};
		08F49DF72C23FC5F002D5202 /* Components */ = {
			isa = PBXGroup;
			children = (
				08F49DFC2C2400FC002D5202 /* ButtonCPNT.swift */,
				BD3C4C682C30C8880087917B /* CMPTInfoBoxView.swift */,
				BD3C4C692C30C8880087917B /* CMPTToolTipView.swift */,
				BD3C4C6C2C30C8AE0087917B /* HeaderViewCPNT.swift */,
				08A28CAB2C27E5FB00DF7A90 /* ProgressIndicatorCPNT.swift */,
				08A28CB32C280F9600DF7A90 /* ProgressViewCPNT.swift */,
				BD9901CC2C2877BF0024F30D /* ToastMSGCPNT.swift */,
				BD3C4C7D2C31BD7A0087917B /* AgeSelectionBottomSheet.swift */,
				08A28CB52C2A97E300DF7A90 /* ContentTitleCPNT.swift */,
				BD353B462C2C13460004659D /* HeaderViewCPNT.swift */,
				08C813DF2C2D82EF009239FE /* SegmentedControlCPNT.swift */,
				089D18FF2C30307A000435D9 /* ValidationTextFieldCPNT.swift */,
			);
			path = Components;
			sourceTree = "<group>";
		};
		08F49E002C24023E002D5202 /* OnBoarding */ = {
			isa = PBXGroup;
			children = (
				08F49E022C2402C9002D5202 /* Splash */,
				08F49E032C2402E7002D5202 /* Login */,
				08F49E042C2402ED002D5202 /* SignUp */,
			);
			path = OnBoarding;
			sourceTree = "<group>";
		};
		08F49E012C2402AF002D5202 /* Scene */ = {
			isa = PBXGroup;
			children = (
				08F49E002C24023E002D5202 /* OnBoarding */,
			);
			path = Scene;
			sourceTree = "<group>";
		};
		08F49E022C2402C9002D5202 /* Splash */ = {
			isa = PBXGroup;
			children = (
				08F49E0A2C240345002D5202 /* _@_@_.swift */,
			);
			path = Splash;
			sourceTree = "<group>";
		};
		08F49E032C2402E7002D5202 /* Login */ = {
			isa = PBXGroup;
			children = (
				BD3C4C752C31AF6A0087917B /* LoginBottomSheet */,
				08F49E082C240335002D5202 /* LoginVC.swift */,
				BD353B4A2C2D3D7D0004659D /* LoginVM.swift */,
			);
			path = Login;
			sourceTree = "<group>";
		};
		08F49E042C2402ED002D5202 /* SignUp */ = {
			isa = PBXGroup;
			children = (
				08A28CC02C2AF2C100DF7A90 /* Components */,
				08A28CBF2C2AF2B800DF7A90 /* Views */,
				08A28CA92C27E16F00DF7A90 /* SignUpVC.swift */,
				08A28CB92C2AC44300DF7A90 /* SignUpVM.swift */,
			);
			path = SignUp;
			sourceTree = "<group>";
		};
		BD0B8F512C26D59600FFBC24 /* Manager */ = {
			isa = PBXGroup;
			children = (
				08F49DF82C24006F002D5202 /* ToastMSGManager.swift */,
			);
			path = Manager;
			sourceTree = "<group>";
		};
		BD3C4C742C31AF550087917B /* ViewController */ = {
			isa = PBXGroup;
			children = (
				BDA0B1362C2E622B007BDCA4 /* ModalViewController.swift */,
			);
			path = ViewController;
			sourceTree = "<group>";
		};
		BD3C4C752C31AF6A0087917B /* LoginBottomSheet */ = {
			isa = PBXGroup;
			children = (
				BD57D4E72C30C63A0036E874 /* LoginBottomSheetVC.swift */,
				BD3C4C6E2C313D6C0087917B /* LoginBottomSheetVM.swift */,
			);
			path = LoginBottomSheet;
			sourceTree = "<group>";
		};
		BDC622AF2C22580E009411AE /* Common */ = {
			isa = PBXGroup;
			children = (
				BDC622B02C225817009411AE /* DatabaseError.swift */,
			);
			path = Common;
			sourceTree = "<group>";
		};
		BDD335092C0B1653002C2295 /* Data */ = {
			isa = PBXGroup;
			children = (
				BDC622AF2C22580E009411AE /* Common */,
				08B965962C16026A00BF95AA /* Repositories */,
				BDD3350A2C0B1660002C2295 /* Network */,
			);
			path = Data;
			sourceTree = "<group>";
		};
		BDD3350A2C0B1660002C2295 /* Network */ = {
			isa = PBXGroup;
			children = (
				08B9658D2C16003300BF95AA /* PopPoolNetwork */,
			);
			path = Network;
			sourceTree = "<group>";
		};
		BDF3B2BA2C0BFA0C00B079C5 /* Provider */ = {
			isa = PBXGroup;
			children = (
				BDF3B2AD2C0BE69700B079C5 /* Provider.swift */,
			);
			path = Provider;
			sourceTree = "<group>";
		};
		BDF3B2BB2C0BFC3300B079C5 /* Common */ = {
			isa = PBXGroup;
			children = (
				BDD335192C0B3AF1002C2295 /* NetworkError.swift */,
			);
			path = Common;
			sourceTree = "<group>";
		};
		BDF3B2BC2C0BFC9900B079C5 /* EndPoint */ = {
			isa = PBXGroup;
			children = (
				BDD3351F2C0B6ACA002C2295 /* EndPoint.swift */,
				BDF3B2A92C0BE23D00B079C5 /* Requestable.swift */,
				BDF3B2C02C0C318E00B079C5 /* Responsable.swift */,
			);
			path = EndPoint;
			sourceTree = "<group>";
		};
		BDF4F2932C240B70002F4F03 /* Extension */ = {
			isa = PBXGroup;
			children = (
				BDF4F2952C240B95002F4F03 /* UIColor+.swift */,
				BDF4F29B2C2422DF002F4F03 /* UIFont+.swift */,
				08C813D62C2D2934009239FE /* UITableViewCell+.swift */,
				08C813D82C2D294D009239FE /* UICollectionViewCell+.swift */,
			);
			path = Extension;
			sourceTree = "<group>";
		};
		BDF4F2942C240B86002F4F03 /* Utility */ = {
			isa = PBXGroup;
			children = (
				BDF4F2972C240BA6002F4F03 /* Constants.swift */,
				BDA0B1332C2DD102007BDCA4 /* Factory.swift */,
			);
			path = Utility;
			sourceTree = "<group>";
		};
		BDF4F29D2C242FE8002F4F03 /* Font */ = {
			isa = PBXGroup;
			children = (
				BDF4F2A92C24304F002F4F03 /* GothicA1-Bold.ttf */,
				BDF4F2A82C24304F002F4F03 /* GothicA1-Light.ttf */,
				BDF4F2A72C24304F002F4F03 /* GothicA1-Medium.ttf */,
				BDF4F2A62C24304F002F4F03 /* GothicA1-Regular.ttf */,
				BDF4F29F2C243035002F4F03 /* Poppins-Bold.ttf */,
				BDF4F2A02C243035002F4F03 /* Poppins-Light.ttf */,
				BDF4F2A12C243035002F4F03 /* Poppins-Medium.ttf */,
				BDF4F29E2C243035002F4F03 /* Poppins-Regular.ttf */,
			);
			path = Font;
			sourceTree = "<group>";
		};
/* End PBXGroup section */

/* Begin PBXNativeTarget section */
		0873460C2C0AAD2900534FFA /* PopPool */ = {
			isa = PBXNativeTarget;
			buildConfigurationList = 087346372C0AAD2B00534FFA /* Build configuration list for PBXNativeTarget "PopPool" */;
			buildPhases = (
				087346092C0AAD2900534FFA /* Sources */,
				0873460A2C0AAD2900534FFA /* Frameworks */,
				0873460B2C0AAD2900534FFA /* Resources */,
			);
			buildRules = (
			);
			dependencies = (
			);
			name = PopPool;
			packageProductDependencies = (
				087346442C0AAF1F00534FFA /* SnapKit */,
				087346472C0AAF7000534FFA /* RxCocoa */,
				087346492C0AAF7000534FFA /* RxRelay */,
				0873464B2C0AAF7000534FFA /* RxSwift */,
				085105752C0EC13800ED7DBB /* RxAlamofire */,
				0851058C2C1033E600ED7DBB /* RxKakaoSDK */,
				0851058E2C1033E600ED7DBB /* RxKakaoSDKAuth */,
				085105902C1033E600ED7DBB /* RxKakaoSDKCert */,
				085105922C1033E600ED7DBB /* RxKakaoSDKCommon */,
				085105942C1033E600ED7DBB /* RxKakaoSDKFriend */,
				085105962C1033E600ED7DBB /* RxKakaoSDKShare */,
				085105982C1033E600ED7DBB /* RxKakaoSDKTalk */,
				0851059A2C1033E600ED7DBB /* RxKakaoSDKUser */,
				089D19052C31A620000435D9 /* IQKeyboardManagerSwift */,
			);
			productName = PopPool;
			productReference = 0873460D2C0AAD2900534FFA /* PopPool.app */;
			productType = "com.apple.product-type.application";
		};
		087346222C0AAD2B00534FFA /* PopPoolTests */ = {
			isa = PBXNativeTarget;
			buildConfigurationList = 0873463A2C0AAD2B00534FFA /* Build configuration list for PBXNativeTarget "PopPoolTests" */;
			buildPhases = (
				0873461F2C0AAD2B00534FFA /* Sources */,
				087346202C0AAD2B00534FFA /* Frameworks */,
				087346212C0AAD2B00534FFA /* Resources */,
			);
			buildRules = (
			);
			dependencies = (
				087346252C0AAD2B00534FFA /* PBXTargetDependency */,
			);
			name = PopPoolTests;
			productName = PopPoolTests;
			productReference = 087346232C0AAD2B00534FFA /* PopPoolTests.xctest */;
			productType = "com.apple.product-type.bundle.unit-test";
		};
		0873462C2C0AAD2B00534FFA /* PopPoolUITests */ = {
			isa = PBXNativeTarget;
			buildConfigurationList = 0873463D2C0AAD2B00534FFA /* Build configuration list for PBXNativeTarget "PopPoolUITests" */;
			buildPhases = (
				087346292C0AAD2B00534FFA /* Sources */,
				0873462A2C0AAD2B00534FFA /* Frameworks */,
				0873462B2C0AAD2B00534FFA /* Resources */,
			);
			buildRules = (
			);
			dependencies = (
				0873462F2C0AAD2B00534FFA /* PBXTargetDependency */,
			);
			name = PopPoolUITests;
			productName = PopPoolUITests;
			productReference = 0873462D2C0AAD2B00534FFA /* PopPoolUITests.xctest */;
			productType = "com.apple.product-type.bundle.ui-testing";
		};
/* End PBXNativeTarget section */

/* Begin PBXProject section */
		087346052C0AAD2800534FFA /* Project object */ = {
			isa = PBXProject;
			attributes = {
				BuildIndependentTargetsInParallel = 1;
				LastSwiftUpdateCheck = 1500;
				LastUpgradeCheck = 1500;
				TargetAttributes = {
					0873460C2C0AAD2900534FFA = {
						CreatedOnToolsVersion = 15.0;
					};
					087346222C0AAD2B00534FFA = {
						CreatedOnToolsVersion = 15.0;
						TestTargetID = 0873460C2C0AAD2900534FFA;
					};
					0873462C2C0AAD2B00534FFA = {
						CreatedOnToolsVersion = 15.0;
						TestTargetID = 0873460C2C0AAD2900534FFA;
					};
				};
			};
			buildConfigurationList = 087346082C0AAD2800534FFA /* Build configuration list for PBXProject "PopPool" */;
			compatibilityVersion = "Xcode 14.0";
			developmentRegion = en;
			hasScannedForEncodings = 0;
			knownRegions = (
				en,
				Base,
			);
			mainGroup = 087346042C0AAD2800534FFA;
			packageReferences = (
				087346432C0AAF1F00534FFA /* XCRemoteSwiftPackageReference "SnapKit" */,
				087346462C0AAF6F00534FFA /* XCRemoteSwiftPackageReference "RxSwift" */,
				085105742C0EC13800ED7DBB /* XCRemoteSwiftPackageReference "RxAlamofire" */,
				0851058B2C1033E500ED7DBB /* XCRemoteSwiftPackageReference "kakao-ios-sdk-rx" */,
				089D19042C31A5B0000435D9 /* XCRemoteSwiftPackageReference "IQKeyboardManager" */,
			);
			productRefGroup = 0873460E2C0AAD2900534FFA /* Products */;
			projectDirPath = "";
			projectRoot = "";
			targets = (
				0873460C2C0AAD2900534FFA /* PopPool */,
				087346222C0AAD2B00534FFA /* PopPoolTests */,
				0873462C2C0AAD2B00534FFA /* PopPoolUITests */,
			);
		};
/* End PBXProject section */

/* Begin PBXResourcesBuildPhase section */
		0873460B2C0AAD2900534FFA /* Resources */ = {
			isa = PBXResourcesBuildPhase;
			buildActionMask = 2147483647;
			files = (
				BDF4F2AC2C24304F002F4F03 /* GothicA1-Light.ttf in Resources */,
				BDF4F2A22C243035002F4F03 /* Poppins-Regular.ttf in Resources */,
				BDF4F2A42C243035002F4F03 /* Poppins-Light.ttf in Resources */,
				0873461D2C0AAD2B00534FFA /* LaunchScreen.storyboard in Resources */,
				BDF4F2A52C243035002F4F03 /* Poppins-Medium.ttf in Resources */,
				0873461A2C0AAD2B00534FFA /* Assets.xcassets in Resources */,
				BDF4F2AB2C24304F002F4F03 /* GothicA1-Medium.ttf in Resources */,
				BDF4F2AA2C24304F002F4F03 /* GothicA1-Regular.ttf in Resources */,
				BDF4F2A32C243035002F4F03 /* Poppins-Bold.ttf in Resources */,
				BDF4F2AD2C24304F002F4F03 /* GothicA1-Bold.ttf in Resources */,
			);
			runOnlyForDeploymentPostprocessing = 0;
		};
		087346212C0AAD2B00534FFA /* Resources */ = {
			isa = PBXResourcesBuildPhase;
			buildActionMask = 2147483647;
			files = (
			);
			runOnlyForDeploymentPostprocessing = 0;
		};
		0873462B2C0AAD2B00534FFA /* Resources */ = {
			isa = PBXResourcesBuildPhase;
			buildActionMask = 2147483647;
			files = (
			);
			runOnlyForDeploymentPostprocessing = 0;
		};
/* End PBXResourcesBuildPhase section */

/* Begin PBXSourcesBuildPhase section */
		087346092C0AAD2900534FFA /* Sources */ = {
			isa = PBXSourcesBuildPhase;
			buildActionMask = 2147483647;
			files = (
				08A28CBE2C2AEAF600DF7A90 /* CheckBoxCPNT.swift in Sources */,
				08A28CAC2C27E5FB00DF7A90 /* ProgressIndicatorCPNT.swift in Sources */,
				08A28CC42C2B00B700DF7A90 /* TermsViewCPNT.swift in Sources */,
				087346522C0ABC4B00534FFA /* ViewModelable.swift in Sources */,
				BDA0B1372C2E622B007BDCA4 /* ModalViewController.swift in Sources */,
				BD3C4C6B2C30C8880087917B /* CMPTToolTipView.swift in Sources */,
				08F49DFD2C2400FC002D5202 /* ButtonCPNT.swift in Sources */,
				08C813F32C2EF7D8009239FE /* MyAuthenticationCredential.swift in Sources */,
				08F49DEA2C231CFC002D5202 /* LoginResponse.swift in Sources */,
				08C813F12C2EF60B009239FE /* CheckNickNameRequestDTO.swift in Sources */,
				BD86079B2C23429D00726692 /* DatabaseTYPE.swift in Sources */,
				085105822C102F8000ED7DBB /* KakaoAuthServiceImpl.swift in Sources */,
				BD3C4C7E2C31BD7A0087917B /* AgeSelectionBottomSheet.swift in Sources */,
				087346152C0AAD2900534FFA /* ViewController.swift in Sources */,
				08A28CC62C2BE1EA00DF7A90 /* Inputable.swift in Sources */,
				08B9658C2C15FF0600BF95AA /* FetchSocialCredentialUseCase.swift in Sources */,
				BDF4F29C2C2422DF002F4F03 /* UIFont+.swift in Sources */,
				BDF3B2C12C0C318E00B079C5 /* Responsable.swift in Sources */,
				08C813F92C2F267D009239FE /* FetchGendersResponseDTO.swift in Sources */,
				08C813D72C2D2934009239FE /* UITableViewCell+.swift in Sources */,
				085105A02C1038EB00ED7DBB /* AuthError.swift in Sources */,
				08C813E02C2D82EF009239FE /* SegmentedControlCPNT.swift in Sources */,
				BD3C4C6F2C313D6C0087917B /* LoginBottomSheetVM.swift in Sources */,
				BDF3B2AA2C0BE23D00B079C5 /* Requestable.swift in Sources */,
				08A28CC82C2BE1F300DF7A90 /* Outputable.swift in Sources */,
				08F49DDB2C200528002D5202 /* AuthService.swift in Sources */,
				08F49DF92C24006F002D5202 /* ToastMSGManager.swift in Sources */,
				08F49E0F2C240A64002D5202 /* LocalFetchUseCaseImpl.swift in Sources */,
				08C813F52C2EFA3D009239FE /* SignUpRepositoryImpl.swift in Sources */,
				BD2E90F52C1B17C200BB0313 /* KeyChainRepositoryImpl.swift in Sources */,
				08C813DB2C2D3A58009239FE /* LargeChipCell.swift in Sources */,
				089D19002C30307A000435D9 /* ValidationTextFieldCPNT.swift in Sources */,
				BDC622B12C225817009411AE /* DatabaseError.swift in Sources */,
				08C813D92C2D294D009239FE /* UICollectionViewCell+.swift in Sources */,
				08A28CB62C2A97E300DF7A90 /* ContentTitleCPNT.swift in Sources */,
				08C813FD2C2F2C14009239FE /* SignUpRepository.swift in Sources */,
				08C813D52C2D1F5E009239FE /* SignUpStep3View.swift in Sources */,
				087346562C0AEBD900534FFA /* AppDIContainer.swift in Sources */,
				08F49DF22C23230C002D5202 /* AuthRepository.swift in Sources */,
				BDF4F2982C240BA6002F4F03 /* Constants.swift in Sources */,
				087346112C0AAD2900534FFA /* AppDelegate.swift in Sources */,
				BD57D4E82C30C63A0036E874 /* LoginBottomSheetVC.swift in Sources */,
				08C813F72C2F15DC009239FE /* FetchInterestListResponseDTO.swift in Sources */,
				0873464E2C0AB1CA00534FFA /* ViewControllerViewModel.swift in Sources */,
				BDC622B72C229517009411AE /* UserdefaultRepositoryImpl.swift in Sources */,
				BD353B4B2C2D3D7D0004659D /* LoginVM.swift in Sources */,
				087346132C0AAD2900534FFA /* SceneDelegate.swift in Sources */,
				08F49DE82C231C40002D5202 /* SocialTYPE.swift in Sources */,
				087A68B12C1ECEBC00CF3631 /* LocalDBUseCase.swift in Sources */,
				08C813FB2C2F2809009239FE /* TrySignUpRequestDTO.swift in Sources */,
				BD353B452C2BE42C0004659D /* Secrets.swift in Sources */,
				08B9658F2C16004D00BF95AA /* PopPoolAPIEndPoint.swift in Sources */,
				BD9901CD2C2877BF0024F30D /* ToastMSGCPNT.swift in Sources */,
				BDD3351A2C0B3AF1002C2295 /* NetworkError.swift in Sources */,
				08F49E0B2C240345002D5202 /* _@_@_.swift in Sources */,
				08B965602C1441C100BF95AA /* AppleAuthServiceImpl.swift in Sources */,
				08A28CB42C280F9600DF7A90 /* ProgressViewCPNT.swift in Sources */,
				08F49E092C240335002D5202 /* LoginVC.swift in Sources */,
				BDF3B2AE2C0BE69700B079C5 /* Provider.swift in Sources */,
				BD3C4C6D2C30C8AE0087917B /* HeaderViewCPNT.swift in Sources */,
				BD353B472C2C13460004659D /* HeaderViewCPNT.swift in Sources */,
				08A28CBA2C2AC44300DF7A90 /* SignUpVM.swift in Sources */,
				08C813E42C2E9FB0009239FE /* SignUpAgeSelectedButton.swift in Sources */,
				08A28CAA2C27E16F00DF7A90 /* SignUpVC.swift in Sources */,
				089D19022C3032EC000435D9 /* SignUpStep2View.swift in Sources */,
				08F49DF42C232364002D5202 /* TryLoginUseCase.swift in Sources */,
				BD8607972C23418800726692 /* LocalDeleteUseCaseImpl.swift in Sources */,
				08C813DE2C2D50BC009239FE /* TagsLayout.swift in Sources */,
				BDB682552C1C316000560E7B /* LocalDBRepository.swift in Sources */,
				08A28CC22C2AF2DD00DF7A90 /* SignUpStep1View.swift in Sources */,
				BDA0B1342C2DD102007BDCA4 /* Factory.swift in Sources */,
				08B9658A2C15FEBF00BF95AA /* FetchSocialCredentialUseCaseImpl.swift in Sources */,
				08F49DF02C2321B8002D5202 /* AuthRepositoryImpl.swift in Sources */,
				BDF4F2962C240B95002F4F03 /* UIColor+.swift in Sources */,
				BDD335202C0B6ACA002C2295 /* EndPoint.swift in Sources */,
				08F49DF62C2323C2002D5202 /* TryLoginUseCaseImpl.swift in Sources */,
				BD3C4C6A2C30C8880087917B /* CMPTInfoBoxView.swift in Sources */,
				08C813E22C2D8AA2009239FE /* SignUpStep4View.swift in Sources */,
				08F49DEC2C231D13002D5202 /* LoginResponseDTO.swift in Sources */,
				BDC622B52C2294D4009411AE /* LocalSaveUseCaseImpl.swift in Sources */,
			);
			runOnlyForDeploymentPostprocessing = 0;
		};
		0873461F2C0AAD2B00534FFA /* Sources */ = {
			isa = PBXSourcesBuildPhase;
			buildActionMask = 2147483647;
			files = (
				BD6368082C0CBEFE00891A1B /* PopPoolTests.swift in Sources */,
				0873465B2C0AEFCF00534FFA /* AppDelegate.swift in Sources */,
				087346572C0AED3400534FFA /* AppDIContainer.swift in Sources */,
				0873465A2C0AED6C00534FFA /* AppDIContainerTest.swift in Sources */,
			);
			runOnlyForDeploymentPostprocessing = 0;
		};
		087346292C0AAD2B00534FFA /* Sources */ = {
			isa = PBXSourcesBuildPhase;
			buildActionMask = 2147483647;
			files = (
				087346342C0AAD2B00534FFA /* PopPoolUITestsLaunchTests.swift in Sources */,
				087346322C0AAD2B00534FFA /* PopPoolUITests.swift in Sources */,
			);
			runOnlyForDeploymentPostprocessing = 0;
		};
/* End PBXSourcesBuildPhase section */

/* Begin PBXTargetDependency section */
		087346252C0AAD2B00534FFA /* PBXTargetDependency */ = {
			isa = PBXTargetDependency;
			target = 0873460C2C0AAD2900534FFA /* PopPool */;
			targetProxy = 087346242C0AAD2B00534FFA /* PBXContainerItemProxy */;
		};
		0873462F2C0AAD2B00534FFA /* PBXTargetDependency */ = {
			isa = PBXTargetDependency;
			target = 0873460C2C0AAD2900534FFA /* PopPool */;
			targetProxy = 0873462E2C0AAD2B00534FFA /* PBXContainerItemProxy */;
		};
/* End PBXTargetDependency section */

/* Begin PBXVariantGroup section */
		0873461B2C0AAD2B00534FFA /* LaunchScreen.storyboard */ = {
			isa = PBXVariantGroup;
			children = (
				0873461C2C0AAD2B00534FFA /* Base */,
			);
			name = LaunchScreen.storyboard;
			sourceTree = "<group>";
		};
/* End PBXVariantGroup section */

/* Begin XCBuildConfiguration section */
		087346352C0AAD2B00534FFA /* Debug */ = {
			isa = XCBuildConfiguration;
			buildSettings = {
				ALWAYS_SEARCH_USER_PATHS = NO;
				ASSETCATALOG_COMPILER_GENERATE_SWIFT_ASSET_SYMBOL_EXTENSIONS = YES;
				CLANG_ANALYZER_NONNULL = YES;
				CLANG_ANALYZER_NUMBER_OBJECT_CONVERSION = YES_AGGRESSIVE;
				CLANG_CXX_LANGUAGE_STANDARD = "gnu++20";
				CLANG_ENABLE_MODULES = YES;
				CLANG_ENABLE_OBJC_ARC = YES;
				CLANG_ENABLE_OBJC_WEAK = YES;
				CLANG_WARN_BLOCK_CAPTURE_AUTORELEASING = YES;
				CLANG_WARN_BOOL_CONVERSION = YES;
				CLANG_WARN_COMMA = YES;
				CLANG_WARN_CONSTANT_CONVERSION = YES;
				CLANG_WARN_DEPRECATED_OBJC_IMPLEMENTATIONS = YES;
				CLANG_WARN_DIRECT_OBJC_ISA_USAGE = YES_ERROR;
				CLANG_WARN_DOCUMENTATION_COMMENTS = YES;
				CLANG_WARN_EMPTY_BODY = YES;
				CLANG_WARN_ENUM_CONVERSION = YES;
				CLANG_WARN_INFINITE_RECURSION = YES;
				CLANG_WARN_INT_CONVERSION = YES;
				CLANG_WARN_NON_LITERAL_NULL_CONVERSION = YES;
				CLANG_WARN_OBJC_IMPLICIT_RETAIN_SELF = YES;
				CLANG_WARN_OBJC_LITERAL_CONVERSION = YES;
				CLANG_WARN_OBJC_ROOT_CLASS = YES_ERROR;
				CLANG_WARN_QUOTED_INCLUDE_IN_FRAMEWORK_HEADER = YES;
				CLANG_WARN_RANGE_LOOP_ANALYSIS = YES;
				CLANG_WARN_STRICT_PROTOTYPES = YES;
				CLANG_WARN_SUSPICIOUS_MOVE = YES;
				CLANG_WARN_UNGUARDED_AVAILABILITY = YES_AGGRESSIVE;
				CLANG_WARN_UNREACHABLE_CODE = YES;
				CLANG_WARN__DUPLICATE_METHOD_MATCH = YES;
				COPY_PHASE_STRIP = NO;
				DEBUG_INFORMATION_FORMAT = dwarf;
				ENABLE_STRICT_OBJC_MSGSEND = YES;
				ENABLE_TESTABILITY = YES;
				ENABLE_USER_SCRIPT_SANDBOXING = YES;
				GCC_C_LANGUAGE_STANDARD = gnu17;
				GCC_DYNAMIC_NO_PIC = NO;
				GCC_NO_COMMON_BLOCKS = YES;
				GCC_OPTIMIZATION_LEVEL = 0;
				GCC_PREPROCESSOR_DEFINITIONS = (
					"DEBUG=1",
					"$(inherited)",
				);
				GCC_WARN_64_TO_32_BIT_CONVERSION = YES;
				GCC_WARN_ABOUT_RETURN_TYPE = YES_ERROR;
				GCC_WARN_UNDECLARED_SELECTOR = YES;
				GCC_WARN_UNINITIALIZED_AUTOS = YES_AGGRESSIVE;
				GCC_WARN_UNUSED_FUNCTION = YES;
				GCC_WARN_UNUSED_VARIABLE = YES;
				IPHONEOS_DEPLOYMENT_TARGET = 15.0;
				LOCALIZATION_PREFERS_STRING_CATALOGS = YES;
				MTL_ENABLE_DEBUG_INFO = INCLUDE_SOURCE;
				MTL_FAST_MATH = YES;
				ONLY_ACTIVE_ARCH = YES;
				SDKROOT = iphoneos;
				SWIFT_ACTIVE_COMPILATION_CONDITIONS = "DEBUG $(inherited)";
				SWIFT_OPTIMIZATION_LEVEL = "-Onone";
			};
			name = Debug;
		};
		087346362C0AAD2B00534FFA /* Release */ = {
			isa = XCBuildConfiguration;
			buildSettings = {
				ALWAYS_SEARCH_USER_PATHS = NO;
				ASSETCATALOG_COMPILER_GENERATE_SWIFT_ASSET_SYMBOL_EXTENSIONS = YES;
				CLANG_ANALYZER_NONNULL = YES;
				CLANG_ANALYZER_NUMBER_OBJECT_CONVERSION = YES_AGGRESSIVE;
				CLANG_CXX_LANGUAGE_STANDARD = "gnu++20";
				CLANG_ENABLE_MODULES = YES;
				CLANG_ENABLE_OBJC_ARC = YES;
				CLANG_ENABLE_OBJC_WEAK = YES;
				CLANG_WARN_BLOCK_CAPTURE_AUTORELEASING = YES;
				CLANG_WARN_BOOL_CONVERSION = YES;
				CLANG_WARN_COMMA = YES;
				CLANG_WARN_CONSTANT_CONVERSION = YES;
				CLANG_WARN_DEPRECATED_OBJC_IMPLEMENTATIONS = YES;
				CLANG_WARN_DIRECT_OBJC_ISA_USAGE = YES_ERROR;
				CLANG_WARN_DOCUMENTATION_COMMENTS = YES;
				CLANG_WARN_EMPTY_BODY = YES;
				CLANG_WARN_ENUM_CONVERSION = YES;
				CLANG_WARN_INFINITE_RECURSION = YES;
				CLANG_WARN_INT_CONVERSION = YES;
				CLANG_WARN_NON_LITERAL_NULL_CONVERSION = YES;
				CLANG_WARN_OBJC_IMPLICIT_RETAIN_SELF = YES;
				CLANG_WARN_OBJC_LITERAL_CONVERSION = YES;
				CLANG_WARN_OBJC_ROOT_CLASS = YES_ERROR;
				CLANG_WARN_QUOTED_INCLUDE_IN_FRAMEWORK_HEADER = YES;
				CLANG_WARN_RANGE_LOOP_ANALYSIS = YES;
				CLANG_WARN_STRICT_PROTOTYPES = YES;
				CLANG_WARN_SUSPICIOUS_MOVE = YES;
				CLANG_WARN_UNGUARDED_AVAILABILITY = YES_AGGRESSIVE;
				CLANG_WARN_UNREACHABLE_CODE = YES;
				CLANG_WARN__DUPLICATE_METHOD_MATCH = YES;
				COPY_PHASE_STRIP = NO;
				DEBUG_INFORMATION_FORMAT = "dwarf-with-dsym";
				ENABLE_NS_ASSERTIONS = NO;
				ENABLE_STRICT_OBJC_MSGSEND = YES;
				ENABLE_USER_SCRIPT_SANDBOXING = YES;
				GCC_C_LANGUAGE_STANDARD = gnu17;
				GCC_NO_COMMON_BLOCKS = YES;
				GCC_WARN_64_TO_32_BIT_CONVERSION = YES;
				GCC_WARN_ABOUT_RETURN_TYPE = YES_ERROR;
				GCC_WARN_UNDECLARED_SELECTOR = YES;
				GCC_WARN_UNINITIALIZED_AUTOS = YES_AGGRESSIVE;
				GCC_WARN_UNUSED_FUNCTION = YES;
				GCC_WARN_UNUSED_VARIABLE = YES;
				IPHONEOS_DEPLOYMENT_TARGET = 15.0;
				LOCALIZATION_PREFERS_STRING_CATALOGS = YES;
				MTL_ENABLE_DEBUG_INFO = NO;
				MTL_FAST_MATH = YES;
				SDKROOT = iphoneos;
				SWIFT_COMPILATION_MODE = wholemodule;
				VALIDATE_PRODUCT = YES;
			};
			name = Release;
		};
		087346382C0AAD2B00534FFA /* Debug */ = {
			isa = XCBuildConfiguration;
			buildSettings = {
				ASSETCATALOG_COMPILER_APPICON_NAME = AppIcon;
				ASSETCATALOG_COMPILER_GLOBAL_ACCENT_COLOR_NAME = AccentColor;
				CODE_SIGN_ENTITLEMENTS = PopPool/PopPool.entitlements;
				CODE_SIGN_STYLE = Automatic;
				CURRENT_PROJECT_VERSION = 1;
				DEVELOPMENT_TEAM = W5QTRMS954;
				GENERATE_INFOPLIST_FILE = YES;
				INFOPLIST_FILE = PopPool/Resource/Info.plist;
				INFOPLIST_KEY_UIApplicationSupportsIndirectInputEvents = YES;
				INFOPLIST_KEY_UILaunchStoryboardName = LaunchScreen;
				INFOPLIST_KEY_UISupportedInterfaceOrientations_iPad = "UIInterfaceOrientationPortrait UIInterfaceOrientationPortraitUpsideDown UIInterfaceOrientationLandscapeLeft UIInterfaceOrientationLandscapeRight";
				INFOPLIST_KEY_UISupportedInterfaceOrientations_iPhone = "UIInterfaceOrientationPortrait UIInterfaceOrientationLandscapeLeft UIInterfaceOrientationLandscapeRight";
				IPHONEOS_DEPLOYMENT_TARGET = 15.0;
				LD_RUNPATH_SEARCH_PATHS = (
					"$(inherited)",
					"@executable_path/Frameworks",
				);
				MARKETING_VERSION = 1.0;
				PRODUCT_BUNDLE_IDENTIFIER = com.junyoung.PopPool;
				PRODUCT_NAME = "$(TARGET_NAME)";
				SUPPORTED_PLATFORMS = "iphoneos iphonesimulator";
				SUPPORTS_MACCATALYST = NO;
				SUPPORTS_MAC_DESIGNED_FOR_IPHONE_IPAD = NO;
				SUPPORTS_XR_DESIGNED_FOR_IPHONE_IPAD = NO;
				SWIFT_EMIT_LOC_STRINGS = YES;
				SWIFT_VERSION = 5.0;
				TARGETED_DEVICE_FAMILY = 1;
			};
			name = Debug;
		};
		087346392C0AAD2B00534FFA /* Release */ = {
			isa = XCBuildConfiguration;
			buildSettings = {
				ASSETCATALOG_COMPILER_APPICON_NAME = AppIcon;
				ASSETCATALOG_COMPILER_GLOBAL_ACCENT_COLOR_NAME = AccentColor;
				CODE_SIGN_ENTITLEMENTS = PopPool/PopPool.entitlements;
				CODE_SIGN_STYLE = Automatic;
				CURRENT_PROJECT_VERSION = 1;
				DEVELOPMENT_TEAM = W5QTRMS954;
				GENERATE_INFOPLIST_FILE = YES;
				INFOPLIST_FILE = PopPool/Resource/Info.plist;
				INFOPLIST_KEY_UIApplicationSupportsIndirectInputEvents = YES;
				INFOPLIST_KEY_UILaunchStoryboardName = LaunchScreen;
				INFOPLIST_KEY_UISupportedInterfaceOrientations_iPad = "UIInterfaceOrientationPortrait UIInterfaceOrientationPortraitUpsideDown UIInterfaceOrientationLandscapeLeft UIInterfaceOrientationLandscapeRight";
				INFOPLIST_KEY_UISupportedInterfaceOrientations_iPhone = "UIInterfaceOrientationPortrait UIInterfaceOrientationLandscapeLeft UIInterfaceOrientationLandscapeRight";
				IPHONEOS_DEPLOYMENT_TARGET = 15.0;
				LD_RUNPATH_SEARCH_PATHS = (
					"$(inherited)",
					"@executable_path/Frameworks",
				);
				MARKETING_VERSION = 1.0;
				PRODUCT_BUNDLE_IDENTIFIER = com.junyoung.PopPool;
				PRODUCT_NAME = "$(TARGET_NAME)";
				SUPPORTED_PLATFORMS = "iphoneos iphonesimulator";
				SUPPORTS_MACCATALYST = NO;
				SUPPORTS_MAC_DESIGNED_FOR_IPHONE_IPAD = NO;
				SUPPORTS_XR_DESIGNED_FOR_IPHONE_IPAD = NO;
				SWIFT_EMIT_LOC_STRINGS = YES;
				SWIFT_VERSION = 5.0;
				TARGETED_DEVICE_FAMILY = 1;
			};
			name = Release;
		};
		0873463B2C0AAD2B00534FFA /* Debug */ = {
			isa = XCBuildConfiguration;
			buildSettings = {
				ALWAYS_EMBED_SWIFT_STANDARD_LIBRARIES = YES;
				BUNDLE_LOADER = "$(TEST_HOST)";
				CODE_SIGN_STYLE = Automatic;
				CURRENT_PROJECT_VERSION = 1;
				DEVELOPMENT_TEAM = W5QTRMS954;
				GENERATE_INFOPLIST_FILE = YES;
				IPHONEOS_DEPLOYMENT_TARGET = 17.0;
				MARKETING_VERSION = 1.0;
				PRODUCT_BUNDLE_IDENTIFIER = com.donggle.PopPoolTests;
				PRODUCT_NAME = "$(TARGET_NAME)";
				SWIFT_EMIT_LOC_STRINGS = NO;
				SWIFT_VERSION = 5.0;
				TARGETED_DEVICE_FAMILY = "1,2";
				TEST_HOST = "$(BUILT_PRODUCTS_DIR)/PopPool.app/$(BUNDLE_EXECUTABLE_FOLDER_PATH)/PopPool";
			};
			name = Debug;
		};
		0873463C2C0AAD2B00534FFA /* Release */ = {
			isa = XCBuildConfiguration;
			buildSettings = {
				ALWAYS_EMBED_SWIFT_STANDARD_LIBRARIES = YES;
				BUNDLE_LOADER = "$(TEST_HOST)";
				CODE_SIGN_STYLE = Automatic;
				CURRENT_PROJECT_VERSION = 1;
				DEVELOPMENT_TEAM = W5QTRMS954;
				GENERATE_INFOPLIST_FILE = YES;
				IPHONEOS_DEPLOYMENT_TARGET = 17.0;
				MARKETING_VERSION = 1.0;
				PRODUCT_BUNDLE_IDENTIFIER = com.donggle.PopPoolTests;
				PRODUCT_NAME = "$(TARGET_NAME)";
				SWIFT_EMIT_LOC_STRINGS = NO;
				SWIFT_VERSION = 5.0;
				TARGETED_DEVICE_FAMILY = "1,2";
				TEST_HOST = "$(BUILT_PRODUCTS_DIR)/PopPool.app/$(BUNDLE_EXECUTABLE_FOLDER_PATH)/PopPool";
			};
			name = Release;
		};
		0873463E2C0AAD2B00534FFA /* Debug */ = {
			isa = XCBuildConfiguration;
			buildSettings = {
				ALWAYS_EMBED_SWIFT_STANDARD_LIBRARIES = YES;
				CODE_SIGN_STYLE = Automatic;
				CURRENT_PROJECT_VERSION = 1;
				DEVELOPMENT_TEAM = W5QTRMS954;
				GENERATE_INFOPLIST_FILE = YES;
				MARKETING_VERSION = 1.0;
				PRODUCT_BUNDLE_IDENTIFIER = com.donggle.PopPoolUITests;
				PRODUCT_NAME = "$(TARGET_NAME)";
				SWIFT_EMIT_LOC_STRINGS = NO;
				SWIFT_VERSION = 5.0;
				TARGETED_DEVICE_FAMILY = "1,2";
				TEST_TARGET_NAME = PopPool;
			};
			name = Debug;
		};
		0873463F2C0AAD2B00534FFA /* Release */ = {
			isa = XCBuildConfiguration;
			buildSettings = {
				ALWAYS_EMBED_SWIFT_STANDARD_LIBRARIES = YES;
				CODE_SIGN_STYLE = Automatic;
				CURRENT_PROJECT_VERSION = 1;
				DEVELOPMENT_TEAM = W5QTRMS954;
				GENERATE_INFOPLIST_FILE = YES;
				MARKETING_VERSION = 1.0;
				PRODUCT_BUNDLE_IDENTIFIER = com.donggle.PopPoolUITests;
				PRODUCT_NAME = "$(TARGET_NAME)";
				SWIFT_EMIT_LOC_STRINGS = NO;
				SWIFT_VERSION = 5.0;
				TARGETED_DEVICE_FAMILY = "1,2";
				TEST_TARGET_NAME = PopPool;
			};
			name = Release;
		};
/* End XCBuildConfiguration section */

/* Begin XCConfigurationList section */
		087346082C0AAD2800534FFA /* Build configuration list for PBXProject "PopPool" */ = {
			isa = XCConfigurationList;
			buildConfigurations = (
				087346352C0AAD2B00534FFA /* Debug */,
				087346362C0AAD2B00534FFA /* Release */,
			);
			defaultConfigurationIsVisible = 0;
			defaultConfigurationName = Release;
		};
		087346372C0AAD2B00534FFA /* Build configuration list for PBXNativeTarget "PopPool" */ = {
			isa = XCConfigurationList;
			buildConfigurations = (
				087346382C0AAD2B00534FFA /* Debug */,
				087346392C0AAD2B00534FFA /* Release */,
			);
			defaultConfigurationIsVisible = 0;
			defaultConfigurationName = Release;
		};
		0873463A2C0AAD2B00534FFA /* Build configuration list for PBXNativeTarget "PopPoolTests" */ = {
			isa = XCConfigurationList;
			buildConfigurations = (
				0873463B2C0AAD2B00534FFA /* Debug */,
				0873463C2C0AAD2B00534FFA /* Release */,
			);
			defaultConfigurationIsVisible = 0;
			defaultConfigurationName = Release;
		};
		0873463D2C0AAD2B00534FFA /* Build configuration list for PBXNativeTarget "PopPoolUITests" */ = {
			isa = XCConfigurationList;
			buildConfigurations = (
				0873463E2C0AAD2B00534FFA /* Debug */,
				0873463F2C0AAD2B00534FFA /* Release */,
			);
			defaultConfigurationIsVisible = 0;
			defaultConfigurationName = Release;
		};
/* End XCConfigurationList section */

/* Begin XCRemoteSwiftPackageReference section */
		085105742C0EC13800ED7DBB /* XCRemoteSwiftPackageReference "RxAlamofire" */ = {
			isa = XCRemoteSwiftPackageReference;
			repositoryURL = "https://github.com/RxSwiftCommunity/RxAlamofire";
			requirement = {
				kind = upToNextMajorVersion;
				minimumVersion = 6.0.0;
			};
		};
		0851058B2C1033E500ED7DBB /* XCRemoteSwiftPackageReference "kakao-ios-sdk-rx" */ = {
			isa = XCRemoteSwiftPackageReference;
			repositoryURL = "https://github.com/kakao/kakao-ios-sdk-rx";
			requirement = {
				kind = upToNextMajorVersion;
				minimumVersion = 2.22.2;
			};
		};
		087346432C0AAF1F00534FFA /* XCRemoteSwiftPackageReference "SnapKit" */ = {
			isa = XCRemoteSwiftPackageReference;
			repositoryURL = "https://github.com/SnapKit/SnapKit.git";
			requirement = {
				kind = upToNextMajorVersion;
				minimumVersion = 5.7.1;
			};
		};
		087346462C0AAF6F00534FFA /* XCRemoteSwiftPackageReference "RxSwift" */ = {
			isa = XCRemoteSwiftPackageReference;
			repositoryURL = "https://github.com/ReactiveX/RxSwift";
			requirement = {
				kind = upToNextMajorVersion;
				minimumVersion = 6.7.1;
			};
		};
		089D19042C31A5B0000435D9 /* XCRemoteSwiftPackageReference "IQKeyboardManager" */ = {
			isa = XCRemoteSwiftPackageReference;
			repositoryURL = "https://github.com/hackiftekhar/IQKeyboardManager.git";
			requirement = {
				kind = upToNextMajorVersion;
				minimumVersion = 7.0.3;
			};
		};
/* End XCRemoteSwiftPackageReference section */

/* Begin XCSwiftPackageProductDependency section */
		085105752C0EC13800ED7DBB /* RxAlamofire */ = {
			isa = XCSwiftPackageProductDependency;
			package = 085105742C0EC13800ED7DBB /* XCRemoteSwiftPackageReference "RxAlamofire" */;
			productName = RxAlamofire;
		};
		0851058C2C1033E600ED7DBB /* RxKakaoSDK */ = {
			isa = XCSwiftPackageProductDependency;
			package = 0851058B2C1033E500ED7DBB /* XCRemoteSwiftPackageReference "kakao-ios-sdk-rx" */;
			productName = RxKakaoSDK;
		};
		0851058E2C1033E600ED7DBB /* RxKakaoSDKAuth */ = {
			isa = XCSwiftPackageProductDependency;
			package = 0851058B2C1033E500ED7DBB /* XCRemoteSwiftPackageReference "kakao-ios-sdk-rx" */;
			productName = RxKakaoSDKAuth;
		};
		085105902C1033E600ED7DBB /* RxKakaoSDKCert */ = {
			isa = XCSwiftPackageProductDependency;
			package = 0851058B2C1033E500ED7DBB /* XCRemoteSwiftPackageReference "kakao-ios-sdk-rx" */;
			productName = RxKakaoSDKCert;
		};
		085105922C1033E600ED7DBB /* RxKakaoSDKCommon */ = {
			isa = XCSwiftPackageProductDependency;
			package = 0851058B2C1033E500ED7DBB /* XCRemoteSwiftPackageReference "kakao-ios-sdk-rx" */;
			productName = RxKakaoSDKCommon;
		};
		085105942C1033E600ED7DBB /* RxKakaoSDKFriend */ = {
			isa = XCSwiftPackageProductDependency;
			package = 0851058B2C1033E500ED7DBB /* XCRemoteSwiftPackageReference "kakao-ios-sdk-rx" */;
			productName = RxKakaoSDKFriend;
		};
		085105962C1033E600ED7DBB /* RxKakaoSDKShare */ = {
			isa = XCSwiftPackageProductDependency;
			package = 0851058B2C1033E500ED7DBB /* XCRemoteSwiftPackageReference "kakao-ios-sdk-rx" */;
			productName = RxKakaoSDKShare;
		};
		085105982C1033E600ED7DBB /* RxKakaoSDKTalk */ = {
			isa = XCSwiftPackageProductDependency;
			package = 0851058B2C1033E500ED7DBB /* XCRemoteSwiftPackageReference "kakao-ios-sdk-rx" */;
			productName = RxKakaoSDKTalk;
		};
		0851059A2C1033E600ED7DBB /* RxKakaoSDKUser */ = {
			isa = XCSwiftPackageProductDependency;
			package = 0851058B2C1033E500ED7DBB /* XCRemoteSwiftPackageReference "kakao-ios-sdk-rx" */;
			productName = RxKakaoSDKUser;
		};
		087346442C0AAF1F00534FFA /* SnapKit */ = {
			isa = XCSwiftPackageProductDependency;
			package = 087346432C0AAF1F00534FFA /* XCRemoteSwiftPackageReference "SnapKit" */;
			productName = SnapKit;
		};
		087346472C0AAF7000534FFA /* RxCocoa */ = {
			isa = XCSwiftPackageProductDependency;
			package = 087346462C0AAF6F00534FFA /* XCRemoteSwiftPackageReference "RxSwift" */;
			productName = RxCocoa;
		};
		087346492C0AAF7000534FFA /* RxRelay */ = {
			isa = XCSwiftPackageProductDependency;
			package = 087346462C0AAF6F00534FFA /* XCRemoteSwiftPackageReference "RxSwift" */;
			productName = RxRelay;
		};
		0873464B2C0AAF7000534FFA /* RxSwift */ = {
			isa = XCSwiftPackageProductDependency;
			package = 087346462C0AAF6F00534FFA /* XCRemoteSwiftPackageReference "RxSwift" */;
			productName = RxSwift;
		};
		089D19052C31A620000435D9 /* IQKeyboardManagerSwift */ = {
			isa = XCSwiftPackageProductDependency;
			package = 089D19042C31A5B0000435D9 /* XCRemoteSwiftPackageReference "IQKeyboardManager" */;
			productName = IQKeyboardManagerSwift;
		};
/* End XCSwiftPackageProductDependency section */
	};
	rootObject = 087346052C0AAD2800534FFA /* Project object */;
}
