// !$*UTF8*$!
{
	archiveVersion = 1;
	classes = {
	};
	objectVersion = 76;
	objects = {

/* Begin PBXBuildFile section */
		05C1D60B2DB53A4900508FFD /* Data.framework in Frameworks */ = {isa = PBXBuildFile; fileRef = 05C1D6072DB53A4900508FFD /* Data.framework */; };
		05C1D60C2DB53A4900508FFD /* Data.framework in Embed Frameworks */ = {isa = PBXBuildFile; fileRef = 05C1D6072DB53A4900508FFD /* Data.framework */; settings = {ATTRIBUTES = (CodeSignOnCopy, RemoveHeadersOnCopy, ); }; };
		05C1D60D2DB53A4900508FFD /* Domain.framework in Frameworks */ = {isa = PBXBuildFile; fileRef = 05C1D6082DB53A4900508FFD /* Domain.framework */; };
		05C1D60E2DB53A4900508FFD /* Domain.framework in Embed Frameworks */ = {isa = PBXBuildFile; fileRef = 05C1D6082DB53A4900508FFD /* Domain.framework */; settings = {ATTRIBUTES = (CodeSignOnCopy, RemoveHeadersOnCopy, ); }; };
		05C1D60F2DB53A4900508FFD /* Infrastructure.framework in Frameworks */ = {isa = PBXBuildFile; fileRef = 05C1D6092DB53A4900508FFD /* Infrastructure.framework */; };
		05C1D6102DB53A4900508FFD /* Infrastructure.framework in Embed Frameworks */ = {isa = PBXBuildFile; fileRef = 05C1D6092DB53A4900508FFD /* Infrastructure.framework */; settings = {ATTRIBUTES = (CodeSignOnCopy, RemoveHeadersOnCopy, ); }; };
		05C1D6112DB53A4900508FFD /* Presentation.framework in Frameworks */ = {isa = PBXBuildFile; fileRef = 05C1D60A2DB53A4900508FFD /* Presentation.framework */; };
		05C1D6122DB53A4900508FFD /* Presentation.framework in Embed Frameworks */ = {isa = PBXBuildFile; fileRef = 05C1D60A2DB53A4900508FFD /* Presentation.framework */; settings = {ATTRIBUTES = (CodeSignOnCopy, RemoveHeadersOnCopy, ); }; };
		082197A12D426DCB0054094A /* Then in Frameworks */ = {isa = PBXBuildFile; productRef = 082197A02D426DCB0054094A /* Then */; };
		083A25D02CF364B70099B58E /* Alamofire in Frameworks */ = {isa = PBXBuildFile; productRef = 083A25CF2CF364B70099B58E /* Alamofire */; };
		088DE2442D104EE70030FA9E /* SwiftSoup in Frameworks */ = {isa = PBXBuildFile; productRef = 088DE2432D104EE70030FA9E /* SwiftSoup */; };
		4E15142A2D99480200DFD08F /* NMapsMap in Frameworks */ = {isa = PBXBuildFile; productRef = 4E1514292D99480200DFD08F /* NMapsMap */; };
		4E15142C2D994A3A00DFD08F /* KakaoSDK in Frameworks */ = {isa = PBXBuildFile; productRef = 4E15142B2D994A3A00DFD08F /* KakaoSDK */; };
		4E15142E2D994A3A00DFD08F /* KakaoSDKAuth in Frameworks */ = {isa = PBXBuildFile; productRef = 4E15142D2D994A3A00DFD08F /* KakaoSDKAuth */; };
		4E1514302D994A3A00DFD08F /* KakaoSDKCommon in Frameworks */ = {isa = PBXBuildFile; productRef = 4E15142F2D994A3A00DFD08F /* KakaoSDKCommon */; };
		4E5825672D1951DF00EE83EF /* FloatingPanel in Frameworks */ = {isa = PBXBuildFile; productRef = 4E5825662D1951DF00EE83EF /* FloatingPanel */; };
		4EA9989D2D21C404009DC30B /* RxDataSources in Frameworks */ = {isa = PBXBuildFile; productRef = 4EA9989C2D21C404009DC30B /* RxDataSources */; };
		4EE360FD2D91876300D2441D /* NMapsMap in Frameworks */ = {isa = PBXBuildFile; productRef = 4EE360FC2D91876300D2441D /* NMapsMap */; };
		BDCA41F22CF35D0D005EECF6 /* SnapKit in Frameworks */ = {isa = PBXBuildFile; productRef = BDCA41F12CF35D0D005EECF6 /* SnapKit */; };
		BDCA41F82CF35D9A005EECF6 /* RxSwift in Frameworks */ = {isa = PBXBuildFile; productRef = BDCA41F72CF35D9A005EECF6 /* RxSwift */; };
		BDCA41FE2CF35EE7005EECF6 /* ReactorKit in Frameworks */ = {isa = PBXBuildFile; productRef = BDCA41FD2CF35EE7005EECF6 /* ReactorKit */; };
		BDCA42012CF35EFE005EECF6 /* RxKeyboard in Frameworks */ = {isa = PBXBuildFile; productRef = BDCA42002CF35EFE005EECF6 /* RxKeyboard */; };
		BDCA42042CF35F76005EECF6 /* PanModal in Frameworks */ = {isa = PBXBuildFile; productRef = BDCA42032CF35F76005EECF6 /* PanModal */; };
		BDCA42072CF35FA6005EECF6 /* Tabman in Frameworks */ = {isa = PBXBuildFile; productRef = BDCA42062CF35FA6005EECF6 /* Tabman */; };
		BDCA420A2CF35FB1005EECF6 /* Pageboy in Frameworks */ = {isa = PBXBuildFile; productRef = BDCA42092CF35FB1005EECF6 /* Pageboy */; };
		BDCA420D2CF35FD2005EECF6 /* RxGesture in Frameworks */ = {isa = PBXBuildFile; productRef = BDCA420C2CF35FD2005EECF6 /* RxGesture */; };
		BDCA42102CF35FF5005EECF6 /* Lottie in Frameworks */ = {isa = PBXBuildFile; productRef = BDCA420F2CF35FF5005EECF6 /* Lottie */; };
/* End PBXBuildFile section */

/* Begin PBXCopyFilesBuildPhase section */
		05C1D6132DB53A4900508FFD /* Embed Frameworks */ = {
			isa = PBXCopyFilesBuildPhase;
			buildActionMask = 2147483647;
			dstPath = "";
			dstSubfolderSpec = 10;
			files = (
				05C1D6102DB53A4900508FFD /* Infrastructure.framework in Embed Frameworks */,
				05C1D60E2DB53A4900508FFD /* Domain.framework in Embed Frameworks */,
				05C1D6122DB53A4900508FFD /* Presentation.framework in Embed Frameworks */,
				05C1D60C2DB53A4900508FFD /* Data.framework in Embed Frameworks */,
			);
			name = "Embed Frameworks";
			runOnlyForDeploymentPostprocessing = 0;
		};
/* End PBXCopyFilesBuildPhase section */

/* Begin PBXFileReference section */
		05229DD02D99519200D88E73 /* .swiftlint.yml */ = {isa = PBXFileReference; lastKnownFileType = text.yaml; path = .swiftlint.yml; sourceTree = "<group>"; };
		05C1D6072DB53A4900508FFD /* Data.framework */ = {isa = PBXFileReference; explicitFileType = wrapper.framework; path = Data.framework; sourceTree = BUILT_PRODUCTS_DIR; };
		05C1D6082DB53A4900508FFD /* Domain.framework */ = {isa = PBXFileReference; explicitFileType = wrapper.framework; path = Domain.framework; sourceTree = BUILT_PRODUCTS_DIR; };
		05C1D6092DB53A4900508FFD /* Infrastructure.framework */ = {isa = PBXFileReference; explicitFileType = wrapper.framework; path = Infrastructure.framework; sourceTree = BUILT_PRODUCTS_DIR; };
		05C1D60A2DB53A4900508FFD /* Presentation.framework */ = {isa = PBXFileReference; explicitFileType = wrapper.framework; path = Presentation.framework; sourceTree = BUILT_PRODUCTS_DIR; };
		BDCA41BD2CF35AC0005EECF6 /* Poppool.app */ = {isa = PBXFileReference; explicitFileType = wrapper.application; includeInIndex = 0; path = Poppool.app; sourceTree = BUILT_PRODUCTS_DIR; };
/* End PBXFileReference section */

/* Begin PBXFileSystemSynchronizedBuildFileExceptionSet section */
		05878B6F2DAD2E10004F81E2 /* PBXFileSystemSynchronizedBuildFileExceptionSet */ = {
			isa = PBXFileSystemSynchronizedBuildFileExceptionSet;
			membershipExceptions = (
				/Localized/Resource/LaunchScreen.storyboard,
				Resource/Debug.xcconfig,
				Resource/Info.plist,
			);
			target = BDCA41BC2CF35AC0005EECF6 /* Poppool */;
		};
/* End PBXFileSystemSynchronizedBuildFileExceptionSet section */

/* Begin PBXFileSystemSynchronizedGroupBuildPhaseMembershipExceptionSet section */
		05878B702DAD2E10004F81E2 /* PBXFileSystemSynchronizedGroupBuildPhaseMembershipExceptionSet */ = {
			isa = PBXFileSystemSynchronizedGroupBuildPhaseMembershipExceptionSet;
			buildPhase = BDCA41BB2CF35AC0005EECF6 /* Resources */;
			membershipExceptions = (
				Resource/Base.lproj/LaunchScreen.storyboard,
			);
		};
/* End PBXFileSystemSynchronizedGroupBuildPhaseMembershipExceptionSet section */

/* Begin PBXFileSystemSynchronizedRootGroup section */
		058789AD2DAD2E10004F81E2 /* Poppool */ = {isa = PBXFileSystemSynchronizedRootGroup; exceptions = (05878B6F2DAD2E10004F81E2 /* PBXFileSystemSynchronizedBuildFileExceptionSet */, 05878B702DAD2E10004F81E2 /* PBXFileSystemSynchronizedGroupBuildPhaseMembershipExceptionSet */, ); explicitFileTypes = {}; explicitFolders = (); path = Poppool; sourceTree = "<group>"; };
/* End PBXFileSystemSynchronizedRootGroup section */

/* Begin PBXFrameworksBuildPhase section */
		BDCA41BA2CF35AC0005EECF6 /* Frameworks */ = {
			isa = PBXFrameworksBuildPhase;
			buildActionMask = 2147483647;
			files = (
				BDCA41F82CF35D9A005EECF6 /* RxSwift in Frameworks */,
				05C1D60F2DB53A4900508FFD /* Infrastructure.framework in Frameworks */,
				BDCA420D2CF35FD2005EECF6 /* RxGesture in Frameworks */,
				BDCA42072CF35FA6005EECF6 /* Tabman in Frameworks */,
				BDCA42042CF35F76005EECF6 /* PanModal in Frameworks */,
				082197A12D426DCB0054094A /* Then in Frameworks */,
				4E15142E2D994A3A00DFD08F /* KakaoSDKAuth in Frameworks */,
				05C1D60D2DB53A4900508FFD /* Domain.framework in Frameworks */,
				083A25D02CF364B70099B58E /* Alamofire in Frameworks */,
				4E1514302D994A3A00DFD08F /* KakaoSDKCommon in Frameworks */,
				05C1D6112DB53A4900508FFD /* Presentation.framework in Frameworks */,
				05C1D60B2DB53A4900508FFD /* Data.framework in Frameworks */,
				BDCA42102CF35FF5005EECF6 /* Lottie in Frameworks */,
				BDCA41FE2CF35EE7005EECF6 /* ReactorKit in Frameworks */,
				BDCA41F22CF35D0D005EECF6 /* SnapKit in Frameworks */,
				BDCA420A2CF35FB1005EECF6 /* Pageboy in Frameworks */,
				4E5825672D1951DF00EE83EF /* FloatingPanel in Frameworks */,
				4EA9989D2D21C404009DC30B /* RxDataSources in Frameworks */,
				4EE360FD2D91876300D2441D /* NMapsMap in Frameworks */,
				BDCA42012CF35EFE005EECF6 /* RxKeyboard in Frameworks */,
				4E15142A2D99480200DFD08F /* NMapsMap in Frameworks */,
				088DE2442D104EE70030FA9E /* SwiftSoup in Frameworks */,
				4E15142C2D994A3A00DFD08F /* KakaoSDK in Frameworks */,
			);
			runOnlyForDeploymentPostprocessing = 0;
		};
/* End PBXFrameworksBuildPhase section */

/* Begin PBXGroup section */
		05C1D6062DB53A4900508FFD /* Frameworks */ = {
			isa = PBXGroup;
			children = (
				05C1D6072DB53A4900508FFD /* Data.framework */,
				05C1D6082DB53A4900508FFD /* Domain.framework */,
				05C1D6092DB53A4900508FFD /* Infrastructure.framework */,
				05C1D60A2DB53A4900508FFD /* Presentation.framework */,
			);
			name = Frameworks;
			sourceTree = "<group>";
		};
		BDCA41B42CF35AC0005EECF6 = {
			isa = PBXGroup;
			children = (
				05229DD02D99519200D88E73 /* .swiftlint.yml */,
				058789AD2DAD2E10004F81E2 /* Poppool */,
				05C1D6062DB53A4900508FFD /* Frameworks */,
				BDCA41BE2CF35AC0005EECF6 /* Products */,
			);
			sourceTree = "<group>";
		};
		BDCA41BE2CF35AC0005EECF6 /* Products */ = {
			isa = PBXGroup;
			children = (
				BDCA41BD2CF35AC0005EECF6 /* Poppool.app */,
			);
			name = Products;
			sourceTree = "<group>";
		};
/* End PBXGroup section */

/* Begin PBXNativeTarget section */
		BDCA41BC2CF35AC0005EECF6 /* Poppool */ = {
			isa = PBXNativeTarget;
			buildConfigurationList = BDCA41E72CF35AC2005EECF6 /* Build configuration list for PBXNativeTarget "Poppool" */;
			buildPhases = (
				05229DCF2D99507C00D88E73 /* Run SwiftLint */,
				BDCA41B92CF35AC0005EECF6 /* Sources */,
				BDCA41BA2CF35AC0005EECF6 /* Frameworks */,
				BDCA41BB2CF35AC0005EECF6 /* Resources */,
				05C1D6132DB53A4900508FFD /* Embed Frameworks */,
			);
			buildRules = (
			);
			dependencies = (
			);
			fileSystemSynchronizedGroups = (
				058789AD2DAD2E10004F81E2 /* Poppool */,
			);
			name = Poppool;
			packageProductDependencies = (
				BDCA41F12CF35D0D005EECF6 /* SnapKit */,
				BDCA41F72CF35D9A005EECF6 /* RxSwift */,
				BDCA41FD2CF35EE7005EECF6 /* ReactorKit */,
				BDCA42002CF35EFE005EECF6 /* RxKeyboard */,
				BDCA42032CF35F76005EECF6 /* PanModal */,
				BDCA42062CF35FA6005EECF6 /* Tabman */,
				BDCA42092CF35FB1005EECF6 /* Pageboy */,
				BDCA420C2CF35FD2005EECF6 /* RxGesture */,
				BDCA420F2CF35FF5005EECF6 /* Lottie */,
				083A25CF2CF364B70099B58E /* Alamofire */,
				088DE2432D104EE70030FA9E /* SwiftSoup */,
				4E5825662D1951DF00EE83EF /* FloatingPanel */,
				4EA9989C2D21C404009DC30B /* RxDataSources */,
				082197A02D426DCB0054094A /* Then */,
				4E1514292D99480200DFD08F /* NMapsMap */,
				4E15142B2D994A3A00DFD08F /* KakaoSDK */,
				4E15142D2D994A3A00DFD08F /* KakaoSDKAuth */,
				4E15142F2D994A3A00DFD08F /* KakaoSDKCommon */,
			);
			productName = Poppool;
			productReference = BDCA41BD2CF35AC0005EECF6 /* Poppool.app */;
			productType = "com.apple.product-type.application";
		};
/* End PBXNativeTarget section */

/* Begin PBXProject section */
		BDCA41B52CF35AC0005EECF6 /* Project object */ = {
			isa = PBXProject;
			attributes = {
				BuildIndependentTargetsInParallel = 1;
				LastSwiftUpdateCheck = 1540;
				LastUpgradeCheck = 1620;
				TargetAttributes = {
					BDCA41BC2CF35AC0005EECF6 = {
						CreatedOnToolsVersion = 15.4;
					};
				};
			};
			buildConfigurationList = BDCA41B82CF35AC0005EECF6 /* Build configuration list for PBXProject "Poppool" */;
			developmentRegion = ko;
			hasScannedForEncodings = 0;
			knownRegions = (
				Base,
				ko,
			);
			mainGroup = BDCA41B42CF35AC0005EECF6;
			packageReferences = (
				BDCA41F02CF35D0D005EECF6 /* XCRemoteSwiftPackageReference "SnapKit" */,
				BDCA41F62CF35D9A005EECF6 /* XCRemoteSwiftPackageReference "RxSwift" */,
				BDCA41FC2CF35EE7005EECF6 /* XCRemoteSwiftPackageReference "ReactorKit" */,
				BDCA41FF2CF35EFE005EECF6 /* XCRemoteSwiftPackageReference "RxKeyboard" */,
				BDCA42022CF35F76005EECF6 /* XCRemoteSwiftPackageReference "PanModal" */,
				BDCA42052CF35FA6005EECF6 /* XCRemoteSwiftPackageReference "Tabman" */,
				BDCA42082CF35FB1005EECF6 /* XCRemoteSwiftPackageReference "Pageboy" */,
				BDCA420B2CF35FD2005EECF6 /* XCRemoteSwiftPackageReference "RxGesture" */,
				BDCA420E2CF35FF5005EECF6 /* XCRemoteSwiftPackageReference "lottie-spm" */,
				083A25CE2CF364B70099B58E /* XCRemoteSwiftPackageReference "Alamofire" */,
				088DE2422D104EE70030FA9E /* XCRemoteSwiftPackageReference "SwiftSoup" */,
				4E5825652D1951DF00EE83EF /* XCRemoteSwiftPackageReference "FloatingPanel" */,
				4EA9989B2D21C404009DC30B /* XCRemoteSwiftPackageReference "RxDataSources" */,
				0821979F2D426DCB0054094A /* XCRemoteSwiftPackageReference "Then" */,
				08F403312D884F4D00BFA61A /* XCRemoteSwiftPackageReference "kakao-ios-sdk" */,
				4E1514282D99480200DFD08F /* XCRemoteSwiftPackageReference "SPM-NMapsMap" */,
			);
			preferredProjectObjectVersion = 56;
			productRefGroup = BDCA41BE2CF35AC0005EECF6 /* Products */;
			projectDirPath = "";
			projectRoot = "";
			targets = (
				BDCA41BC2CF35AC0005EECF6 /* Poppool */,
			);
		};
/* End PBXProject section */

/* Begin PBXResourcesBuildPhase section */
		BDCA41BB2CF35AC0005EECF6 /* Resources */ = {
			isa = PBXResourcesBuildPhase;
			buildActionMask = 2147483647;
			files = (
			);
			runOnlyForDeploymentPostprocessing = 0;
		};
/* End PBXResourcesBuildPhase section */

/* Begin PBXShellScriptBuildPhase section */
		05229DCF2D99507C00D88E73 /* Run SwiftLint */ = {
			isa = PBXShellScriptBuildPhase;
			alwaysOutOfDate = 1;
			buildActionMask = 2147483647;
			files = (
			);
			inputFileListPaths = (
			);
			inputPaths = (
			);
			name = "Run SwiftLint";
			outputFileListPaths = (
			);
			outputPaths = (
			);
			runOnlyForDeploymentPostprocessing = 0;
			shellPath = /bin/sh;
			shellScript = "if [[ \"$(uname -m)\" == arm64 ]]; then\n    export PATH=\"/opt/homebrew/bin:$PATH\"\nfi\n\nif which swiftlint > /dev/null; then\n  swiftlint\nelse\n  echo \"warning: SwiftLint not installed, download from https://github.com/realm/SwiftLint\"\nfi\n";
		};
/* End PBXShellScriptBuildPhase section */

/* Begin PBXSourcesBuildPhase section */
		BDCA41B92CF35AC0005EECF6 /* Sources */ = {
			isa = PBXSourcesBuildPhase;
			buildActionMask = 2147483647;
			files = (
			);
			runOnlyForDeploymentPostprocessing = 0;
		};
/* End PBXSourcesBuildPhase section */

/* Begin XCBuildConfiguration section */
		BDCA41E52CF35AC2005EECF6 /* Debug */ = {
			isa = XCBuildConfiguration;
			buildSettings = {
				ALWAYS_SEARCH_USER_PATHS = NO;
				ASSETCATALOG_COMPILER_GENERATE_SWIFT_ASSET_SYMBOL_EXTENSIONS = YES;
				CLANG_ANALYZER_LOCALIZABILITY_NONLOCALIZED = YES;
				CLANG_ANALYZER_NONNULL = YES;
				CLANG_ANALYZER_NUMBER_OBJECT_CONVERSION = YES_AGGRESSIVE;
				CLANG_CXX_LANGUAGE_STANDARD = "gnu++20";
				CLANG_ENABLE_MODULES = YES;
				CLANG_ENABLE_OBJC_ARC = YES;
				CLANG_ENABLE_OBJC_WEAK = YES;
				CLANG_WARN_BLOCK_CAPTURE_AUTORELEASING = YES;
				CLANG_WARN_BOOL_CONVERSION = YES;
				CLANG_WARN_COMMA = YES;
				CLANG_WARN_CONSTANT_CONVERSION = YES;
				CLANG_WARN_DEPRECATED_OBJC_IMPLEMENTATIONS = YES;
				CLANG_WARN_DIRECT_OBJC_ISA_USAGE = YES_ERROR;
				CLANG_WARN_DOCUMENTATION_COMMENTS = YES;
				CLANG_WARN_EMPTY_BODY = YES;
				CLANG_WARN_ENUM_CONVERSION = YES;
				CLANG_WARN_INFINITE_RECURSION = YES;
				CLANG_WARN_INT_CONVERSION = YES;
				CLANG_WARN_NON_LITERAL_NULL_CONVERSION = YES;
				CLANG_WARN_OBJC_IMPLICIT_RETAIN_SELF = YES;
				CLANG_WARN_OBJC_LITERAL_CONVERSION = YES;
				CLANG_WARN_OBJC_ROOT_CLASS = YES_ERROR;
				CLANG_WARN_QUOTED_INCLUDE_IN_FRAMEWORK_HEADER = YES;
				CLANG_WARN_RANGE_LOOP_ANALYSIS = YES;
				CLANG_WARN_STRICT_PROTOTYPES = YES;
				CLANG_WARN_SUSPICIOUS_MOVE = YES;
				CLANG_WARN_UNGUARDED_AVAILABILITY = YES_AGGRESSIVE;
				CLANG_WARN_UNREACHABLE_CODE = YES;
				CLANG_WARN__DUPLICATE_METHOD_MATCH = YES;
				COPY_PHASE_STRIP = NO;
				DEBUG_INFORMATION_FORMAT = dwarf;
				ENABLE_STRICT_OBJC_MSGSEND = YES;
				ENABLE_TESTABILITY = YES;
				ENABLE_USER_SCRIPT_SANDBOXING = YES;
				GCC_C_LANGUAGE_STANDARD = gnu17;
				GCC_DYNAMIC_NO_PIC = NO;
				GCC_NO_COMMON_BLOCKS = YES;
				GCC_OPTIMIZATION_LEVEL = 0;
				GCC_PREPROCESSOR_DEFINITIONS = (
					"DEBUG=1",
					"$(inherited)",
				);
				GCC_WARN_64_TO_32_BIT_CONVERSION = YES;
				GCC_WARN_ABOUT_RETURN_TYPE = YES_ERROR;
				GCC_WARN_UNDECLARED_SELECTOR = YES;
				GCC_WARN_UNINITIALIZED_AUTOS = YES_AGGRESSIVE;
				GCC_WARN_UNUSED_FUNCTION = YES;
				GCC_WARN_UNUSED_VARIABLE = YES;
				IPHONEOS_DEPLOYMENT_TARGET = 15.0;
				LOCALIZATION_PREFERS_STRING_CATALOGS = YES;
				MTL_ENABLE_DEBUG_INFO = INCLUDE_SOURCE;
				MTL_FAST_MATH = YES;
				ONLY_ACTIVE_ARCH = YES;
				SDKROOT = iphoneos;
				SWIFT_ACTIVE_COMPILATION_CONDITIONS = "DEBUG $(inherited)";
				SWIFT_OPTIMIZATION_LEVEL = "-Onone";
			};
			name = Debug;
		};
		BDCA41E62CF35AC2005EECF6 /* Release */ = {
			isa = XCBuildConfiguration;
			buildSettings = {
				ALWAYS_SEARCH_USER_PATHS = NO;
				ASSETCATALOG_COMPILER_GENERATE_SWIFT_ASSET_SYMBOL_EXTENSIONS = YES;
				CLANG_ANALYZER_LOCALIZABILITY_NONLOCALIZED = YES;
				CLANG_ANALYZER_NONNULL = YES;
				CLANG_ANALYZER_NUMBER_OBJECT_CONVERSION = YES_AGGRESSIVE;
				CLANG_CXX_LANGUAGE_STANDARD = "gnu++20";
				CLANG_ENABLE_MODULES = YES;
				CLANG_ENABLE_OBJC_ARC = YES;
				CLANG_ENABLE_OBJC_WEAK = YES;
				CLANG_WARN_BLOCK_CAPTURE_AUTORELEASING = YES;
				CLANG_WARN_BOOL_CONVERSION = YES;
				CLANG_WARN_COMMA = YES;
				CLANG_WARN_CONSTANT_CONVERSION = YES;
				CLANG_WARN_DEPRECATED_OBJC_IMPLEMENTATIONS = YES;
				CLANG_WARN_DIRECT_OBJC_ISA_USAGE = YES_ERROR;
				CLANG_WARN_DOCUMENTATION_COMMENTS = YES;
				CLANG_WARN_EMPTY_BODY = YES;
				CLANG_WARN_ENUM_CONVERSION = YES;
				CLANG_WARN_INFINITE_RECURSION = YES;
				CLANG_WARN_INT_CONVERSION = YES;
				CLANG_WARN_NON_LITERAL_NULL_CONVERSION = YES;
				CLANG_WARN_OBJC_IMPLICIT_RETAIN_SELF = YES;
				CLANG_WARN_OBJC_LITERAL_CONVERSION = YES;
				CLANG_WARN_OBJC_ROOT_CLASS = YES_ERROR;
				CLANG_WARN_QUOTED_INCLUDE_IN_FRAMEWORK_HEADER = YES;
				CLANG_WARN_RANGE_LOOP_ANALYSIS = YES;
				CLANG_WARN_STRICT_PROTOTYPES = YES;
				CLANG_WARN_SUSPICIOUS_MOVE = YES;
				CLANG_WARN_UNGUARDED_AVAILABILITY = YES_AGGRESSIVE;
				CLANG_WARN_UNREACHABLE_CODE = YES;
				CLANG_WARN__DUPLICATE_METHOD_MATCH = YES;
				CODE_SIGN_IDENTITY = "Apple Distribution";
				COPY_PHASE_STRIP = NO;
				DEBUG_INFORMATION_FORMAT = "dwarf-with-dsym";
				ENABLE_NS_ASSERTIONS = NO;
				ENABLE_STRICT_OBJC_MSGSEND = YES;
				ENABLE_USER_SCRIPT_SANDBOXING = YES;
				GCC_C_LANGUAGE_STANDARD = gnu17;
				GCC_NO_COMMON_BLOCKS = YES;
				GCC_WARN_64_TO_32_BIT_CONVERSION = YES;
				GCC_WARN_ABOUT_RETURN_TYPE = YES_ERROR;
				GCC_WARN_UNDECLARED_SELECTOR = YES;
				GCC_WARN_UNINITIALIZED_AUTOS = YES_AGGRESSIVE;
				GCC_WARN_UNUSED_FUNCTION = YES;
				GCC_WARN_UNUSED_VARIABLE = YES;
				IPHONEOS_DEPLOYMENT_TARGET = 15.0;
				LOCALIZATION_PREFERS_STRING_CATALOGS = YES;
				MTL_ENABLE_DEBUG_INFO = NO;
				MTL_FAST_MATH = YES;
				SDKROOT = iphoneos;
				SWIFT_COMPILATION_MODE = wholemodule;
				VALIDATE_PRODUCT = YES;
			};
			name = Release;
		};
		BDCA41E82CF35AC2005EECF6 /* Debug */ = {
			isa = XCBuildConfiguration;
			baseConfigurationReferenceAnchor = 058789AD2DAD2E10004F81E2 /* Poppool */;
			baseConfigurationReferenceRelativePath = Resource/Debug.xcconfig;
			buildSettings = {
				ASSETCATALOG_COMPILER_APPICON_NAME = AppIcon;
				ASSETCATALOG_COMPILER_GLOBAL_ACCENT_COLOR_NAME = AccentColor;
				CODE_SIGN_ENTITLEMENTS = Poppool/Resource/Poppool.entitlements;
				"CODE_SIGN_IDENTITY[sdk=iphoneos*]" = "iPhone Developer";
				CODE_SIGN_STYLE = Manual;
				CURRENT_PROJECT_VERSION = 1;
				DEVELOPMENT_TEAM = "";
				"DEVELOPMENT_TEAM[sdk=iphoneos*]" = W5QTRMS954;
				ENABLE_USER_SCRIPT_SANDBOXING = NO;
				GENERATE_INFOPLIST_FILE = YES;
				INFOPLIST_FILE = Poppool/Resource/Info.plist;
				INFOPLIST_KEY_NSCameraUsageDescription = "사용자가 프로필 사진을 업로드하거나 댓글에 사진을 추가할 수 있도록 카메라를 사용합니다.";
				INFOPLIST_KEY_NSLocationWhenInUseUsageDescription = "사용자의 현재 위치를 기반으로 주변 게시글을 추천하는 데 사용됩니다.";
				INFOPLIST_KEY_NSPhotoLibraryUsageDescription = "사용자가 프로필 사진을 업로드하거나 댓글에 사진을 추가할 수 있도록 사진라이브러리에 접근합니다.";
				INFOPLIST_KEY_UIApplicationSupportsIndirectInputEvents = YES;
				INFOPLIST_KEY_UILaunchStoryboardName = LaunchScreen;
				INFOPLIST_KEY_UIStatusBarStyle = "";
				INFOPLIST_KEY_UISupportedInterfaceOrientations = UIInterfaceOrientationPortrait;
				INFOPLIST_KEY_UISupportedInterfaceOrientations_iPad = "UIInterfaceOrientationLandscapeRight UIInterfaceOrientationPortrait";
				INFOPLIST_KEY_UIUserInterfaceStyle = Light;
				IPHONEOS_DEPLOYMENT_TARGET = 16.0;
				LD_RUNPATH_SEARCH_PATHS = (
					"$(inherited)",
					"@executable_path/Frameworks",
				);
				MARKETING_VERSION = 1.0.1;
				PRODUCT_BUNDLE_IDENTIFIER = com.poppoolIOS.poppool;
				PRODUCT_NAME = "$(TARGET_NAME)";
				PROVISIONING_PROFILE_SPECIFIER = "";
				"PROVISIONING_PROFILE_SPECIFIER[sdk=iphoneos*]" = poppoolProvisioningProfile;
				SUPPORTED_PLATFORMS = "iphoneos iphonesimulator";
				SUPPORTS_MACCATALYST = NO;
				SUPPORTS_MAC_DESIGNED_FOR_IPHONE_IPAD = NO;
				SUPPORTS_XR_DESIGNED_FOR_IPHONE_IPAD = NO;
				SWIFT_EMIT_LOC_STRINGS = YES;
				SWIFT_VERSION = 5.0;
				TARGETED_DEVICE_FAMILY = 1;
				VERSIONING_SYSTEM = "apple-generic";
			};
			name = Debug;
		};
		BDCA41E92CF35AC2005EECF6 /* Release */ = {
			isa = XCBuildConfiguration;
			baseConfigurationReferenceAnchor = 058789AD2DAD2E10004F81E2 /* Poppool */;
			baseConfigurationReferenceRelativePath = Resource/Debug.xcconfig;
			buildSettings = {
				ASSETCATALOG_COMPILER_APPICON_NAME = AppIcon;
				ASSETCATALOG_COMPILER_GLOBAL_ACCENT_COLOR_NAME = AccentColor;
				CODE_SIGN_ENTITLEMENTS = Poppool/Resource/Poppool.entitlements;
				"CODE_SIGN_IDENTITY[sdk=iphoneos*]" = "iPhone Developer";
				CODE_SIGN_STYLE = Manual;
				CURRENT_PROJECT_VERSION = 1;
				DEVELOPMENT_TEAM = "";
				"DEVELOPMENT_TEAM[sdk=iphoneos*]" = W5QTRMS954;
				ENABLE_USER_SCRIPT_SANDBOXING = NO;
				GENERATE_INFOPLIST_FILE = YES;
				INFOPLIST_FILE = Poppool/Resource/Info.plist;
				INFOPLIST_KEY_NSCameraUsageDescription = "사용자가 프로필 사진을 업로드하거나 댓글에 사진을 추가할 수 있도록 카메라를 사용합니다.";
				INFOPLIST_KEY_NSLocationWhenInUseUsageDescription = "사용자의 현재 위치를 기반으로 주변 게시글을 추천하는 데 사용됩니다.";
				INFOPLIST_KEY_NSPhotoLibraryUsageDescription = "사용자가 프로필 사진을 업로드하거나 댓글에 사진을 추가할 수 있도록 사진라이브러리에 접근합니다.";
				INFOPLIST_KEY_UIApplicationSupportsIndirectInputEvents = YES;
				INFOPLIST_KEY_UILaunchStoryboardName = LaunchScreen;
				INFOPLIST_KEY_UIStatusBarStyle = "";
				INFOPLIST_KEY_UISupportedInterfaceOrientations = UIInterfaceOrientationPortrait;
				INFOPLIST_KEY_UISupportedInterfaceOrientations_iPad = "UIInterfaceOrientationLandscapeRight UIInterfaceOrientationPortrait";
				INFOPLIST_KEY_UIUserInterfaceStyle = Light;
				IPHONEOS_DEPLOYMENT_TARGET = 16.0;
				LD_RUNPATH_SEARCH_PATHS = (
					"$(inherited)",
					"@executable_path/Frameworks",
				);
				MARKETING_VERSION = 1.0.1;
				PRODUCT_BUNDLE_IDENTIFIER = com.poppoolIOS.poppool;
				PRODUCT_NAME = "$(TARGET_NAME)";
				PROVISIONING_PROFILE_SPECIFIER = "";
				"PROVISIONING_PROFILE_SPECIFIER[sdk=iphoneos*]" = poppoolProvisioningProfile;
				SUPPORTED_PLATFORMS = "iphoneos iphonesimulator";
				SUPPORTS_MACCATALYST = NO;
				SUPPORTS_MAC_DESIGNED_FOR_IPHONE_IPAD = NO;
				SUPPORTS_XR_DESIGNED_FOR_IPHONE_IPAD = NO;
				SWIFT_EMIT_LOC_STRINGS = YES;
				SWIFT_VERSION = 5.0;
				TARGETED_DEVICE_FAMILY = 1;
				VERSIONING_SYSTEM = "apple-generic";
			};
			name = Release;
		};
/* End XCBuildConfiguration section */

/* Begin XCConfigurationList section */
		BDCA41B82CF35AC0005EECF6 /* Build configuration list for PBXProject "Poppool" */ = {
			isa = XCConfigurationList;
			buildConfigurations = (
				BDCA41E52CF35AC2005EECF6 /* Debug */,
				BDCA41E62CF35AC2005EECF6 /* Release */,
			);
			defaultConfigurationIsVisible = 0;
			defaultConfigurationName = Release;
		};
		BDCA41E72CF35AC2005EECF6 /* Build configuration list for PBXNativeTarget "Poppool" */ = {
			isa = XCConfigurationList;
			buildConfigurations = (
				BDCA41E82CF35AC2005EECF6 /* Debug */,
				BDCA41E92CF35AC2005EECF6 /* Release */,
			);
			defaultConfigurationIsVisible = 0;
			defaultConfigurationName = Release;
		};
/* End XCConfigurationList section */

/* Begin XCRemoteSwiftPackageReference section */
		0821979F2D426DCB0054094A /* XCRemoteSwiftPackageReference "Then" */ = {
			isa = XCRemoteSwiftPackageReference;
			repositoryURL = "https://github.com/devxoul/Then";
			requirement = {
				kind = upToNextMajorVersion;
				minimumVersion = 3.0.0;
			};
		};
		083A25CE2CF364B70099B58E /* XCRemoteSwiftPackageReference "Alamofire" */ = {
			isa = XCRemoteSwiftPackageReference;
			repositoryURL = "https://github.com/Alamofire/Alamofire.git";
			requirement = {
				kind = upToNextMajorVersion;
				minimumVersion = 5.10.1;
			};
		};
		088DE2422D104EE70030FA9E /* XCRemoteSwiftPackageReference "SwiftSoup" */ = {
			isa = XCRemoteSwiftPackageReference;
			repositoryURL = "https://github.com/scinfu/SwiftSoup";
			requirement = {
				kind = upToNextMajorVersion;
				minimumVersion = 2.7.6;
			};
		};
		08F403312D884F4D00BFA61A /* XCRemoteSwiftPackageReference "kakao-ios-sdk" */ = {
			isa = XCRemoteSwiftPackageReference;
			repositoryURL = "https://github.com/kakao/kakao-ios-sdk.git";
			requirement = {
				kind = upToNextMajorVersion;
				minimumVersion = 2.24.0;
			};
		};
		4E1514282D99480200DFD08F /* XCRemoteSwiftPackageReference "SPM-NMapsMap" */ = {
			isa = XCRemoteSwiftPackageReference;
			repositoryURL = "https://github.com/navermaps/SPM-NMapsMap";
			requirement = {
				kind = upToNextMajorVersion;
				minimumVersion = 3.21.0;
			};
		};
		4E5825652D1951DF00EE83EF /* XCRemoteSwiftPackageReference "FloatingPanel" */ = {
			isa = XCRemoteSwiftPackageReference;
			repositoryURL = "https://github.com/scenee/FloatingPanel.git";
			requirement = {
				kind = upToNextMajorVersion;
				minimumVersion = 2.8.6;
			};
		};
		4EA9989B2D21C404009DC30B /* XCRemoteSwiftPackageReference "RxDataSources" */ = {
			isa = XCRemoteSwiftPackageReference;
			repositoryURL = "https://github.com/RxSwiftCommunity/RxDataSources.git";
			requirement = {
				kind = upToNextMajorVersion;
				minimumVersion = 5.0.2;
			};
		};
		4EE360FB2D91876300D2441D /* XCRemoteSwiftPackageReference "SPM-NMapsMap" */ = {
			isa = XCRemoteSwiftPackageReference;
			repositoryURL = "https://github.com/navermaps/SPM-NMapsMap";
			requirement = {
				kind = upToNextMajorVersion;
				minimumVersion = 3.21.0;
			};
		};
		BDCA41F02CF35D0D005EECF6 /* XCRemoteSwiftPackageReference "SnapKit" */ = {
			isa = XCRemoteSwiftPackageReference;
			repositoryURL = "https://github.com/SnapKit/SnapKit.git";
			requirement = {
				kind = upToNextMajorVersion;
				minimumVersion = 5.7.1;
			};
		};
		BDCA41F62CF35D9A005EECF6 /* XCRemoteSwiftPackageReference "RxSwift" */ = {
			isa = XCRemoteSwiftPackageReference;
			repositoryURL = "https://github.com/ReactiveX/RxSwift.git";
			requirement = {
				kind = upToNextMajorVersion;
				minimumVersion = 6.8.0;
			};
		};
		BDCA41FC2CF35EE7005EECF6 /* XCRemoteSwiftPackageReference "ReactorKit" */ = {
			isa = XCRemoteSwiftPackageReference;
			repositoryURL = "https://github.com/ReactorKit/ReactorKit.git";
			requirement = {
				kind = upToNextMajorVersion;
				minimumVersion = 3.2.0;
			};
		};
		BDCA41FF2CF35EFE005EECF6 /* XCRemoteSwiftPackageReference "RxKeyboard" */ = {
			isa = XCRemoteSwiftPackageReference;
			repositoryURL = "https://github.com/RxSwiftCommunity/RxKeyboard.git";
			requirement = {
				kind = upToNextMajorVersion;
				minimumVersion = 2.0.1;
			};
		};
		BDCA42022CF35F76005EECF6 /* XCRemoteSwiftPackageReference "PanModal" */ = {
			isa = XCRemoteSwiftPackageReference;
			repositoryURL = "https://github.com/slackhq/PanModal.git";
			requirement = {
				kind = upToNextMajorVersion;
				minimumVersion = 1.2.7;
			};
		};
		BDCA42052CF35FA6005EECF6 /* XCRemoteSwiftPackageReference "Tabman" */ = {
			isa = XCRemoteSwiftPackageReference;
			repositoryURL = "https://github.com/uias/Tabman.git";
			requirement = {
				kind = upToNextMajorVersion;
				minimumVersion = 3.2.0;
			};
		};
		BDCA42082CF35FB1005EECF6 /* XCRemoteSwiftPackageReference "Pageboy" */ = {
			isa = XCRemoteSwiftPackageReference;
			repositoryURL = "https://github.com/uias/Pageboy.git";
			requirement = {
				kind = upToNextMajorVersion;
				minimumVersion = 4.2.0;
			};
		};
		BDCA420B2CF35FD2005EECF6 /* XCRemoteSwiftPackageReference "RxGesture" */ = {
			isa = XCRemoteSwiftPackageReference;
			repositoryURL = "https://github.com/RxSwiftCommunity/RxGesture.git";
			requirement = {
				kind = upToNextMajorVersion;
				minimumVersion = 4.0.4;
			};
		};
		BDCA420E2CF35FF5005EECF6 /* XCRemoteSwiftPackageReference "lottie-spm" */ = {
			isa = XCRemoteSwiftPackageReference;
			repositoryURL = "https://github.com/airbnb/lottie-spm.git";
			requirement = {
				kind = upToNextMajorVersion;
				minimumVersion = 4.5.0;
			};
		};
/* End XCRemoteSwiftPackageReference section */

/* Begin XCSwiftPackageProductDependency section */
		082197A02D426DCB0054094A /* Then */ = {
			isa = XCSwiftPackageProductDependency;
			package = 0821979F2D426DCB0054094A /* XCRemoteSwiftPackageReference "Then" */;
			productName = Then;
		};
		083A25CF2CF364B70099B58E /* Alamofire */ = {
			isa = XCSwiftPackageProductDependency;
			package = 083A25CE2CF364B70099B58E /* XCRemoteSwiftPackageReference "Alamofire" */;
			productName = Alamofire;
		};
		088DE2432D104EE70030FA9E /* SwiftSoup */ = {
			isa = XCSwiftPackageProductDependency;
			package = 088DE2422D104EE70030FA9E /* XCRemoteSwiftPackageReference "SwiftSoup" */;
			productName = SwiftSoup;
		};
		4E1514292D99480200DFD08F /* NMapsMap */ = {
			isa = XCSwiftPackageProductDependency;
			package = 4E1514282D99480200DFD08F /* XCRemoteSwiftPackageReference "SPM-NMapsMap" */;
			productName = NMapsMap;
		};
		4E15142B2D994A3A00DFD08F /* KakaoSDK */ = {
			isa = XCSwiftPackageProductDependency;
			productName = KakaoSDK;
		};
		4E15142D2D994A3A00DFD08F /* KakaoSDKAuth */ = {
			isa = XCSwiftPackageProductDependency;
			productName = KakaoSDKAuth;
		};
		4E15142F2D994A3A00DFD08F /* KakaoSDKCommon */ = {
			isa = XCSwiftPackageProductDependency;
			productName = KakaoSDKCommon;
		};
		4E5825662D1951DF00EE83EF /* FloatingPanel */ = {
			isa = XCSwiftPackageProductDependency;
			package = 4E5825652D1951DF00EE83EF /* XCRemoteSwiftPackageReference "FloatingPanel" */;
			productName = FloatingPanel;
		};
		4EA9989C2D21C404009DC30B /* RxDataSources */ = {
			isa = XCSwiftPackageProductDependency;
			package = 4EA9989B2D21C404009DC30B /* XCRemoteSwiftPackageReference "RxDataSources" */;
			productName = RxDataSources;
		};
		4EE360FC2D91876300D2441D /* NMapsMap */ = {
			isa = XCSwiftPackageProductDependency;
			package = 4EE360FB2D91876300D2441D /* XCRemoteSwiftPackageReference "SPM-NMapsMap" */;
			productName = NMapsMap;
		};
		BDCA41F12CF35D0D005EECF6 /* SnapKit */ = {
			isa = XCSwiftPackageProductDependency;
			package = BDCA41F02CF35D0D005EECF6 /* XCRemoteSwiftPackageReference "SnapKit" */;
			productName = SnapKit;
		};
		BDCA41F72CF35D9A005EECF6 /* RxSwift */ = {
			isa = XCSwiftPackageProductDependency;
			package = BDCA41F62CF35D9A005EECF6 /* XCRemoteSwiftPackageReference "RxSwift" */;
			productName = RxSwift;
		};
		BDCA41FD2CF35EE7005EECF6 /* ReactorKit */ = {
			isa = XCSwiftPackageProductDependency;
			package = BDCA41FC2CF35EE7005EECF6 /* XCRemoteSwiftPackageReference "ReactorKit" */;
			productName = ReactorKit;
		};
		BDCA42002CF35EFE005EECF6 /* RxKeyboard */ = {
			isa = XCSwiftPackageProductDependency;
			package = BDCA41FF2CF35EFE005EECF6 /* XCRemoteSwiftPackageReference "RxKeyboard" */;
			productName = RxKeyboard;
		};
		BDCA42032CF35F76005EECF6 /* PanModal */ = {
			isa = XCSwiftPackageProductDependency;
			package = BDCA42022CF35F76005EECF6 /* XCRemoteSwiftPackageReference "PanModal" */;
			productName = PanModal;
		};
		BDCA42062CF35FA6005EECF6 /* Tabman */ = {
			isa = XCSwiftPackageProductDependency;
			package = BDCA42052CF35FA6005EECF6 /* XCRemoteSwiftPackageReference "Tabman" */;
			productName = Tabman;
		};
		BDCA42092CF35FB1005EECF6 /* Pageboy */ = {
			isa = XCSwiftPackageProductDependency;
			package = BDCA42082CF35FB1005EECF6 /* XCRemoteSwiftPackageReference "Pageboy" */;
			productName = Pageboy;
		};
		BDCA420C2CF35FD2005EECF6 /* RxGesture */ = {
			isa = XCSwiftPackageProductDependency;
			package = BDCA420B2CF35FD2005EECF6 /* XCRemoteSwiftPackageReference "RxGesture" */;
			productName = RxGesture;
		};
		BDCA420F2CF35FF5005EECF6 /* Lottie */ = {
			isa = XCSwiftPackageProductDependency;
			package = BDCA420E2CF35FF5005EECF6 /* XCRemoteSwiftPackageReference "lottie-spm" */;
			productName = Lottie;
		};
/* End XCSwiftPackageProductDependency section */
	};
	rootObject = BDCA41B52CF35AC0005EECF6 /* Project object */;
}
